# platform: linux-64
# env_hash: df8911898be89e0cb1f2d00f88ecb23c828d0515625d845198e88ff81b72c956
@EXPLICIT
https://conda.anaconda.org/conda-forge/linux-64/_libgcc_mutex-0.1-conda_forge.tar.bz2#d7c89558ba9fa0495403155b64376d81
https://conda.anaconda.org/conda-forge/linux-64/ca-certificates-2020.6.20-hecda079_0.tar.bz2#1b1cca86e95c416a8e7eb6062af6d503
https://conda.anaconda.org/conda-forge/linux-64/ld_impl_linux-64-2.35-h769bd43_9.tar.bz2#e91fb361f3d158f06546dc87cbe55739
https://conda.anaconda.org/conda-forge/linux-64/libgfortran-ng-7.5.0-hdf63c60_16.tar.bz2#d403b27c431064370f9d1b1962f8a86b
https://conda.anaconda.org/conda-forge/linux-64/libstdcxx-ng-9.3.0-hdf63c60_16.tar.bz2#2c7c23cdad4f42f924d19029ef97475c
https://conda.anaconda.org/conda-forge/linux-64/pandoc-2.10.1-h516909a_0.tar.bz2#8101ef00bcd1e337b62807c3671a64ac
https://conda.anaconda.org/conda-forge/linux-64/libgomp-9.3.0-h24d8f2e_16.tar.bz2#48f89ebfddb4ac93e74b0f4ab14c4a13
https://conda.anaconda.org/conda-forge/linux-64/_openmp_mutex-4.5-1_gnu.tar.bz2#561e277319a41d4f24f5c05a9ef63c04
https://conda.anaconda.org/conda-forge/linux-64/libgcc-ng-9.3.0-h24d8f2e_16.tar.bz2#846daf5c2a4dd387047cc5ccc6b9c613
https://conda.anaconda.org/conda-forge/linux-64/blosc-1.20.1-he1b5a44_0.tar.bz2#59cf9720a5d65aef2f7c99335a79d89e
https://conda.anaconda.org/conda-forge/linux-64/brotli-1.0.9-he1b5a44_0.tar.bz2#71a562ace33cec4d25e07f9f60b14271
https://conda.anaconda.org/conda-forge/linux-64/bzip2-1.0.8-h516909a_3.tar.bz2#a05ea3fc1a51cf629bd49b481f729ebd
https://conda.anaconda.org/conda-forge/linux-64/c-ares-1.16.1-h516909a_3.tar.bz2#8d0f54b0a09bb496dea3f8dae0c551e4
https://conda.anaconda.org/conda-forge/linux-64/charls-2.1.0-he1b5a44_2.tar.bz2#49ad87923a04dd756f259d3f9ee955cf
https://conda.anaconda.org/conda-forge/linux-64/expat-2.2.9-he1b5a44_2.tar.bz2#285f5b5ca3209d492224935affd00aab
https://conda.anaconda.org/conda-forge/linux-64/firefox-78.3.0esr-he1b5a44_0.tar.bz2#6ca152ad004c987153dd83a25cdf67ba
https://conda.anaconda.org/conda-forge/linux-64/geckodriver-0.27.0-he1b5a44_0.tar.bz2#99086e89f703f7da14c59e1853f8ca2b
https://conda.anaconda.org/conda-forge/linux-64/giflib-5.2.1-h516909a_2.tar.bz2#70d777f83639cc2c05334b59a6dc9159
https://conda.anaconda.org/conda-forge/linux-64/icu-67.1-he1b5a44_0.tar.bz2#7ced6a5e5c94726af797d2b5a2b09228
https://conda.anaconda.org/conda-forge/linux-64/jpeg-9d-h516909a_0.tar.bz2#aa82d2e6e1fa196bf4addd7ebc71a807
https://conda.anaconda.org/conda-forge/linux-64/jxrlib-1.1-h516909a_2.tar.bz2#d999c4f5609fc17baf2caf61e9866d23
https://conda.anaconda.org/conda-forge/linux-64/lerc-2.2-he1b5a44_0.tar.bz2#16e2b6c40c90b14e03dd697996acfa80
https://conda.anaconda.org/conda-forge/linux-64/libaec-1.0.4-he1b5a44_1.tar.bz2#ef627970549f6ebd28e4f81d437280a5
https://conda.anaconda.org/conda-forge/linux-64/libev-4.33-h516909a_1.tar.bz2#6f8720dff19e17ce5d48cfe7f3d2f0a3
https://conda.anaconda.org/conda-forge/linux-64/libffi-3.2.1-he1b5a44_1007.tar.bz2#11389072d7d6036fd811c3d9460475cd
https://conda.anaconda.org/conda-forge/linux-64/libiconv-1.16-h516909a_0.tar.bz2#5c0f338a513a2943c659ae619fca9211
https://conda.anaconda.org/conda-forge/linux-64/libopenblas-0.3.10-pthreads_hb3c22a3_4.tar.bz2#8e3914247353e97a184909dbee132bfb
https://conda.anaconda.org/conda-forge/linux-64/libsodium-1.0.18-h516909a_0.tar.bz2#3475e9e7c8c9ead7f75c70b7703cb100
https://conda.anaconda.org/conda-forge/linux-64/libuv-1.39.0-h516909a_0.tar.bz2#04cc629a75f9bb0ecef9908ae2eac322
https://conda.anaconda.org/conda-forge/linux-64/libwebp-base-1.1.0-h516909a_3.tar.bz2#3d543511584978d6e22b6c194ae3b81e
https://conda.anaconda.org/conda-forge/linux-64/libzopfli-1.0.3-he1b5a44_0.tar.bz2#8728700e3541000fe61682f3869bf4a1
https://conda.anaconda.org/conda-forge/linux-64/lz4-c-1.9.2-he1b5a44_3.tar.bz2#b2e54aad8640e7a877d2280d3ebfe85b
https://conda.anaconda.org/conda-forge/linux-64/ncurses-6.2-he1b5a44_1.tar.bz2#d3da4932f3d8e6b3c81fcf177d1e6eab
https://conda.anaconda.org/conda-forge/linux-64/openssl-1.1.1h-h516909a_0.tar.bz2#3a99e0cb8f325dbf8f616da2d2fb6d4f
https://conda.anaconda.org/conda-forge/linux-64/pcre-8.44-he1b5a44_0.tar.bz2#e647d89cd5cdf62760cf283a001841ff
https://conda.anaconda.org/conda-forge/linux-64/perl-5.26.2-h516909a_1006.tar.bz2#7159f7a31fb4176bac015a35ca8f199f
https://conda.anaconda.org/conda-forge/linux-64/snappy-1.1.8-he1b5a44_3.tar.bz2#83f1dc295c711bdbaf97e1f3bedf2f52
https://conda.anaconda.org/conda-forge/linux-64/tbb-2020.2-hc9558a2_0.tar.bz2#5abf234a5bb22cfba027671f133faa60
https://conda.anaconda.org/conda-forge/linux-64/xz-5.2.5-h516909a_1.tar.bz2#33f601066901f3e1a85af3522a8113f9
https://conda.anaconda.org/conda-forge/linux-64/yaml-0.2.5-h516909a_0.tar.bz2#03a530e925414902547cf48da7756db8
https://conda.anaconda.org/conda-forge/linux-64/zfp-0.5.5-he1b5a44_1.tar.bz2#9fae22533ff72f2b0cca82e94346436a
https://conda.anaconda.org/conda-forge/linux-64/zlib-1.2.11-h516909a_1009.tar.bz2#93486907c6757170a5125198506d9cf8
https://conda.anaconda.org/conda-forge/linux-64/brunsli-0.1-he1b5a44_0.tar.bz2#dfe90ac884239888c8c34b5017871387
https://conda.anaconda.org/conda-forge/linux-64/gettext-0.19.8.1-hc5be6a0_1002.tar.bz2#8c2f1de42f9eec059418f3083f03cabc
https://conda.anaconda.org/conda-forge/linux-64/libblas-3.8.0-17_openblas.tar.bz2#fdd1790e564778bf0c616e639badfe58
https://conda.anaconda.org/conda-forge/linux-64/libedit-3.1.20191231-he28a2e2_2.tar.bz2#4d331e44109e3f0e19b4cb8f9b82f3e1
https://conda.anaconda.org/conda-forge/linux-64/libllvm10-10.0.1-he513fc3_3.tar.bz2#b1c57947b2a9231e0cd037ab0ed96b5d
https://conda.anaconda.org/conda-forge/linux-64/libnghttp2-1.41.0-h8cfc5f6_2.tar.bz2#726ca0fed4bde95b056ef26df1efaf60
https://conda.anaconda.org/conda-forge/linux-64/libpng-1.6.37-hed695b0_2.tar.bz2#5685fb1f2e761545e9f5ea34411efd98
https://conda.anaconda.org/conda-forge/linux-64/libssh2-1.9.0-hab1572f_5.tar.bz2#18aaa1bd2238ae2b5e89591046973123
https://conda.anaconda.org/conda-forge/linux-64/libxml2-2.9.10-h68273f3_2.tar.bz2#0315cae0468a1e17f1e7fad5b13d53f8
https://conda.anaconda.org/conda-forge/linux-64/nodejs-14.11.0-h568c755_0.tar.bz2#d1d0852d3fd2f3518159b364efe1b267
https://conda.anaconda.org/conda-forge/linux-64/readline-8.0-he28a2e2_2.tar.bz2#4d0ae8d473f863696088f76800ef9d38
https://conda.anaconda.org/conda-forge/linux-64/tk-8.6.10-hed695b0_0.tar.bz2#9a3e126468fa7fb6a54caad41b5a2d45
https://conda.anaconda.org/conda-forge/linux-64/zeromq-4.3.2-he1b5a44_3.tar.bz2#d9e734dd2b3da4e4380c9c98e6a78b40
https://conda.anaconda.org/conda-forge/linux-64/zstd-1.4.5-h6597ccf_2.tar.bz2#d60d50f369d40f9787878cdd866fc9d3
https://conda.anaconda.org/conda-forge/linux-64/freetype-2.10.2-he06d7ca_0.tar.bz2#520fb55b5f6e29179499000b8107fe0a
https://conda.anaconda.org/conda-forge/linux-64/krb5-1.17.1-hfafb76e_3.tar.bz2#b9c0993124fbf5f4ccf37fd00d6a3705
https://conda.anaconda.org/conda-forge/linux-64/libcblas-3.8.0-17_openblas.tar.bz2#28f6376d1c4ca5e0fc287fb0484e37a1
https://conda.anaconda.org/conda-forge/linux-64/liblapack-3.8.0-17_openblas.tar.bz2#09cfbcdb4888dc9010b4cbc60e55c6ad
https://conda.anaconda.org/conda-forge/linux-64/libtiff-4.1.0-hc7e4089_6.tar.bz2#fa73bbe576ceb0c200a232c7956d8661
https://conda.anaconda.org/conda-forge/linux-64/libxslt-1.1.33-h572872d_1.tar.bz2#78df410dfcf5720c7eefa95cd6aa43bc
https://conda.anaconda.org/conda-forge/linux-64/sqlite-3.33.0-h4cf870e_0.tar.bz2#b22603a9c94d2cda5911f7a2cd55aa95
https://conda.anaconda.org/conda-forge/linux-64/fossil-2.12-h44ee6ac_0.tar.bz2#b66f8af2b261115591b92eff142c42fa
https://conda.anaconda.org/conda-forge/linux-64/lcms2-2.11-hbd6801e_0.tar.bz2#92df66bf0087c1275e03edc8ab45a9b8
https://conda.anaconda.org/conda-forge/linux-64/libcurl-7.71.1-hcdd3856_6.tar.bz2#ca3ed6299c27fa27c53e1b3ad51c5328
https://conda.anaconda.org/conda-forge/linux-64/openjpeg-2.3.1-h981e76c_3.tar.bz2#4a4b5d04b3791ab848b47611def88c4f
https://conda.anaconda.org/conda-forge/linux-64/python-3.8.5-h1103e12_8_cpython.tar.bz2#5d710d199c971c3385764ceae5eb081e
https://conda.anaconda.org/conda-forge/noarch/apipkg-1.5-py_0.tar.bz2#4e79696efff4eae6cbcbeddbb5bbb5ee
https://conda.anaconda.org/conda-forge/noarch/appdirs-1.4.3-py_1.tar.bz2#79ea201c0ff86b098d3e3e3fa45505cd
https://conda.anaconda.org/conda-forge/noarch/async_generator-1.10-py_0.tar.bz2#d56c596e61b1c4952acf0a9920856c12
https://conda.anaconda.org/conda-forge/noarch/attrs-20.2.0-pyh9f0ad1d_0.tar.bz2#72fe75fed07fe89d6ef02034bf1e94a5
https://conda.anaconda.org/conda-forge/noarch/backcall-0.2.0-pyh9f0ad1d_0.tar.bz2#6006a6d08a3fa99268a2681c7fb55213
https://conda.anaconda.org/conda-forge/noarch/backports-1.0-py_2.tar.bz2#0da16b293affa6ac31812376f8eb79dd
https://conda.anaconda.org/conda-forge/noarch/click-7.1.2-pyh9f0ad1d_0.tar.bz2#bd50a970ce07e660c319fdc4d730d3f1
https://conda.anaconda.org/conda-forge/noarch/cloudpickle-1.6.0-py_0.tar.bz2#76d764d8881719e305f6fa368dc2b65e
https://conda.anaconda.org/conda-forge/noarch/colorama-0.4.3-py_0.tar.bz2#9cf68a6826504feedbfd646bc4d1ca14
https://conda.anaconda.org/conda-forge/linux-64/curl-7.71.1-he644dc0_6.tar.bz2#2440a38be59d0eea94f1faec63a46865
https://conda.anaconda.org/conda-forge/linux-64/dataclasses-0.7-py38_0.tar.bz2#fc23a28d6ad2b84b317d6d398806fcb6
https://conda.anaconda.org/conda-forge/noarch/decorator-4.4.2-py_0.tar.bz2#d2eabb9cabd212e1ec6a9463bd846243
https://conda.anaconda.org/conda-forge/noarch/defusedxml-0.6.0-py_0.tar.bz2#37e1033daee0e2edaa5ff42584c52b21
https://conda.anaconda.org/conda-forge/noarch/fsspec-0.8.2-py_0.tar.bz2#abe3ad4a90bee34f91d50318924f31a0
https://conda.anaconda.org/conda-forge/linux-64/glib-2.66.0-h0dae87d_0.tar.bz2#2d606858304a20f57db595f9a3eb3bbf
https://conda.anaconda.org/conda-forge/noarch/heapdict-1.0.1-py_0.tar.bz2#77242bfb1e74a627fb06319b5a2d3b95
https://conda.anaconda.org/conda-forge/noarch/idna-2.10-pyh9f0ad1d_0.tar.bz2#f95a12b4f435aae6680fe55ae2eb1b06
https://conda.anaconda.org/conda-forge/noarch/iniconfig-1.0.1-pyh9f0ad1d_0.tar.bz2#b24cafcf37a962a001a237a6299f580d
https://conda.anaconda.org/conda-forge/noarch/ipython_genutils-0.2.0-py_1.tar.bz2#5071c982548b3a20caf70462f04f5287
https://conda.anaconda.org/conda-forge/noarch/jeepney-0.4.3-py_0.tar.bz2#0a9435149140c0e50bf18d79bd07c0ac
https://conda.anaconda.org/conda-forge/noarch/json5-0.9.5-pyh9f0ad1d_0.tar.bz2#10759827a94e6b14996e81fb002c0bda
https://conda.anaconda.org/conda-forge/noarch/jsonpointer-2.0-py_0.tar.bz2#07d85c22a3beb102a48cd123df84c2a6
https://conda.anaconda.org/conda-forge/noarch/lime-0.2.0.1-pyh9f0ad1d_0.tar.bz2#b66e5cbd62ab93000794d7bb9cb985b5
https://conda.anaconda.org/conda-forge/noarch/locket-0.2.0-py_2.tar.bz2#709e8671651c7ec3d1ad07800339ff1d
https://conda.anaconda.org/conda-forge/noarch/mccabe-0.6.1-py_1.tar.bz2#a326cb400c1ccd91789f3e7d02124d61
https://conda.anaconda.org/conda-forge/noarch/more-itertools-8.5.0-py_0.tar.bz2#3a2fa1ebe4306ae3190b1ed69a55b3fd
https://conda.anaconda.org/conda-forge/noarch/nest-asyncio-1.4.0-py_1.tar.bz2#ce02fafcc5198aa9f6af017b4ce848a6
https://conda.anaconda.org/conda-forge/noarch/olefile-0.46-py_0.tar.bz2#8a6d3394763144710916ecf556c6287d
https://conda.anaconda.org/conda-forge/noarch/pandocfilters-1.4.2-py_1.tar.bz2#ba6f4a308f1ea22abe1d72e72544af76
https://conda.anaconda.org/conda-forge/noarch/parso-0.7.1-pyh9f0ad1d_0.tar.bz2#f66647d1ec805566d72ac26f62b19c01
https://conda.anaconda.org/conda-forge/noarch/pathspec-0.8.0-pyh9f0ad1d_0.tar.bz2#8eeecbb67554f588ba70bea7018bc1c0
https://conda.anaconda.org/conda-forge/noarch/pkginfo-1.5.0.1-py_0.tar.bz2#4bdd776f2eb65244c27c5f61638a507c
https://conda.anaconda.org/conda-forge/noarch/prometheus_client-0.8.0-pyh9f0ad1d_0.tar.bz2#0409863e03d2abb75d9b91b903697ed0
https://conda.anaconda.org/conda-forge/noarch/ptyprocess-0.6.0-py_1001.tar.bz2#0c3a56f1ab48cfb002c69b48f9e1ddc6
https://conda.anaconda.org/conda-forge/noarch/py-1.9.0-pyh9f0ad1d_0.tar.bz2#82beb69c4e05d65702bbde3c63d6ef58
https://conda.anaconda.org/conda-forge/noarch/pycodestyle-2.6.0-pyh9f0ad1d_0.tar.bz2#a08d6f5a610c7194da158add79f2b018
https://conda.anaconda.org/conda-forge/noarch/pycparser-2.20-pyh9f0ad1d_2.tar.bz2#aa798d50ffd182a0f6f31478c7f434f6
https://conda.anaconda.org/conda-forge/noarch/pyflakes-2.2.0-pyh9f0ad1d_0.tar.bz2#b13f3395d2eb4a2705629127a8a8cfaa
https://conda.anaconda.org/conda-forge/noarch/pyparsing-2.4.7-pyh9f0ad1d_0.tar.bz2#626c4f20d5bf06dcec9cf2eaa31725c7
https://conda.anaconda.org/conda-forge/linux-64/python_abi-3.8-1_cp38.tar.bz2#8d05152d6fb3012b27a0e6fbcc14bea1
https://conda.anaconda.org/conda-forge/noarch/pytz-2020.1-pyh9f0ad1d_0.tar.bz2#e52abc1f0fd70e05001c1ceb2696f625
https://conda.anaconda.org/conda-forge/noarch/rfc3986-1.4.0-pyh9f0ad1d_0.tar.bz2#4dd11e722e5a29afc55e5d7f15782130
https://conda.anaconda.org/conda-forge/noarch/robotframework-3.2.2-pyh9f0ad1d_0.tar.bz2#1faf44d9a76019b0a3da4d02dead93ec
https://conda.anaconda.org/conda-forge/noarch/send2trash-1.5.0-py_0.tar.bz2#c3779037a635e1150f1c53c28b875949
https://conda.anaconda.org/conda-forge/noarch/six-1.15.0-pyh9f0ad1d_0.tar.bz2#1eec421f0f1f39e579e44e4a5ce646a2
https://conda.anaconda.org/conda-forge/noarch/smmap-3.0.4-pyh9f0ad1d_0.tar.bz2#102f29e2015d9311c86996a20ce866ae
https://conda.anaconda.org/conda-forge/noarch/sortedcontainers-2.2.2-pyh9f0ad1d_0.tar.bz2#966cf410576873c60089e242b9d2fcc6
https://conda.anaconda.org/conda-forge/noarch/tblib-1.6.0-py_0.tar.bz2#0e1562c39e804e0d7df8650626379caa
https://conda.anaconda.org/conda-forge/noarch/testpath-0.4.4-py_0.tar.bz2#3b98fff4d5342bebde2ecaa314f796f9
https://conda.anaconda.org/conda-forge/noarch/threadpoolctl-2.1.0-pyh5ca1d4c_0.tar.bz2#9eb32b63458380aa3804de519b6e5749
https://conda.anaconda.org/conda-forge/noarch/toml-0.10.1-pyh9f0ad1d_0.tar.bz2#ca47d0ef822fd23b7ec9771a36645e5e
https://conda.anaconda.org/conda-forge/noarch/toolz-0.10.0-py_0.tar.bz2#9b38c091d24a308daf386f1e82d9d3a9
https://conda.anaconda.org/conda-forge/noarch/tqdm-4.49.0-pyh9f0ad1d_0.tar.bz2#cf2c9845ec31ada2bbca8bfea1e33fcd
https://conda.anaconda.org/conda-forge/linux-64/typed-ast-1.4.1-py38h516909a_0.tar.bz2#7354d32910c4d170db8aa8b6b5f528e8
https://conda.anaconda.org/conda-forge/noarch/typing_extensions-3.7.4.2-py_0.tar.bz2#235133b5ac204ecadf84cd07bab4fbe3
https://conda.anaconda.org/conda-forge/noarch/watchgod-0.6-py_0.tar.bz2#4499434e6002bd82fdd50a76ea2c7b2c
https://conda.anaconda.org/conda-forge/noarch/webencodings-0.5.1-py_1.tar.bz2#3563be4c5611a44210d9ba0c16113136
https://conda.anaconda.org/conda-forge/noarch/wheel-0.35.1-pyh9f0ad1d_0.tar.bz2#126827869be32f21872a2b30ebe2b038
https://conda.anaconda.org/conda-forge/linux-64/wrapt-1.11.2-py38h516909a_0.tar.bz2#fb314717fbbc68a2c4c468adcc2ddef5
https://conda.anaconda.org/conda-forge/noarch/zipp-3.1.0-py_0.tar.bz2#61948e426a3a3ec1fa7c90a44c2585d1
https://conda.anaconda.org/conda-forge/linux-64/certifi-2020.6.20-py38h32f6830_0.tar.bz2#4131197cced658fa20cdfc6b6538c334
https://conda.anaconda.org/conda-forge/linux-64/cffi-1.14.3-py38h5bae8af_0.tar.bz2#00d4bd451245930d455ab4f981d6e0bd
https://conda.anaconda.org/conda-forge/linux-64/chardet-3.0.4-py38h32f6830_1007.tar.bz2#7aebe387c06b4bc2a2d06547af8fffc9
https://conda.anaconda.org/conda-forge/linux-64/coverage-5.3-py38h1e0a361_0.tar.bz2#22788baea856195f8e2e6ac7649618f8
https://conda.anaconda.org/conda-forge/noarch/cycler-0.10.0-py_2.tar.bz2#f6d7c7e6d8f42cbbec7e07a8d879f91c
https://conda.anaconda.org/conda-forge/linux-64/cytoolz-0.10.1-py38h516909a_0.tar.bz2#6a63f6a08c044cf41533815898507929
https://conda.anaconda.org/conda-forge/linux-64/dbus-1.13.6-he372182_0.tar.bz2#7f3c5ad4cf2fde0144840cc3b8e42283
https://conda.anaconda.org/conda-forge/linux-64/docutils-0.16-py38h32f6830_1.tar.bz2#68c5c795e3022165c2ef7783213a4761
https://conda.anaconda.org/conda-forge/linux-64/entrypoints-0.3-py38h32f6830_1001.tar.bz2#ac7df2c675db951e9d26e356fd3bc56b
https://conda.anaconda.org/conda-forge/noarch/execnet-1.7.1-py_0.tar.bz2#b68d9d4464296840b68761d21487172a
https://conda.anaconda.org/conda-forge/linux-64/future-0.18.2-py38h32f6830_1.tar.bz2#32b289c5841a1f84373357e4e53adfa0
https://conda.anaconda.org/conda-forge/linux-64/git-2.28.0-pl526h5e3e691_1.tar.bz2#feaf4e1b10e5a76b62e09d66ae98fa07
https://conda.anaconda.org/conda-forge/noarch/gitdb-4.0.5-py_0.tar.bz2#94c135f9db6e89c6a848d3f7ae2cc66b
https://conda.anaconda.org/conda-forge/linux-64/importlib-metadata-1.7.0-py38h32f6830_0.tar.bz2#c50ea4f8695f7ca8be25388f07c09ebb
https://conda.anaconda.org/conda-forge/linux-64/jedi-0.17.2-py38h32f6830_0.tar.bz2#39d73eada28872389bd3299ca6f9d9ef
https://conda.anaconda.org/conda-forge/linux-64/kiwisolver-1.2.0-py38hbf85e49_0.tar.bz2#0535a58defc14cb8b54aebbd4eca52de
https://conda.anaconda.org/conda-forge/linux-64/lazy-object-proxy-1.4.3-py38h1e0a361_2.tar.bz2#50bfc02771c96299120037b257dbef4a
https://conda.anaconda.org/conda-forge/linux-64/llvmlite-0.34.0-py38h4f45e52_1.tar.bz2#239df161de9bc41391b11fd75f12f0f2
https://conda.anaconda.org/conda-forge/linux-64/lxml-4.5.2-py38hbb43d70_0.tar.bz2#8e237e004b5b24574aa379175a0fc006
https://conda.anaconda.org/conda-forge/linux-64/markupsafe-1.1.1-py38h1e0a361_1.tar.bz2#22998906a1294fc06133e094a9ac6d72
https://conda.anaconda.org/conda-forge/linux-64/mistune-0.8.4-py38h1e0a361_1001.tar.bz2#853afa81af6e45fbcaab80bac917acc4
https://conda.anaconda.org/conda-forge/linux-64/msgpack-python-1.0.0-py38hbf85e49_1.tar.bz2#05b492636846d025c27f95ac3a5b8ce8
https://conda.anaconda.org/conda-forge/noarch/multipledispatch-0.6.0-py_0.tar.bz2#1073dc92c8f247d94ac14dd79ca0bbec
https://conda.anaconda.org/conda-forge/linux-64/mypy_extensions-0.4.3-py38h32f6830_1.tar.bz2#15d67b01c8e8454ba76bcaab688721dc
https://conda.anaconda.org/conda-forge/linux-64/numpy-1.19.1-py38hbc27379_2.tar.bz2#d3b7f4e92728137861aa3808c6e91bfb
https://conda.anaconda.org/conda-forge/noarch/packaging-20.4-pyh9f0ad1d_0.tar.bz2#6d160f7346ac815500b5475d9a0f88a9
https://conda.anaconda.org/conda-forge/noarch/partd-1.1.0-py_0.tar.bz2#4afbf2cdf4e6ad279080d3adb5cefaae
https://conda.anaconda.org/conda-forge/linux-64/pexpect-4.8.0-py38h32f6830_1.tar.bz2#da53534fe197ed435275df2c59043083
https://conda.anaconda.org/conda-forge/linux-64/pickleshare-0.7.5-py38h32f6830_1001.tar.bz2#05b7f1f00d70e0f37041c56acc9601ce
https://conda.anaconda.org/conda-forge/linux-64/pillow-7.2.0-py38h9776b28_1.tar.bz2#3db7e1733f44359ce177401662588652
https://conda.anaconda.org/conda-forge/linux-64/pluggy-0.13.1-py38h32f6830_2.tar.bz2#00b247dd88620d9a0697cde9245ab3c0
https://conda.anaconda.org/conda-forge/linux-64/psutil-5.7.2-py38h1e0a361_0.tar.bz2#07fbe2211e11a5de802eeb6937d20d01
https://conda.anaconda.org/conda-forge/linux-64/pyinotify-0.9.6-py38h32f6830_1001.tar.bz2#32799cb0ae06a488b31428a305e77022
https://conda.anaconda.org/conda-forge/linux-64/pyrsistent-0.17.3-py38h1e0a361_0.tar.bz2#6f5af0ff4a8e267fb7ac730b6472787a
https://conda.anaconda.org/conda-forge/linux-64/pysocks-1.7.1-py38h32f6830_1.tar.bz2#8cff813a871cc0a8053dbf716dd4fba6
https://conda.anaconda.org/conda-forge/noarch/python-dateutil-2.8.1-py_0.tar.bz2#0d0150ed9c2d25817f5324108d3f7571
https://conda.anaconda.org/conda-forge/linux-64/pyyaml-5.3.1-py38h1e0a361_0.tar.bz2#06ea727fe1e670886d4d0cc8f8529db9
https://conda.anaconda.org/conda-forge/linux-64/pyzmq-19.0.2-py38ha71036d_0.tar.bz2#5eb7c2f195653a637e8f7218859601d9
https://conda.anaconda.org/conda-forge/linux-64/regex-2020.7.14-py38h1e0a361_0.tar.bz2#59a4414c80a5fdda6041d7d790107bd9
https://conda.anaconda.org/conda-forge/noarch/robotframework-lint-1.1-pyh9f0ad1d_0.tar.bz2#c3fa280c4a10c06e83f23193ef4ea5cc
https://conda.anaconda.org/conda-forge/noarch/robotframework-pabot-1.10.0-py_0.tar.bz2#34b9ed99c11f7ce4bd211f6f8eeeafac
https://conda.anaconda.org/conda-forge/noarch/robotframework-pythonlibcore-2.1.0-py_0.tar.bz2#de381ef42de5c25524f5c43cd487a999
https://conda.anaconda.org/conda-forge/linux-64/tornado-6.0.4-py38h1e0a361_1.tar.bz2#5120a9329db3722c5ac094c756187fe9
https://conda.anaconda.org/conda-forge/linux-64/traitlets-4.3.3-py38h32f6830_1.tar.bz2#923af96a0a7a29cce6bff2303078c06e
https://conda.anaconda.org/conda-forge/noarch/zict-2.0.0-py_0.tar.bz2#4750152be22f24d695b3004c5e1712d3
https://conda.anaconda.org/conda-forge/linux-64/argon2-cffi-20.1.0-py38h1e0a361_1.tar.bz2#00208a69e0b6b3b36671484abc59a499
https://conda.anaconda.org/conda-forge/noarch/black-20.8b1-py_1.tar.bz2#e555d6b71ec916c3dc4e6e3793cc9796
https://conda.anaconda.org/conda-forge/linux-64/brotlipy-0.7.0-py38h516909a_1000.tar.bz2#fbee1812ec81a63fd65e4a2feda53de8
https://conda.anaconda.org/conda-forge/linux-64/cmarkgfm-0.4.2-py38h516909a_2.tar.bz2#ee1776a76cfa0fa7c2caff76ee505ecd
https://conda.anaconda.org/conda-forge/linux-64/cryptography-3.1-py38h766eaa4_0.tar.bz2#2fb370f6af562e92e0384062d6ebc414
https://conda.anaconda.org/conda-forge/noarch/dask-core-2.27.0-py_0.tar.bz2#fc2af2bc6a1a471755897097094bc4d5
https://conda.anaconda.org/conda-forge/linux-64/deap-1.3.1-py38hcb8c335_1.tar.bz2#7bb5ff7dde59b713b4a5ba7d95e41c1c
https://conda.anaconda.org/conda-forge/linux-64/doit-0.33.1-py38h32f6830_0.tar.bz2#292542d8d80ef59e363ba66548b25763
https://conda.anaconda.org/conda-forge/noarch/gitpython-3.1.8-py_0.tar.bz2#d2e334f84791504f98f0d014772a4d78
https://conda.anaconda.org/conda-forge/linux-64/imagecodecs-2020.5.30-py38h36e1e94_2.tar.bz2#2508392edcdaefbd545669bba613644e
https://conda.anaconda.org/conda-forge/noarch/imageio-2.9.0-py_0.tar.bz2#62ad9e579278e777d4abaa8c9312b6a7
https://conda.anaconda.org/conda-forge/noarch/importlib_metadata-1.7.0-0.tar.bz2#3e6503b25200f60149cce699a47cf09e
https://conda.anaconda.org/conda-forge/linux-64/jupyter_core-4.6.3-py38h32f6830_1.tar.bz2#8044bf1dbabee1a38484f4ae180dfbe6
https://conda.anaconda.org/conda-forge/linux-64/pandas-1.1.2-py38h950e882_0.tar.bz2#0e2bd26448ec952563ca77edcd2ccdec
https://conda.anaconda.org/conda-forge/linux-64/pytest-6.0.2-py38h32f6830_0.tar.bz2#3babbbfc7abafea69a1d55b9c3126111
https://conda.anaconda.org/conda-forge/linux-64/pywavelets-1.1.1-py38hab2c0dc_2.tar.bz2#6d5f16c22aebdb59c37f4b7e745e262d
https://conda.anaconda.org/conda-forge/linux-64/scipy-1.5.2-py38h8c5af15_0.tar.bz2#29cb9b969a3c9a6e23eb973a77799e8b
https://conda.anaconda.org/conda-forge/linux-64/setuptools-49.6.0-py38h32f6830_1.tar.bz2#062a087866cd8acd6b736f1b876cb2ad
https://conda.anaconda.org/conda-forge/linux-64/terminado-0.9.1-py38h32f6830_0.tar.bz2#967d74fb7767c3a863c4e5732d953114
https://conda.anaconda.org/conda-forge/noarch/traittypes-0.2.1-py_1.tar.bz2#b3a93e87b88b44fc7575234fba22a770
https://conda.anaconda.org/conda-forge/linux-64/astroid-2.4.2-py38h32f6830_0.tar.bz2#72cf51c99288a05cca0ad13951697377
https://conda.anaconda.org/conda-forge/noarch/backports.functools_lru_cache-1.6.1-py_0.tar.bz2#d36df15eaef96549ce6231e3088fba54
https://conda.anaconda.org/conda-forge/noarch/bleach-3.2.1-pyh9f0ad1d_0.tar.bz2#d4506316b85679972c0b78d4d1c0b701
https://conda.anaconda.org/conda-forge/linux-64/distributed-2.27.0-py38h32f6830_0.tar.bz2#a9b7e40d7b50853bf3b0ffed7a42efd2
https://conda.anaconda.org/conda-forge/noarch/flake8-3.8.3-py_1.tar.bz2#aa903667fece7fa824b0647b2db6929e
https://conda.anaconda.org/conda-forge/linux-64/importnb-0.6.2-py38h32f6830_0.tar.bz2#dbf4f9034339bb5fe274dbf3c43d3bb9
https://conda.anaconda.org/conda-forge/linux-64/isort-4.3.21-py38h32f6830_1.tar.bz2#7a962de435df2743269a1cb288a88cfe
https://conda.anaconda.org/conda-forge/noarch/jinja2-2.11.2-pyh9f0ad1d_0.tar.bz2#e8a5d614d1a27bdba00059ca062a0551
https://conda.anaconda.org/conda-forge/noarch/joblib-0.16.0-py_0.tar.bz2#101f7628023ff2d43479ab66c73c3f72
https://conda.anaconda.org/conda-forge/linux-64/jsonschema-3.2.0-py38h32f6830_1.tar.bz2#49dd43811f60b5ba18fb9d7663a451d5
https://conda.anaconda.org/conda-forge/noarch/jupyter_client-6.1.7-py_0.tar.bz2#bcaa486602c05413da0808b82898f60a
https://conda.anaconda.org/conda-forge/linux-64/matplotlib-base-3.3.2-py38h91b0d89_0.tar.bz2#c2aba8a4cdf17ba7b51e056043e63ca4
https://conda.anaconda.org/conda-forge/noarch/networkx-2.5-py_0.tar.bz2#d836ad8453c22192357707026ca21653
https://conda.anaconda.org/conda-forge/linux-64/numba-0.51.2-py38hc5bc63f_0.tar.bz2#9b46df142cccb357e1f54a88e7a0b624
https://conda.anaconda.org/conda-forge/noarch/pip-20.2.3-py_0.tar.bz2#2a473e697f17443a8647c3d7d22043d3
https://conda.anaconda.org/conda-forge/noarch/pygments-2.7.1-py_0.tar.bz2#9dbcbc1c57c179d2ac4fb79d9ed01c61
https://conda.anaconda.org/conda-forge/linux-64/pyopenssl-19.1.0-py38_0.tar.bz2#276e6f9f0e49d58ce18755bce754616a
https://conda.anaconda.org/conda-forge/noarch/pytest-azurepipelines-0.8.0-py_0.tar.bz2#d5049e4c7e1d2c60619b9bf7d9587877
https://conda.anaconda.org/conda-forge/noarch/pytest-cov-2.10.1-pyh9f0ad1d_0.tar.bz2#0d83b4ea58595e9f685c51ba31f63116
https://conda.anaconda.org/conda-forge/noarch/pytest-forked-1.2.0-pyh9f0ad1d_0.tar.bz2#d4bc635ac7fd58559a6f1a1f78354818
https://conda.anaconda.org/conda-forge/linux-64/secretstorage-3.1.2-py38h32f6830_1.tar.bz2#ba293e683006a275f39be19fbd412be6
https://conda.anaconda.org/conda-forge/noarch/stopit-1.1.2-py_0.tar.bz2#a07ae164291cd456aa3012f44654a950
https://conda.anaconda.org/conda-forge/noarch/tifffile-2020.9.3-py_0.tar.bz2#11ff3209d8c180ace0e3de4fd22ee0ec
https://conda.anaconda.org/conda-forge/linux-64/bokeh-2.2.1-py38h32f6830_0.tar.bz2#ba3162312ddc9c40f93376745d616ea2
https://conda.anaconda.org/conda-forge/noarch/jupyterlab_pygments-0.1.1-pyh9f0ad1d_0.tar.bz2#1dcc48a573e69b44f9065dbe665fc186
https://conda.anaconda.org/conda-forge/linux-64/keyring-21.4.0-py38h32f6830_1.tar.bz2#855a0ce4e0085d30246ee8a2ee81628d
https://conda.anaconda.org/conda-forge/noarch/nbformat-5.0.7-py_0.tar.bz2#7f9984ee165126ac09d9eb678052783d
https://conda.anaconda.org/conda-forge/linux-64/pylint-2.6.0-py38h32f6830_0.tar.bz2#f8dbfd4915f25af7a10397292ac43036
https://conda.anaconda.org/conda-forge/noarch/pytest-xdist-2.1.0-py_0.tar.bz2#6aa9ec3af23480d730075280390bf738
https://conda.anaconda.org/conda-forge/noarch/readme_renderer-24.0-pyh9f0ad1d_0.tar.bz2#8b8301b19bafd23c69375befa10c2149
https://conda.anaconda.org/conda-forge/linux-64/scikit-image-0.17.2-py38hc5bc63f_2.tar.bz2#ddd38cccc683ccaec3031fb7691835bd
https://conda.anaconda.org/conda-forge/linux-64/scikit-learn-0.23.2-py38hee58b96_0.tar.bz2#c6e009b56a9bdd7729fea031da874e61
https://conda.anaconda.org/conda-forge/noarch/urllib3-1.25.10-py_0.tar.bz2#82cde2a532177697e42a090add881db8
https://conda.anaconda.org/conda-forge/noarch/wcwidth-0.2.5-pyh9f0ad1d_1.tar.bz2#ac581f74f00d4d9f5acec2449f310e70
https://conda.anaconda.org/conda-forge/noarch/dask-2.27.0-py_0.tar.bz2#a3b76867596dc62f74e9d3f74c157d91
https://conda.anaconda.org/conda-forge/noarch/nbclient-0.5.0-py_0.tar.bz2#1c95e6cf38f219566e281979a3a1bd27
https://conda.anaconda.org/conda-forge/noarch/prompt-toolkit-3.0.7-py_0.tar.bz2#32341741e1d778b2c54bb42191cf8571
https://conda.anaconda.org/conda-forge/noarch/requests-2.24.0-pyh9f0ad1d_0.tar.bz2#786ef230ca5cf2536e9dee910fdf4f9f
https://conda.anaconda.org/conda-forge/noarch/scikit-mdr-0.4.4-py_1.tar.bz2#9ce428157b9f31e2d1f4e48b93556159
https://conda.anaconda.org/conda-forge/linux-64/selenium-3.141.0-py38h1e0a361_1001.tar.bz2#9b6582588698604a6d7a76b94c5db911
https://conda.anaconda.org/conda-forge/noarch/skrebate-0.61-pyh9f0ad1d_0.tar.bz2#a75047ba4c76ae7d75fb9b44f9b1a705
https://conda.anaconda.org/conda-forge/linux-64/umap-learn-0.4.6-py38h32f6830_0.tar.bz2#05abf7f79cb8701c1995192bd537ebd8
https://conda.anaconda.org/conda-forge/noarch/yellowbrick-1.1-pyh9f0ad1d_0.tar.bz2#bd384f6c42307722b6759972b6cdc175
https://conda.anaconda.org/conda-forge/noarch/dask-glm-0.2.0-py_1.tar.bz2#7c9c5295a0499bf56bbf084578618af5
https://conda.anaconda.org/conda-forge/linux-64/ipython-7.18.1-py38h1cdfbd6_0.tar.bz2#e6c0aefc70107e32644ff47aac9cbd2b
https://conda.anaconda.org/conda-forge/linux-64/nbconvert-6.0.5-py38h32f6830_0.tar.bz2#017bce7e6523516f1dc80d08c371f657
https://conda.anaconda.org/conda-forge/noarch/pyld-1.0.4-py_0.tar.bz2#480c455ace9049ba28b47b781f29299e
https://conda.anaconda.org/conda-forge/noarch/requests-toolbelt-0.9.1-py_0.tar.bz2#402668adee8fcba9a9c265cdc2a88f5a
https://conda.anaconda.org/conda-forge/noarch/robotframework-seleniumlibrary-4.5.0-pyh9f0ad1d_0.tar.bz2#032239f822b29aef45cc4579ae86d031
https://conda.anaconda.org/conda-forge/noarch/update_checker-0.18.0-pyh9f0ad1d_0.tar.bz2#a8dff3f315bd2ffe9f5ac2ff0501b2ac
https://conda.anaconda.org/conda-forge/noarch/dask-ml-1.6.0-py_0.tar.bz2#50c180dcf922eb1306202ad871975695
https://conda.anaconda.org/conda-forge/linux-64/ipykernel-5.3.4-py38h23f93f0_0.tar.bz2#1fbf8f16e22d12866cb14877ebf72ae0
https://conda.anaconda.org/conda-forge/noarch/tpot-0.11.5-pyh9f0ad1d_0.tar.bz2#ff4375f2c89dafeddcff1150ceec5bbe
https://conda.anaconda.org/conda-forge/linux-64/twine-3.2.0-py38h32f6830_0.tar.bz2#c431ca56430705aafd074c634f5c245d
https://conda.anaconda.org/conda-forge/linux-64/notebook-6.1.4-py38h32f6830_0.tar.bz2#1fa60460d070c856e8ae3d9a75d8661a
https://conda.anaconda.org/conda-forge/noarch/jupyterlab_server-1.2.0-py_0.tar.bz2#77d654573f19a836b326fb77ffd86860
https://conda.anaconda.org/conda-forge/linux-64/widgetsnbextension-3.5.1-py38h32f6830_1.tar.bz2#6ca9410b58ad5bea0aaf4ccbb6e5756d
https://conda.anaconda.org/conda-forge/noarch/ipywidgets-7.5.1-pyh9f0ad1d_1.tar.bz2#a7211644e1cf6a262c675635a78181f4
https://conda.anaconda.org/conda-forge/noarch/jupyterlab-2.2.8-py_0.tar.bz2#6c8bc607ef541e7f2c72f8e1058bf799
https://conda.anaconda.org/conda-forge/noarch/ipympl-0.5.8-pyh9f0ad1d_0.tar.bz2#84bda5fc62751a0c365e1892eab92ff2
