# platform: osx-64
# env_hash: 49b138b5b02cdd91d2a6403927c5f75e10927a098d6af3692aa0958a880f119c
@EXPLICIT
https://conda.anaconda.org/conda-forge/osx-64/bzip2-1.0.8-haf1e3a3_3.tar.bz2#caf888e9502062a4d17e811871b44637
https://conda.anaconda.org/conda-forge/osx-64/c-ares-1.16.1-haf1e3a3_3.tar.bz2#3877b8f8cff6264b09904a8b470aed9c
https://conda.anaconda.org/conda-forge/osx-64/ca-certificates-2020.6.20-hecda079_0.tar.bz2#7933a42d363f3e88f239384ff68252db
https://conda.anaconda.org/conda-forge/osx-64/giflib-5.2.1-h0b31af3_2.tar.bz2#07c463a81d43cd600e22cdf2482e6ffc
https://conda.anaconda.org/conda-forge/osx-64/jpeg-9d-h0b31af3_0.tar.bz2#0b52142a252948fc97483547a288e1d8
https://conda.anaconda.org/conda-forge/osx-64/jxrlib-1.1-h0b31af3_2.tar.bz2#28a8da66f3c9dddb67343a511b1597cc
https://conda.anaconda.org/conda-forge/osx-64/libcxx-10.0.1-h5f48129_0.tar.bz2#abc0f77f31d9e69bdcf2c550058da337
https://conda.anaconda.org/conda-forge/osx-64/libev-4.33-haf1e3a3_1.tar.bz2#79dc2be110b2a3d1e97ec21f691c50ad
https://conda.anaconda.org/conda-forge/osx-64/libiconv-1.16-haf1e3a3_0.tar.bz2#c5fab167412a52e491c8e11453ae016f
https://conda.anaconda.org/conda-forge/osx-64/libsodium-1.0.18-haf1e3a3_1.tar.bz2#5e9bb109eb99ae09de21939e646f0b05
https://conda.anaconda.org/conda-forge/osx-64/libuv-1.39.0-haf1e3a3_0.tar.bz2#b0832dda7ff39efad26940139d130ff9
https://conda.anaconda.org/conda-forge/osx-64/libwebp-base-1.1.0-h0b31af3_3.tar.bz2#1ebb8a84b32629ae159fe2af2e3011ea
https://conda.anaconda.org/conda-forge/osx-64/llvm-openmp-10.0.1-h28b9765_0.tar.bz2#c75ab018203fefa1a87b17ef5d182ca4
https://conda.anaconda.org/conda-forge/osx-64/pandoc-2.10.1-haf1e3a3_0.tar.bz2#d46f0dfaeda21e2dbe01149a501f56f1
https://conda.anaconda.org/conda-forge/osx-64/perl-5.26.2-haec8ef5_1006.tar.bz2#7c0ced1da3e20d98b1045f3e945d3d1c
https://conda.anaconda.org/conda-forge/osx-64/xz-5.2.5-haf1e3a3_1.tar.bz2#41116deb499e9bc58048c297d6403ce6
https://conda.anaconda.org/conda-forge/osx-64/yaml-0.2.5-haf1e3a3_0.tar.bz2#84c2fc186995c25a43e86ed708065572
https://conda.anaconda.org/conda-forge/osx-64/zlib-1.2.11-h7795811_1009.tar.bz2#958b4b681fcae3094383cf69c26e8936
https://conda.anaconda.org/conda-forge/osx-64/blosc-1.20.1-hb1e8313_0.tar.bz2#d70e2a1b70e8e845def5d28a3c138607
https://conda.anaconda.org/conda-forge/osx-64/brotli-1.0.9-hb1e8313_0.tar.bz2#b9ad99d524e2012f9c00a2245677156b
https://conda.anaconda.org/conda-forge/osx-64/charls-2.1.0-h4a8c4bd_2.tar.bz2#1900279b1fe965b93f437188d6a4dd21
https://conda.anaconda.org/conda-forge/osx-64/expat-2.2.9-hb1e8313_2.tar.bz2#5674668524163888bba8f8c04223c323
https://conda.anaconda.org/conda-forge/osx-64/firefox-78.3.0esr-hb1e8313_0.tar.bz2#b77b50f36a51db636796724b41e65ea5
https://conda.anaconda.org/conda-forge/osx-64/geckodriver-0.27.0-hb1e8313_0.tar.bz2#640405fe78647b85928a0f792f5badf7
https://conda.anaconda.org/conda-forge/osx-64/icu-64.2-h6de7cb9_1.tar.bz2#98593e7221241d8e19fee197ac105b4d
https://conda.anaconda.org/conda-forge/osx-64/lerc-2.2-hb1e8313_0.tar.bz2#892b78e0bdddc297b783df006f480f11
https://conda.anaconda.org/conda-forge/osx-64/libaec-1.0.4-h4a8c4bd_1.tar.bz2#beaf636de1c2638aca9bbe3e36c10b74
https://conda.anaconda.org/conda-forge/osx-64/libffi-3.2.1-hb1e8313_1007.tar.bz2#be8b6ba3b6710a89ab891bbed151659c
https://conda.anaconda.org/conda-forge/osx-64/libgfortran4-7.5.0-h2d743fc_11.tar.bz2#2546b2bbd26349cee83578c4ac94b263
https://conda.anaconda.org/conda-forge/osx-64/libllvm10-10.0.1-h009f743_3.tar.bz2#cc65eb0b26253d2789320bfd661852f9
https://conda.anaconda.org/conda-forge/osx-64/libpng-1.6.37-hb0a8c7a_2.tar.bz2#152469e831f8558f76c63e841b934f87
https://conda.anaconda.org/conda-forge/osx-64/libzopfli-1.0.3-h4a8c4bd_0.tar.bz2#852c285f5efc616d1dd6894a76d335c6
https://conda.anaconda.org/conda-forge/osx-64/lz4-c-1.9.2-hb1e8313_3.tar.bz2#7737f6db9eb5e572d22b88b667d1f3f9
https://conda.anaconda.org/conda-forge/osx-64/ncurses-6.2-hb1e8313_1.tar.bz2#711f66ee1fd8585c28a47910ddbeaa4a
https://conda.anaconda.org/conda-forge/osx-64/openssl-1.1.1h-haf1e3a3_0.tar.bz2#6be73e185e6a92a29571dd9a2dfb5251
https://conda.anaconda.org/conda-forge/osx-64/pcre-8.44-h4a8c4bd_0.tar.bz2#28b0557e6ef0eb62f3162ddf678ea493
https://conda.anaconda.org/conda-forge/osx-64/snappy-1.1.8-hb1e8313_3.tar.bz2#73b65b3935375b56deb96f6794ed721e
https://conda.anaconda.org/conda-forge/osx-64/tbb-2019.9-ha1b3eb9_1.tar.bz2#15273afe7a3dec4669fe01917d6550e4
https://conda.anaconda.org/conda-forge/osx-64/tk-8.6.10-hbbe82c9_0.tar.bz2#8e94f0c9d24201d33a7fb6868d821a1b
https://conda.anaconda.org/conda-forge/osx-64/zeromq-4.3.2-h4a8c4bd_3.tar.bz2#4524f64e9fb5f0325b1cb8f4441e155f
https://conda.anaconda.org/conda-forge/osx-64/zfp-0.5.5-hb1e8313_2.tar.bz2#882990065ebbea11e630019d3ace1968
https://conda.anaconda.org/conda-forge/osx-64/brunsli-0.1-hb1e8313_0.tar.bz2#657cf3238b9d94ab54e6d24b4a1f80dc
https://conda.anaconda.org/conda-forge/osx-64/freetype-2.10.2-h8da9a1a_0.tar.bz2#17f160c42d580a14d96e9676f94b0c15
https://conda.anaconda.org/conda-forge/osx-64/gettext-0.19.8.1-h46ab8bc_1002.tar.bz2#c7517739152f7ba685351817f6ed9da8
https://conda.anaconda.org/conda-forge/osx-64/libedit-3.1.20191231-hed1e85f_2.tar.bz2#779da5393199c3af97bd8f12c804b749
https://conda.anaconda.org/conda-forge/osx-64/libgfortran-4.0.0-h2d743fc_11.tar.bz2#4de8093a20c57ec5c88d086076ed3e7c
https://conda.anaconda.org/conda-forge/osx-64/libnghttp2-1.41.0-h7580e61_2.tar.bz2#1731a2e73e2d68d455a1b8b8de0265dc
https://conda.anaconda.org/conda-forge/osx-64/libssh2-1.9.0-h39bdce6_5.tar.bz2#476b4daa896469326286db3a37e23190
https://conda.anaconda.org/conda-forge/osx-64/libxml2-2.9.10-h53d96d6_0.tar.bz2#18dab8184a9255bf6fcd55c69f94f3b1
https://conda.anaconda.org/conda-forge/osx-64/nodejs-12.18.3-h1293169_0.tar.bz2#bf5ddfbccbc2ab0ee9ba79ec433b74b7
https://conda.anaconda.org/conda-forge/osx-64/readline-8.0-h0678c8f_2.tar.bz2#8f69d684fce8e73328995d7efb77816a
https://conda.anaconda.org/conda-forge/osx-64/zstd-1.4.5-h0384e3a_2.tar.bz2#9fc03147df58a6ecd6f4013d85357283
https://conda.anaconda.org/conda-forge/osx-64/krb5-1.17.1-h75d18d8_3.tar.bz2#a2e242f395cb1226eaf4cc8eaacf5526
https://conda.anaconda.org/conda-forge/osx-64/libopenblas-0.3.10-openmp_h63d9170_4.tar.bz2#b67fe39a155929f64e17296827c06041
https://conda.anaconda.org/conda-forge/osx-64/libtiff-4.1.0-h2ae36a8_6.tar.bz2#37552f9d87ae31dcf99a593684cf8cfb
https://conda.anaconda.org/conda-forge/osx-64/libxslt-1.1.33-h320ff13_0.tar.bz2#942a7663e7482405ebeeb285ef99f5f4
https://conda.anaconda.org/conda-forge/osx-64/sqlite-3.33.0-h960bd1c_0.tar.bz2#2258e92373f9991a586fc416ae459f17
https://conda.anaconda.org/conda-forge/osx-64/fossil-2.12-h5d1790c_0.tar.bz2#c30989c3e6d5ac14b37597a27e44ffea
https://conda.anaconda.org/conda-forge/osx-64/lcms2-2.11-h174193d_0.tar.bz2#840ff941941c2bde293bfb45076e8c30
https://conda.anaconda.org/conda-forge/osx-64/libblas-3.8.0-17_openblas.tar.bz2#ceac2df441f5c3acae4fb1cb02ea7fb2
https://conda.anaconda.org/conda-forge/osx-64/libcurl-7.71.1-h9bf37e3_6.tar.bz2#193ae801f5beae96d8c4f0920792c858
https://conda.anaconda.org/conda-forge/osx-64/openjpeg-2.3.1-hcdae239_3.tar.bz2#26d248692ce738c419e2a1a43b0831d7
https://conda.anaconda.org/conda-forge/osx-64/python-3.7.8-hc9dea61_1_cpython.tar.bz2#46fe9ea04f7e863da2588ad41d2f65ad
https://conda.anaconda.org/conda-forge/noarch/apipkg-1.5-py_0.tar.bz2#4e79696efff4eae6cbcbeddbb5bbb5ee
https://conda.anaconda.org/conda-forge/noarch/appdirs-1.4.3-py_1.tar.bz2#79ea201c0ff86b098d3e3e3fa45505cd
https://conda.anaconda.org/conda-forge/noarch/async_generator-1.10-py_0.tar.bz2#d56c596e61b1c4952acf0a9920856c12
https://conda.anaconda.org/conda-forge/noarch/attrs-20.2.0-pyh9f0ad1d_0.tar.bz2#72fe75fed07fe89d6ef02034bf1e94a5
https://conda.anaconda.org/conda-forge/noarch/backcall-0.2.0-pyh9f0ad1d_0.tar.bz2#6006a6d08a3fa99268a2681c7fb55213
https://conda.anaconda.org/conda-forge/noarch/backports-1.0-py_2.tar.bz2#0da16b293affa6ac31812376f8eb79dd
https://conda.anaconda.org/conda-forge/noarch/click-7.1.2-pyh9f0ad1d_0.tar.bz2#bd50a970ce07e660c319fdc4d730d3f1
https://conda.anaconda.org/conda-forge/noarch/cloudpickle-1.6.0-py_0.tar.bz2#76d764d8881719e305f6fa368dc2b65e
https://conda.anaconda.org/conda-forge/noarch/colorama-0.4.3-py_0.tar.bz2#9cf68a6826504feedbfd646bc4d1ca14
https://conda.anaconda.org/conda-forge/osx-64/curl-7.71.1-hcb81553_6.tar.bz2#6656bf43be1631e24acafd3692b9a895
https://conda.anaconda.org/conda-forge/osx-64/dataclasses-0.7-py37_0.tar.bz2#ee9dffd6fd9408ea733560f40a11dc4d
https://conda.anaconda.org/conda-forge/noarch/decorator-4.4.2-py_0.tar.bz2#d2eabb9cabd212e1ec6a9463bd846243
https://conda.anaconda.org/conda-forge/noarch/defusedxml-0.6.0-py_0.tar.bz2#37e1033daee0e2edaa5ff42584c52b21
https://conda.anaconda.org/conda-forge/noarch/fsspec-0.8.3-py_0.tar.bz2#82d55ce8f4a1f146fe51195b2471b0d7
https://conda.anaconda.org/conda-forge/noarch/heapdict-1.0.1-py_0.tar.bz2#77242bfb1e74a627fb06319b5a2d3b95
https://conda.anaconda.org/conda-forge/noarch/idna-2.10-pyh9f0ad1d_0.tar.bz2#f95a12b4f435aae6680fe55ae2eb1b06
https://conda.anaconda.org/conda-forge/noarch/iniconfig-1.0.1-pyh9f0ad1d_0.tar.bz2#b24cafcf37a962a001a237a6299f580d
https://conda.anaconda.org/conda-forge/noarch/ipython_genutils-0.2.0-py_1.tar.bz2#5071c982548b3a20caf70462f04f5287
https://conda.anaconda.org/conda-forge/noarch/json5-0.9.5-pyh9f0ad1d_0.tar.bz2#10759827a94e6b14996e81fb002c0bda
https://conda.anaconda.org/conda-forge/noarch/jsonpointer-2.0-py_0.tar.bz2#07d85c22a3beb102a48cd123df84c2a6
https://conda.anaconda.org/conda-forge/osx-64/libcblas-3.8.0-17_openblas.tar.bz2#f5e84f9f770d0e1659fb7d90cd3cb539
https://conda.anaconda.org/conda-forge/osx-64/liblapack-3.8.0-17_openblas.tar.bz2#d37ad4c540d99ba3d09674994b774a16
https://conda.anaconda.org/conda-forge/noarch/lime-0.2.0.1-pyh9f0ad1d_0.tar.bz2#b66e5cbd62ab93000794d7bb9cb985b5
https://conda.anaconda.org/conda-forge/noarch/locket-0.2.0-py_2.tar.bz2#709e8671651c7ec3d1ad07800339ff1d
https://conda.anaconda.org/conda-forge/osx-64/macfsevents-0.8.1-py37h1de35cc_1000.tar.bz2#90fb6f5eaded9c2a7ebe9f8051af9615
https://conda.anaconda.org/conda-forge/noarch/mccabe-0.6.1-py_1.tar.bz2#a326cb400c1ccd91789f3e7d02124d61
https://conda.anaconda.org/conda-forge/noarch/more-itertools-8.5.0-py_0.tar.bz2#3a2fa1ebe4306ae3190b1ed69a55b3fd
https://conda.anaconda.org/conda-forge/noarch/nest-asyncio-1.4.1-py_0.tar.bz2#77f87b25996192b9c98b895acf06c540
https://conda.anaconda.org/conda-forge/noarch/olefile-0.46-py_0.tar.bz2#8a6d3394763144710916ecf556c6287d
https://conda.anaconda.org/conda-forge/noarch/pandocfilters-1.4.2-py_1.tar.bz2#ba6f4a308f1ea22abe1d72e72544af76
https://conda.anaconda.org/conda-forge/noarch/parso-0.7.1-pyh9f0ad1d_0.tar.bz2#f66647d1ec805566d72ac26f62b19c01
https://conda.anaconda.org/conda-forge/noarch/pathspec-0.8.0-pyh9f0ad1d_0.tar.bz2#8eeecbb67554f588ba70bea7018bc1c0
https://conda.anaconda.org/conda-forge/noarch/pkginfo-1.5.0.1-py_0.tar.bz2#4bdd776f2eb65244c27c5f61638a507c
https://conda.anaconda.org/conda-forge/noarch/prometheus_client-0.8.0-pyh9f0ad1d_0.tar.bz2#0409863e03d2abb75d9b91b903697ed0
https://conda.anaconda.org/conda-forge/osx-64/ptyprocess-0.6.0-py37_1000.tar.bz2#c328ccf3385f45ade6bc86cd8c9f009f
https://conda.anaconda.org/conda-forge/noarch/py-1.9.0-pyh9f0ad1d_0.tar.bz2#82beb69c4e05d65702bbde3c63d6ef58
https://conda.anaconda.org/conda-forge/noarch/pycodestyle-2.6.0-pyh9f0ad1d_0.tar.bz2#a08d6f5a610c7194da158add79f2b018
https://conda.anaconda.org/conda-forge/noarch/pycparser-2.20-pyh9f0ad1d_2.tar.bz2#aa798d50ffd182a0f6f31478c7f434f6
https://conda.anaconda.org/conda-forge/noarch/pyflakes-2.2.0-pyh9f0ad1d_0.tar.bz2#b13f3395d2eb4a2705629127a8a8cfaa
https://conda.anaconda.org/conda-forge/noarch/pyparsing-2.4.7-pyh9f0ad1d_0.tar.bz2#626c4f20d5bf06dcec9cf2eaa31725c7
https://conda.anaconda.org/conda-forge/osx-64/python_abi-3.7-1_cp37m.tar.bz2#d2cb192f8948ea603927a71f015574dd
https://conda.anaconda.org/conda-forge/noarch/pytz-2020.1-pyh9f0ad1d_0.tar.bz2#e52abc1f0fd70e05001c1ceb2696f625
https://conda.anaconda.org/conda-forge/noarch/rfc3986-1.4.0-pyh9f0ad1d_0.tar.bz2#4dd11e722e5a29afc55e5d7f15782130
https://conda.anaconda.org/conda-forge/noarch/robotframework-3.2.2-pyh9f0ad1d_0.tar.bz2#1faf44d9a76019b0a3da4d02dead93ec
https://conda.anaconda.org/conda-forge/noarch/send2trash-1.5.0-py_0.tar.bz2#c3779037a635e1150f1c53c28b875949
https://conda.anaconda.org/conda-forge/noarch/six-1.15.0-pyh9f0ad1d_0.tar.bz2#1eec421f0f1f39e579e44e4a5ce646a2
https://conda.anaconda.org/conda-forge/noarch/smmap-3.0.4-pyh9f0ad1d_0.tar.bz2#102f29e2015d9311c86996a20ce866ae
https://conda.anaconda.org/conda-forge/noarch/sortedcontainers-2.2.2-pyh9f0ad1d_0.tar.bz2#966cf410576873c60089e242b9d2fcc6
https://conda.anaconda.org/conda-forge/noarch/tblib-1.6.0-py_0.tar.bz2#0e1562c39e804e0d7df8650626379caa
https://conda.anaconda.org/conda-forge/noarch/testpath-0.4.4-py_0.tar.bz2#3b98fff4d5342bebde2ecaa314f796f9
https://conda.anaconda.org/conda-forge/noarch/threadpoolctl-2.1.0-pyh5ca1d4c_0.tar.bz2#9eb32b63458380aa3804de519b6e5749
https://conda.anaconda.org/conda-forge/noarch/toml-0.10.1-pyh9f0ad1d_0.tar.bz2#ca47d0ef822fd23b7ec9771a36645e5e
https://conda.anaconda.org/conda-forge/noarch/toolz-0.11.1-py_0.tar.bz2#d1e66b58cb00b3817ad9f05eec098c00
https://conda.anaconda.org/conda-forge/noarch/tqdm-4.50.0-pyh9f0ad1d_0.tar.bz2#74bb4d4b3c6447b448376719075d98de
https://conda.anaconda.org/conda-forge/osx-64/typed-ast-1.4.1-py37h0b31af3_0.tar.bz2#f14e045236f8a03aecc8a90a31eedc38
https://conda.anaconda.org/conda-forge/noarch/typing_extensions-3.7.4.2-py_0.tar.bz2#235133b5ac204ecadf84cd07bab4fbe3
https://conda.anaconda.org/conda-forge/noarch/watchgod-0.6-py_0.tar.bz2#4499434e6002bd82fdd50a76ea2c7b2c
https://conda.anaconda.org/conda-forge/noarch/webencodings-0.5.1-py_1.tar.bz2#3563be4c5611a44210d9ba0c16113136
https://conda.anaconda.org/conda-forge/noarch/wheel-0.35.1-pyh9f0ad1d_0.tar.bz2#126827869be32f21872a2b30ebe2b038
https://conda.anaconda.org/conda-forge/noarch/zipp-3.2.0-py_0.tar.bz2#3a5c4c2846152023a69b4662a0a6a9ad
https://conda.anaconda.org/conda-forge/osx-64/appnope-0.1.0-py37hc8dfbb8_1001.tar.bz2#350a67575e96e244c886c4a350528eb3
https://conda.anaconda.org/conda-forge/osx-64/certifi-2020.6.20-py37hc8dfbb8_0.tar.bz2#d39de33b3d373c87b3664ceab0037c3b
https://conda.anaconda.org/conda-forge/osx-64/cffi-1.14.3-py37hf5b7abd_0.tar.bz2#15f966afec9ca1c0a77ee1cacc77d190
https://conda.anaconda.org/conda-forge/osx-64/chardet-3.0.4-py37hc8dfbb8_1007.tar.bz2#35967729ba34920a69a19091930d8c59
https://conda.anaconda.org/conda-forge/osx-64/coverage-5.3-py37h60d8a13_0.tar.bz2#a3a00e0a589bc30c31792361a7a57a2e
https://conda.anaconda.org/conda-forge/noarch/cycler-0.10.0-py_2.tar.bz2#f6d7c7e6d8f42cbbec7e07a8d879f91c
https://conda.anaconda.org/conda-forge/osx-64/cytoolz-0.11.0-py37h60d8a13_0.tar.bz2#c5ad40a01f14635f4252ca27e3915dfc
https://conda.anaconda.org/conda-forge/osx-64/docutils-0.16-py37hc8dfbb8_1.tar.bz2#1a4051ffcb26bb248b106cb44f6119ca
https://conda.anaconda.org/conda-forge/osx-64/doit-0.33.1-py37hc8dfbb8_0.tar.bz2#e745ca1763f24c76bbbe86699d289e3a
https://conda.anaconda.org/conda-forge/osx-64/entrypoints-0.3-py37hc8dfbb8_1001.tar.bz2#b7aac483541e38cc0c9d37cb8c66e748
https://conda.anaconda.org/conda-forge/noarch/execnet-1.7.1-py_0.tar.bz2#b68d9d4464296840b68761d21487172a
https://conda.anaconda.org/conda-forge/osx-64/git-2.28.0-pl526hde3ca24_1.tar.bz2#46d93a0492e45837debe35ed75a7b8d9
https://conda.anaconda.org/conda-forge/noarch/gitdb-4.0.5-py_0.tar.bz2#94c135f9db6e89c6a848d3f7ae2cc66b
https://conda.anaconda.org/conda-forge/osx-64/importlib-metadata-2.0.0-py37hc8dfbb8_0.tar.bz2#c402c05874f91728c43079b24c09c816
https://conda.anaconda.org/conda-forge/osx-64/jedi-0.17.2-py37hc8dfbb8_0.tar.bz2#47eded75d699b52b33d401d37266cee8
https://conda.anaconda.org/conda-forge/osx-64/kiwisolver-1.2.0-py37ha1cc60f_0.tar.bz2#c448eba3fab2cacd4868f018b916ba5d
https://conda.anaconda.org/conda-forge/osx-64/lazy-object-proxy-1.4.3-py37h9bfed18_2.tar.bz2#9cd9083615d7d82db8989e4009b25bba
https://conda.anaconda.org/conda-forge/osx-64/llvmlite-0.34.0-py37h3986384_1.tar.bz2#43e074663fb9a49cc9fab1201184ce0e
https://conda.anaconda.org/conda-forge/osx-64/lxml-4.5.2-py37heb1707f_0.tar.bz2#aa363114103e7acf5ad5198bd79fd918
https://conda.anaconda.org/conda-forge/osx-64/markupsafe-1.1.1-py37h60d8a13_1.tar.bz2#0bb3fcacc052bb960637b3f1529a3795
https://conda.anaconda.org/conda-forge/osx-64/mistune-0.8.4-py37h9bfed18_1001.tar.bz2#fb2b7e34bb98944a74cc4f06955e8001
https://conda.anaconda.org/conda-forge/osx-64/msgpack-python-1.0.0-py37ha1cc60f_1.tar.bz2#34bb0dfa4cdd64e76b06f935b99ae9c3
https://conda.anaconda.org/conda-forge/noarch/multipledispatch-0.6.0-py_0.tar.bz2#1073dc92c8f247d94ac14dd79ca0bbec
https://conda.anaconda.org/conda-forge/osx-64/mypy_extensions-0.4.3-py37hc8dfbb8_1.tar.bz2#02ec80a1013324d903bf8fbc37522bdb
https://conda.anaconda.org/conda-forge/osx-64/numpy-1.19.1-py37h1efc2f6_2.tar.bz2#cf178df12ad07b66c0dee3175d3f7502
https://conda.anaconda.org/conda-forge/noarch/packaging-20.4-pyh9f0ad1d_0.tar.bz2#6d160f7346ac815500b5475d9a0f88a9
https://conda.anaconda.org/conda-forge/noarch/partd-1.1.0-py_0.tar.bz2#4afbf2cdf4e6ad279080d3adb5cefaae
https://conda.anaconda.org/conda-forge/osx-64/pexpect-4.8.0-py37hc8dfbb8_1.tar.bz2#249ce152201450091b9dcfa4b1438590
https://conda.anaconda.org/conda-forge/osx-64/pickleshare-0.7.5-py37hc8dfbb8_1001.tar.bz2#ef95100f59e4cc126096c0e7d56ad6a6
https://conda.anaconda.org/conda-forge/osx-64/pillow-7.2.0-py37hfd78ece_1.tar.bz2#35a9fd2baf37bdb3d22b09ee1af82024
https://conda.anaconda.org/conda-forge/osx-64/psutil-5.7.2-py37h60d8a13_0.tar.bz2#2e23dfbbb0881cd6303ebfa62e30d3b8
https://conda.anaconda.org/conda-forge/osx-64/pyrsistent-0.17.3-py37h60d8a13_0.tar.bz2#94f2aed22c54c837e839b349e68a327c
https://conda.anaconda.org/conda-forge/osx-64/pysocks-1.7.1-py37hc8dfbb8_1.tar.bz2#e04eb80e387daf290b2a6a22dd4e5048
https://conda.anaconda.org/conda-forge/noarch/python-dateutil-2.8.1-py_0.tar.bz2#0d0150ed9c2d25817f5324108d3f7571
https://conda.anaconda.org/conda-forge/osx-64/pyyaml-5.3.1-py37h60d8a13_0.tar.bz2#f41f62be994b99a74b2ec3c3503f72a5
https://conda.anaconda.org/conda-forge/osx-64/pyzmq-19.0.2-py37hf1e22d8_0.tar.bz2#c2492af1a31813a2521b796b321d131f
https://conda.anaconda.org/conda-forge/osx-64/regex-2020.9.27-py37h60d8a13_0.tar.bz2#e060c442fbd4a4b4e51d524b00d7a34e
https://conda.anaconda.org/conda-forge/noarch/robotframework-lint-1.1-pyh9f0ad1d_0.tar.bz2#c3fa280c4a10c06e83f23193ef4ea5cc
https://conda.anaconda.org/conda-forge/noarch/robotframework-pabot-1.10.0-py_0.tar.bz2#34b9ed99c11f7ce4bd211f6f8eeeafac
https://conda.anaconda.org/conda-forge/noarch/robotframework-pythonlibcore-2.1.0-py_0.tar.bz2#de381ef42de5c25524f5c43cd487a999
https://conda.anaconda.org/conda-forge/osx-64/tornado-6.0.4-py37h9bfed18_1.tar.bz2#829661629c8cea96982bbb9ec5431cb5
https://conda.anaconda.org/conda-forge/noarch/traitlets-5.0.4-py_1.tar.bz2#048e4f82f972565e99ac45a374120c36
https://conda.anaconda.org/conda-forge/osx-64/wrapt-1.11.2-py37h9bfed18_0.tar.bz2#ea188117ff4b67294e39af71820e47ae
https://conda.anaconda.org/conda-forge/noarch/zict-2.0.0-py_0.tar.bz2#4750152be22f24d695b3004c5e1712d3
https://conda.anaconda.org/conda-forge/osx-64/argon2-cffi-20.1.0-py37h60d8a13_1.tar.bz2#b04491c7ebd0cc299cba6cb2ed230d79
https://conda.anaconda.org/conda-forge/noarch/black-20.8b1-py_1.tar.bz2#e555d6b71ec916c3dc4e6e3793cc9796
https://conda.anaconda.org/conda-forge/osx-64/brotlipy-0.7.0-py37h60d8a13_1000.tar.bz2#ee7e46efaa42eebf0904ff8f8afb7739
https://conda.anaconda.org/conda-forge/osx-64/cmarkgfm-0.4.2-py37h1de35cc_2.tar.bz2#b4f0770bdab97346ae32e98fecde20dc
https://conda.anaconda.org/conda-forge/osx-64/cryptography-3.1.1-py37h94e4008_0.tar.bz2#953a1835057cbc47f59ce8a480345b8b
https://conda.anaconda.org/conda-forge/noarch/dask-core-2.28.0-py_0.tar.bz2#b4871113e3a1cdb32918e11852aac602
https://conda.anaconda.org/conda-forge/osx-64/deap-1.3.1-py37h94625e5_1.tar.bz2#bdb41b90492b061ded327a6026e4d81d
https://conda.anaconda.org/conda-forge/noarch/gitpython-3.1.8-py_0.tar.bz2#d2e334f84791504f98f0d014772a4d78
https://conda.anaconda.org/conda-forge/osx-64/imagecodecs-2020.5.30-py37h64a549b_2.tar.bz2#0326c8b6db0f96bfec569b038d36aa2b
https://conda.anaconda.org/conda-forge/noarch/imageio-2.9.0-py_0.tar.bz2#62ad9e579278e777d4abaa8c9312b6a7
https://conda.anaconda.org/conda-forge/noarch/importlib_metadata-2.0.0-0.tar.bz2#6ba1cc819e1a8268a1f5e44b95cae1c7
https://conda.anaconda.org/conda-forge/osx-64/jupyter_core-4.6.3-py37hc8dfbb8_1.tar.bz2#58c752f9d23bf3d6f04a1371cb55888e
https://conda.anaconda.org/conda-forge/osx-64/pandas-1.1.2-py37hdadc0f0_0.tar.bz2#e27a2fd0c3158ee2d56460488badf2d0
https://conda.anaconda.org/conda-forge/osx-64/pywavelets-1.1.1-py37h57c32b8_2.tar.bz2#8ab3a69a31388b720cf9450fc6c10500
https://conda.anaconda.org/conda-forge/osx-64/scipy-1.5.2-py37h2702c91_0.tar.bz2#b72d680bfba055e913a3a1314a73901f
https://conda.anaconda.org/conda-forge/osx-64/setuptools-49.6.0-py37hc8dfbb8_1.tar.bz2#29367ee44e5f376fe3bafbadf51c6e7b
https://conda.anaconda.org/conda-forge/osx-64/terminado-0.9.1-py37hc8dfbb8_0.tar.bz2#1183aa933ead7791a068657be422c925
https://conda.anaconda.org/conda-forge/noarch/traittypes-0.2.1-pyh9f0ad1d_2.tar.bz2#7d32ccb5334a6822c28af3e864550618
https://conda.anaconda.org/conda-forge/osx-64/astroid-2.4.2-py37hc8dfbb8_0.tar.bz2#6ea90c8c11d7c1cf374025e7376b2fd0
https://conda.anaconda.org/conda-forge/noarch/backports.functools_lru_cache-1.6.1-py_0.tar.bz2#d36df15eaef96549ce6231e3088fba54
https://conda.anaconda.org/conda-forge/noarch/bleach-3.2.1-pyh9f0ad1d_0.tar.bz2#d4506316b85679972c0b78d4d1c0b701
https://conda.anaconda.org/conda-forge/osx-64/distributed-2.28.0-py37hc8dfbb8_0.tar.bz2#b2fd69dd90a7136db590ff2daf2d389c
https://conda.anaconda.org/conda-forge/noarch/flake8-3.8.3-py_1.tar.bz2#aa903667fece7fa824b0647b2db6929e
https://conda.anaconda.org/conda-forge/osx-64/importnb-0.6.2-py37hc8dfbb8_0.tar.bz2#7ac032d626f305f438a019328aeb5feb
https://conda.anaconda.org/conda-forge/osx-64/isort-4.3.21-py37hc8dfbb8_1.tar.bz2#cd8265ffdeb7df94267a88f5c916a113
https://conda.anaconda.org/conda-forge/noarch/jinja2-2.11.2-pyh9f0ad1d_0.tar.bz2#e8a5d614d1a27bdba00059ca062a0551
https://conda.anaconda.org/conda-forge/noarch/joblib-0.16.0-py_0.tar.bz2#101f7628023ff2d43479ab66c73c3f72
https://conda.anaconda.org/conda-forge/osx-64/jsonschema-3.2.0-py37hc8dfbb8_1.tar.bz2#11b7f1fc53fc89eb0642fd2fbb04d7e6
https://conda.anaconda.org/conda-forge/noarch/jupyter_client-6.1.7-py_0.tar.bz2#bcaa486602c05413da0808b82898f60a
https://conda.anaconda.org/conda-forge/osx-64/keyring-21.4.0-py37hc8dfbb8_1.tar.bz2#65e3ee8205f18d1e26ab5250a6c9b7c6
https://conda.anaconda.org/conda-forge/osx-64/matplotlib-base-3.3.2-py37h886f89f_0.tar.bz2#f021f70a0f9b35c47c35e00d7e5cf882
https://conda.anaconda.org/conda-forge/noarch/networkx-2.5-py_0.tar.bz2#d836ad8453c22192357707026ca21653
https://conda.anaconda.org/conda-forge/osx-64/numba-0.51.2-py37h6d0141a_0.tar.bz2#3a1b2b21fb0a5104555907e93190a4f3
https://conda.anaconda.org/conda-forge/noarch/pip-20.2.3-py_0.tar.bz2#2a473e697f17443a8647c3d7d22043d3
https://conda.anaconda.org/conda-forge/osx-64/pluggy-0.13.1-py37hc8dfbb8_2.tar.bz2#7996fa61764b6ec6f021fec9fde00954
https://conda.anaconda.org/conda-forge/noarch/pygments-2.7.1-py_0.tar.bz2#9dbcbc1c57c179d2ac4fb79d9ed01c61
https://conda.anaconda.org/conda-forge/osx-64/pyopenssl-19.1.0-py37_0.tar.bz2#2236119952411416d83ac3fd5b7df19f
https://conda.anaconda.org/conda-forge/noarch/stopit-1.1.2-py_0.tar.bz2#a07ae164291cd456aa3012f44654a950
https://conda.anaconda.org/conda-forge/noarch/tifffile-2020.9.28-py_0.tar.bz2#93b42ef9f81e21dca38982dd2361ab45
https://conda.anaconda.org/conda-forge/osx-64/bokeh-2.2.1-py37hc8dfbb8_0.tar.bz2#340732a7a69dd8583e92a40c0a1cdb91
https://conda.anaconda.org/conda-forge/noarch/jupyterlab_pygments-0.1.2-pyh9f0ad1d_0.tar.bz2#2cbd910890bb328e8959246a1e16fac7
https://conda.anaconda.org/conda-forge/noarch/nbformat-5.0.7-py_0.tar.bz2#7f9984ee165126ac09d9eb678052783d
https://conda.anaconda.org/conda-forge/osx-64/pylint-2.6.0-py37hc8dfbb8_0.tar.bz2#78d2d030b41c488fd955e8efcb22759d
https://conda.anaconda.org/conda-forge/osx-64/pytest-6.1.0-py37hc8dfbb8_0.tar.bz2#065b98405bc0c9cc6357b2e5093cf8d2
https://conda.anaconda.org/conda-forge/noarch/readme_renderer-26.0-pyh9f0ad1d_0.tar.bz2#cf915ced3b3773e6cf20030c67598eec
https://conda.anaconda.org/conda-forge/osx-64/scikit-image-0.17.2-py37h6d0141a_2.tar.bz2#b3978f8d82a84db1955f9b0726cc436e
https://conda.anaconda.org/conda-forge/osx-64/scikit-learn-0.23.2-py37hb7e9fed_0.tar.bz2#cb2c0e3b19012c7037f1bc95dd545f88
https://conda.anaconda.org/conda-forge/noarch/urllib3-1.25.10-py_0.tar.bz2#82cde2a532177697e42a090add881db8
https://conda.anaconda.org/conda-forge/noarch/wcwidth-0.2.5-pyh9f0ad1d_2.tar.bz2#5266fcd697043c59621fda522b3d78ee
https://conda.anaconda.org/conda-forge/noarch/dask-2.28.0-py_0.tar.bz2#0d99df9f625b14356d3d701ba84a9ef1
https://conda.anaconda.org/conda-forge/noarch/nbclient-0.5.0-py_0.tar.bz2#1c95e6cf38f219566e281979a3a1bd27
https://conda.anaconda.org/conda-forge/noarch/prompt-toolkit-3.0.7-py_0.tar.bz2#32341741e1d778b2c54bb42191cf8571
https://conda.anaconda.org/conda-forge/noarch/pytest-azurepipelines-0.8.0-py_0.tar.bz2#d5049e4c7e1d2c60619b9bf7d9587877
https://conda.anaconda.org/conda-forge/noarch/pytest-cov-2.10.1-pyh9f0ad1d_0.tar.bz2#0d83b4ea58595e9f685c51ba31f63116
https://conda.anaconda.org/conda-forge/noarch/pytest-forked-1.2.0-pyh9f0ad1d_0.tar.bz2#d4bc635ac7fd58559a6f1a1f78354818
https://conda.anaconda.org/conda-forge/noarch/requests-2.24.0-pyh9f0ad1d_0.tar.bz2#786ef230ca5cf2536e9dee910fdf4f9f
https://conda.anaconda.org/conda-forge/noarch/scikit-mdr-0.4.4-py_1.tar.bz2#9ce428157b9f31e2d1f4e48b93556159
https://conda.anaconda.org/conda-forge/osx-64/selenium-3.141.0-py37h9bfed18_1001.tar.bz2#2fd1acc250ced775937fb2074ef87a5d
https://conda.anaconda.org/conda-forge/noarch/skrebate-0.61-pyh9f0ad1d_0.tar.bz2#a75047ba4c76ae7d75fb9b44f9b1a705
https://conda.anaconda.org/conda-forge/osx-64/umap-learn-0.4.6-py37hc8dfbb8_0.tar.bz2#8c4d4c7f04ac5e33bd8ac228d2945a46
https://conda.anaconda.org/conda-forge/noarch/yellowbrick-1.1-pyh9f0ad1d_0.tar.bz2#bd384f6c42307722b6759972b6cdc175
https://conda.anaconda.org/conda-forge/noarch/dask-glm-0.2.0-py_1.tar.bz2#7c9c5295a0499bf56bbf084578618af5
https://conda.anaconda.org/conda-forge/osx-64/ipython-7.18.1-py37hc6149b9_0.tar.bz2#cbe09101edeff4b41beb711754a25c3b
https://conda.anaconda.org/conda-forge/osx-64/nbconvert-6.0.6-py37hc8dfbb8_0.tar.bz2#49c04fcd794454d931b743992d7046ae
https://conda.anaconda.org/conda-forge/noarch/pyld-1.0.4-py_0.tar.bz2#480c455ace9049ba28b47b781f29299e
https://conda.anaconda.org/conda-forge/noarch/pytest-xdist-2.1.0-py_0.tar.bz2#6aa9ec3af23480d730075280390bf738
https://conda.anaconda.org/conda-forge/noarch/requests-toolbelt-0.9.1-py_0.tar.bz2#402668adee8fcba9a9c265cdc2a88f5a
https://conda.anaconda.org/conda-forge/noarch/robotframework-seleniumlibrary-4.5.0-pyh9f0ad1d_0.tar.bz2#032239f822b29aef45cc4579ae86d031
https://conda.anaconda.org/conda-forge/noarch/update_checker-0.18.0-pyh9f0ad1d_0.tar.bz2#a8dff3f315bd2ffe9f5ac2ff0501b2ac
https://conda.anaconda.org/conda-forge/noarch/dask-ml-1.7.0-py_0.tar.bz2#ffc9eea86e065cd464f6a141dda50127
https://conda.anaconda.org/conda-forge/osx-64/ipykernel-5.3.4-py37h43977f1_0.tar.bz2#ae9b2402087aafc35d34bd61cb3c49ec
https://conda.anaconda.org/conda-forge/noarch/tpot-0.11.5-pyh9f0ad1d_0.tar.bz2#ff4375f2c89dafeddcff1150ceec5bbe
https://conda.anaconda.org/conda-forge/osx-64/twine-3.2.0-py37hc8dfbb8_0.tar.bz2#6a368c57cf6edf949efa67d9a05bfe4f
https://conda.anaconda.org/conda-forge/osx-64/notebook-6.1.4-py37hc8dfbb8_0.tar.bz2#080717d83c8f45785d9fe9b07f170086
https://conda.anaconda.org/conda-forge/noarch/jupyterlab_server-1.2.0-py_0.tar.bz2#77d654573f19a836b326fb77ffd86860
https://conda.anaconda.org/conda-forge/osx-64/widgetsnbextension-3.5.1-py37hc8dfbb8_1.tar.bz2#eaaccfb283170b48913c642c9cc27965
https://conda.anaconda.org/conda-forge/noarch/ipywidgets-7.5.1-pyh9f0ad1d_1.tar.bz2#a7211644e1cf6a262c675635a78181f4
https://conda.anaconda.org/conda-forge/noarch/jupyterlab-2.2.8-py_0.tar.bz2#6c8bc607ef541e7f2c72f8e1058bf799
https://conda.anaconda.org/conda-forge/noarch/ipympl-0.5.8-pyh9f0ad1d_0.tar.bz2#84bda5fc62751a0c365e1892eab92ff2
