# platform: osx-64
# env_hash: f2cf9f670fe37dcf1b668680f0a984e6de64d03c9d7d60d5fbe062f2b4d4ec26
@EXPLICIT
https://conda.anaconda.org/conda-forge/osx-64/_py-xgboost-mutex-2.0-cpu_0.tar.bz2#96dd44c2471a638fb9cdc40aa2573d1b
https://conda.anaconda.org/conda-forge/osx-64/bzip2-1.0.8-hc929b4f_4.tar.bz2#521b82c700a64bac7d8da27539422e91
https://conda.anaconda.org/conda-forge/osx-64/c-ares-1.17.1-hc929b4f_0.tar.bz2#24fc0b91a6eacc6753fef90514d67ce9
https://conda.anaconda.org/conda-forge/osx-64/ca-certificates-2020.12.5-h033912b_0.tar.bz2#4483d8ea13bd57b52e3539e741501a7d
https://conda.anaconda.org/conda-forge/osx-64/giflib-5.2.1-hbcb3906_2.tar.bz2#be8f747c37e4d7e346c133e641966750
https://conda.anaconda.org/conda-forge/osx-64/jpeg-9d-hbcb3906_0.tar.bz2#ff6fba028f282f94ceb10597d58a56e8
https://conda.anaconda.org/conda-forge/osx-64/jxrlib-1.1-h35c211d_2.tar.bz2#1c2379fd9d5d4ecb151231f6282e699d
https://conda.anaconda.org/conda-forge/osx-64/libcxx-11.0.0-h4c3b8ed_1.tar.bz2#6a22f1c899bcf110c39cd6d959a8555e
https://conda.anaconda.org/conda-forge/osx-64/libev-4.33-haf1e3a3_1.tar.bz2#79dc2be110b2a3d1e97ec21f691c50ad
https://conda.anaconda.org/conda-forge/osx-64/libiconv-1.16-haf1e3a3_0.tar.bz2#c5fab167412a52e491c8e11453ae016f
https://conda.anaconda.org/conda-forge/osx-64/libsodium-1.0.18-hbcb3906_1.tar.bz2#24632c09ed931af617fe6d5292919cab
https://conda.anaconda.org/conda-forge/osx-64/libuv-1.40.0-haf1e3a3_0.tar.bz2#a03a7242a8eb9ea9f75310020d30ac5e
https://conda.anaconda.org/conda-forge/osx-64/libwebp-base-1.1.0-hbcb3906_3.tar.bz2#ed1a1f1a709a44125a72e086c2aa405c
https://conda.anaconda.org/conda-forge/osx-64/llvm-openmp-11.0.0-h73239a0_1.tar.bz2#40126f3a0c6b2a0fba13214e6ff90ff9
https://conda.anaconda.org/conda-forge/osx-64/ncurses-6.2-h2e338ed_4.tar.bz2#9cef1910395d1543527583e73dba30f1
https://conda.anaconda.org/conda-forge/osx-64/pandoc-2.11.3.1-h35c211d_0.tar.bz2#d6d3871ead4fa76356c3b3da7e7dd189
https://conda.anaconda.org/conda-forge/osx-64/perl-5.32.0-hbcb3906_0.tar.bz2#886f787e1665e30934fe503eb717274c
https://conda.anaconda.org/conda-forge/osx-64/xz-5.2.5-haf1e3a3_1.tar.bz2#41116deb499e9bc58048c297d6403ce6
https://conda.anaconda.org/conda-forge/osx-64/yaml-0.2.5-haf1e3a3_0.tar.bz2#84c2fc186995c25a43e86ed708065572
https://conda.anaconda.org/conda-forge/osx-64/zlib-1.2.11-h7795811_1010.tar.bz2#7d39e47e16ed0107f37c7224d5b5be8b
https://conda.anaconda.org/conda-forge/osx-64/blosc-1.20.1-hb1e8313_0.tar.bz2#d70e2a1b70e8e845def5d28a3c138607
https://conda.anaconda.org/conda-forge/osx-64/brotli-1.0.9-hb1e8313_3.tar.bz2#d0f11fb741ea6ff57c81bc82cb6bd473
https://conda.anaconda.org/conda-forge/osx-64/charls-2.1.0-h046ec9c_2.tar.bz2#762233a7f5a0b3445348eec42f3eaf7f
https://conda.anaconda.org/conda-forge/osx-64/expat-2.2.9-hb1e8313_2.tar.bz2#5674668524163888bba8f8c04223c323
https://conda.anaconda.org/conda-forge/osx-64/firefox-78.6.0esr-h046ec9c_0.tar.bz2#a264b6ae21d1ccc3b15a6391abe60e3d
https://conda.anaconda.org/conda-forge/osx-64/geckodriver-0.28.0-h2e338ed_0.tar.bz2#4ad3d0ddaf4a6fd8dee051b1f8b2e2f5
https://conda.anaconda.org/conda-forge/osx-64/icu-68.1-h74dc148_0.tar.bz2#e4e7f8580abd1275ea2250fe606b66ac
https://conda.anaconda.org/conda-forge/osx-64/lerc-2.2-hb1e8313_0.tar.bz2#892b78e0bdddc297b783df006f480f11
https://conda.anaconda.org/conda-forge/osx-64/libaec-1.0.4-h046ec9c_1.tar.bz2#b573eb14edcd87c201135eedc7057361
https://conda.anaconda.org/conda-forge/osx-64/libedit-3.1.20191231-hed1e85f_2.tar.bz2#779da5393199c3af97bd8f12c804b749
https://conda.anaconda.org/conda-forge/osx-64/libffi-3.3-h046ec9c_2.tar.bz2#c7a196accaf92d40985d5c9b4d14f9cb
https://conda.anaconda.org/conda-forge/osx-64/libgfortran5-9.3.0-h6c81a4c_14.tar.bz2#e13f06d8f3b8c8af06ecad21aa05d832
https://conda.anaconda.org/conda-forge/osx-64/libllvm10-10.0.1-h009f743_3.tar.bz2#cc65eb0b26253d2789320bfd661852f9
https://conda.anaconda.org/conda-forge/osx-64/libpng-1.6.37-hb0a8c7a_2.tar.bz2#152469e831f8558f76c63e841b934f87
https://conda.anaconda.org/conda-forge/osx-64/libxgboost-1.3.0-h046ec9c_1.tar.bz2#3677983a19a5243c82f496599e64118a
https://conda.anaconda.org/conda-forge/osx-64/libzopfli-1.0.3-h046ec9c_0.tar.bz2#55f3f5c9bccca18d33cb3a4bcfe002d7
https://conda.anaconda.org/conda-forge/osx-64/lz4-c-1.9.2-hb1e8313_3.tar.bz2#7737f6db9eb5e572d22b88b667d1f3f9
https://conda.anaconda.org/conda-forge/osx-64/mkl-2020.4-h08c4f10_301.tar.bz2#8268ec76043b696a63a08da0c402e1d7
https://conda.anaconda.org/conda-forge/osx-64/ninja-1.10.2-h9a9d8cb_0.tar.bz2#28fcab57523941b7b95293169e7797d2
https://conda.anaconda.org/conda-forge/osx-64/openssl-1.1.1i-h35c211d_0.tar.bz2#f26df9ccde4b41ff4d2b18c83c4d0fd3
https://conda.anaconda.org/conda-forge/osx-64/pcre-8.44-hb1e8313_0.tar.bz2#e1c1a939ae5ecd32f13db1f742b434e5
https://conda.anaconda.org/conda-forge/osx-64/readline-8.0-h0678c8f_2.tar.bz2#8f69d684fce8e73328995d7efb77816a
https://conda.anaconda.org/conda-forge/osx-64/snappy-1.1.8-hb1e8313_3.tar.bz2#73b65b3935375b56deb96f6794ed721e
https://conda.anaconda.org/conda-forge/osx-64/tbb-2020.2-h926bf3e_1.tar.bz2#f03ca9bbc4373211c373a673b4bce1ba
https://conda.anaconda.org/conda-forge/osx-64/tk-8.6.10-hb0a8c7a_1.tar.bz2#f7477bf81dcfc7b4dddc7b3790a99a0c
https://conda.anaconda.org/conda-forge/osx-64/zeromq-4.3.3-h74dc148_3.tar.bz2#365c52e91cb00d96d15bef9eddf9f7f8
https://conda.anaconda.org/conda-forge/osx-64/zfp-0.5.5-hb1e8313_4.tar.bz2#98eb18b29a6c11951d07f637809606a7
https://conda.anaconda.org/conda-forge/osx-64/brunsli-0.1-hb1e8313_0.tar.bz2#657cf3238b9d94ab54e6d24b4a1f80dc
https://conda.anaconda.org/conda-forge/osx-64/freetype-2.10.4-ha233b18_0.tar.bz2#07a48a7d4d8c5a44edd6c94d2bb0b383
https://conda.anaconda.org/conda-forge/osx-64/gettext-0.19.8.1-h7937167_1005.tar.bz2#52fd84c5cc5d61a6e05885f44d033efa
https://conda.anaconda.org/conda-forge/osx-64/krb5-1.17.2-h60d9502_0.tar.bz2#abf2add2a1ade1920b25a8f3327a1aa0
https://conda.anaconda.org/conda-forge/osx-64/libblas-3.8.0-21_mkl.tar.bz2#d1734e1ccf9c174c867148386171251b
https://conda.anaconda.org/conda-forge/osx-64/libgfortran-5.0.0-h6c81a4c_14.tar.bz2#eb4946815998a5420d9093c19acb156e
https://conda.anaconda.org/conda-forge/osx-64/libnghttp2-1.41.0-h7580e61_2.tar.bz2#1731a2e73e2d68d455a1b8b8de0265dc
https://conda.anaconda.org/conda-forge/osx-64/libssh2-1.9.0-h39bdce6_5.tar.bz2#476b4daa896469326286db3a37e23190
https://conda.anaconda.org/conda-forge/osx-64/libxml2-2.9.10-h802ca4f_3.tar.bz2#42435730cf54092342e0c3eb571b511b
https://conda.anaconda.org/conda-forge/osx-64/nodejs-14.15.1-heaeed3d_0.tar.bz2#ab7d3bb7b92c6b6f8a3e8b7f33019ff4
https://conda.anaconda.org/conda-forge/osx-64/sqlite-3.34.0-h17101e1_0.tar.bz2#9e9694f119bb1a2362a0cc0249651835
https://conda.anaconda.org/conda-forge/osx-64/zstd-1.4.5-h0384e3a_2.tar.bz2#9fc03147df58a6ecd6f4013d85357283
https://conda.anaconda.org/conda-forge/osx-64/fossil-2.13-hfebd629_0.tar.bz2#844a46cc318449f461074186d9e43894
https://conda.anaconda.org/conda-forge/osx-64/libcblas-3.8.0-21_mkl.tar.bz2#a1b5801372b17a844670370cc78ec45b
https://conda.anaconda.org/conda-forge/osx-64/libcurl-7.71.1-h9bf37e3_8.tar.bz2#1a136204085b4c620fe2ed74fb1112bf
https://conda.anaconda.org/conda-forge/osx-64/liblapack-3.8.0-21_mkl.tar.bz2#11a3f58a4110092ef0e095471bb4d5da
https://conda.anaconda.org/conda-forge/osx-64/libtiff-4.2.0-h355d032_0.tar.bz2#ad3cbf0f77b9f89df082eef584d9009a
https://conda.anaconda.org/conda-forge/osx-64/libxslt-1.1.33-h5739fc3_2.tar.bz2#14333dae9eef1116162a1bb6119d3537
https://conda.anaconda.org/conda-forge/osx-64/python-3.7.9-h6c3b2c9_0_cpython.tar.bz2#4c219f7d8f80d5dcd978ae575974e0ff
https://conda.anaconda.org/conda-forge/noarch/apipkg-1.5-py_0.tar.bz2#4e79696efff4eae6cbcbeddbb5bbb5ee
https://conda.anaconda.org/conda-forge/noarch/appdirs-1.4.4-pyh9f0ad1d_0.tar.bz2#5f095bc6454094e96f146491fd03633b
https://conda.anaconda.org/conda-forge/noarch/async-timeout-3.0.1-py_1000.tar.bz2#8b11024b2762a07aaa07d2743231a41b
https://conda.anaconda.org/conda-forge/noarch/async_generator-1.10-py_0.tar.bz2#d56c596e61b1c4952acf0a9920856c12
https://conda.anaconda.org/conda-forge/noarch/attrs-20.3.0-pyhd3deb0d_0.tar.bz2#5b319abb055eefcfa344bc21378ca23f
https://conda.anaconda.org/conda-forge/noarch/backcall-0.2.0-pyh9f0ad1d_0.tar.bz2#6006a6d08a3fa99268a2681c7fb55213
https://conda.anaconda.org/conda-forge/noarch/backports-1.0-py_2.tar.bz2#0da16b293affa6ac31812376f8eb79dd
https://conda.anaconda.org/conda-forge/noarch/cachetools-4.1.1-py_0.tar.bz2#d424f5ac67137e79906ba5cc63354876
https://conda.anaconda.org/conda-forge/noarch/click-7.1.2-pyh9f0ad1d_0.tar.bz2#bd50a970ce07e660c319fdc4d730d3f1
https://conda.anaconda.org/conda-forge/noarch/cloudpickle-1.6.0-py_0.tar.bz2#76d764d8881719e305f6fa368dc2b65e
https://conda.anaconda.org/conda-forge/noarch/colorama-0.4.4-pyh9f0ad1d_0.tar.bz2#c08b4c1326b880ed44f3ffb04803332f
https://conda.anaconda.org/conda-forge/osx-64/curl-7.71.1-hcb81553_8.tar.bz2#82d166def6b920c17688f9ec0d766908
https://conda.anaconda.org/conda-forge/osx-64/dataclasses-0.7-py37_0.tar.bz2#ee9dffd6fd9408ea733560f40a11dc4d
https://conda.anaconda.org/conda-forge/noarch/decorator-4.4.2-py_0.tar.bz2#d2eabb9cabd212e1ec6a9463bd846243
https://conda.anaconda.org/conda-forge/noarch/defusedxml-0.6.0-py_0.tar.bz2#37e1033daee0e2edaa5ff42584c52b21
https://conda.anaconda.org/conda-forge/noarch/frozendict-1.2-pyh9f0ad1d_3.tar.bz2#6916a506e34f8f17382f5abf3e6368bb
https://conda.anaconda.org/conda-forge/noarch/fsspec-0.8.5-pyhd8ed1ab_0.tar.bz2#6f86dae0901b373f96b7e92768ef6ebe
https://conda.anaconda.org/conda-forge/noarch/heapdict-1.0.1-py_0.tar.bz2#77242bfb1e74a627fb06319b5a2d3b95
https://conda.anaconda.org/conda-forge/noarch/idna-2.10-pyh9f0ad1d_0.tar.bz2#f95a12b4f435aae6680fe55ae2eb1b06
https://conda.anaconda.org/conda-forge/noarch/iniconfig-1.1.1-pyh9f0ad1d_0.tar.bz2#39161f81cc5e5ca45b8226fbb06c6905
https://conda.anaconda.org/conda-forge/noarch/ipython_genutils-0.2.0-py_1.tar.bz2#5071c982548b3a20caf70462f04f5287
https://conda.anaconda.org/conda-forge/noarch/json-e-4.3.0-pyh9f0ad1d_0.tar.bz2#1b6ff3680746298b843f79039b63d219
https://conda.anaconda.org/conda-forge/noarch/json5-0.9.5-pyh9f0ad1d_0.tar.bz2#10759827a94e6b14996e81fb002c0bda
https://conda.anaconda.org/conda-forge/noarch/jsonpointer-2.0-py_0.tar.bz2#07d85c22a3beb102a48cd123df84c2a6
https://conda.anaconda.org/conda-forge/osx-64/lcms2-2.11-hdc706ca_1.tar.bz2#860455bc3afba9dd2971292f67f1ac38
https://conda.anaconda.org/conda-forge/noarch/lime-0.2.0.1-pyh9f0ad1d_0.tar.bz2#b66e5cbd62ab93000794d7bb9cb985b5
https://conda.anaconda.org/conda-forge/noarch/locket-0.2.0-py_2.tar.bz2#709e8671651c7ec3d1ad07800339ff1d
https://conda.anaconda.org/conda-forge/noarch/mccabe-0.6.1-py_1.tar.bz2#a326cb400c1ccd91789f3e7d02124d61
https://conda.anaconda.org/conda-forge/noarch/more-itertools-8.6.0-pyhd8ed1ab_0.tar.bz2#980af7a97980ad4cc867b3c1fad782e7
https://conda.anaconda.org/conda-forge/noarch/nest-asyncio-1.4.3-pyhd8ed1ab_0.tar.bz2#a1f2fda4d88c624810bf2029aa4c0827
https://conda.anaconda.org/conda-forge/noarch/olefile-0.46-pyh9f0ad1d_1.tar.bz2#0b2e68acc8c78c8cc392b90983481f58
https://conda.anaconda.org/conda-forge/osx-64/openjpeg-2.3.1-hcdae239_3.tar.bz2#26d248692ce738c419e2a1a43b0831d7
https://conda.anaconda.org/conda-forge/noarch/pandocfilters-1.4.2-py_1.tar.bz2#ba6f4a308f1ea22abe1d72e72544af76
https://conda.anaconda.org/conda-forge/noarch/parso-0.7.1-pyh9f0ad1d_0.tar.bz2#f66647d1ec805566d72ac26f62b19c01
https://conda.anaconda.org/conda-forge/noarch/pathspec-0.8.1-pyhd3deb0d_0.tar.bz2#fcd2fbb062b55d14a77e664c89ee17a6
https://conda.anaconda.org/conda-forge/noarch/pkginfo-1.6.1-pyh9f0ad1d_0.tar.bz2#9624126b9ae8f1004c137b111a817281
https://conda.anaconda.org/conda-forge/noarch/prometheus_client-0.9.0-pyhd3deb0d_0.tar.bz2#c7af95daf5bae22ead34151e0ab9d041
https://conda.anaconda.org/conda-forge/osx-64/ptyprocess-0.6.0-py37_1000.tar.bz2#c328ccf3385f45ade6bc86cd8c9f009f
https://conda.anaconda.org/conda-forge/noarch/py-1.10.0-pyhd3deb0d_0.tar.bz2#88ca1328ecc79a070214aa24911bace8
https://conda.anaconda.org/conda-forge/noarch/pycodestyle-2.6.0-pyh9f0ad1d_0.tar.bz2#a08d6f5a610c7194da158add79f2b018
https://conda.anaconda.org/conda-forge/noarch/pycparser-2.20-pyh9f0ad1d_2.tar.bz2#aa798d50ffd182a0f6f31478c7f434f6
https://conda.anaconda.org/conda-forge/noarch/pyflakes-2.2.0-pyh9f0ad1d_0.tar.bz2#b13f3395d2eb4a2705629127a8a8cfaa
https://conda.anaconda.org/conda-forge/noarch/pyparsing-2.4.7-pyh9f0ad1d_0.tar.bz2#626c4f20d5bf06dcec9cf2eaa31725c7
https://conda.anaconda.org/conda-forge/osx-64/python_abi-3.7-1_cp37m.tar.bz2#d2cb192f8948ea603927a71f015574dd
https://conda.anaconda.org/conda-forge/noarch/pytz-2020.4-pyhd8ed1ab_0.tar.bz2#14aefc827cbbd156cb1bd9e992210380
https://conda.anaconda.org/conda-forge/noarch/rfc3986-1.4.0-pyh9f0ad1d_0.tar.bz2#4dd11e722e5a29afc55e5d7f15782130
https://conda.anaconda.org/conda-forge/noarch/robotframework-3.2.2-pyh9f0ad1d_0.tar.bz2#1faf44d9a76019b0a3da4d02dead93ec
https://conda.anaconda.org/conda-forge/noarch/send2trash-1.5.0-py_0.tar.bz2#c3779037a635e1150f1c53c28b875949
https://conda.anaconda.org/conda-forge/noarch/simpervisor-0.3-py_1.tar.bz2#fe08b77a681a541161b2b42fbd78d117
https://conda.anaconda.org/conda-forge/noarch/six-1.15.0-pyh9f0ad1d_0.tar.bz2#1eec421f0f1f39e579e44e4a5ce646a2
https://conda.anaconda.org/conda-forge/noarch/smmap-3.0.4-pyh9f0ad1d_0.tar.bz2#102f29e2015d9311c86996a20ce866ae
https://conda.anaconda.org/conda-forge/noarch/sortedcontainers-2.3.0-pyhd8ed1ab_0.tar.bz2#2f5b87cd0bdf1822b62e40909f471db4
https://conda.anaconda.org/conda-forge/noarch/tblib-1.6.0-py_0.tar.bz2#0e1562c39e804e0d7df8650626379caa
https://conda.anaconda.org/conda-forge/noarch/testpath-0.4.4-py_0.tar.bz2#3b98fff4d5342bebde2ecaa314f796f9
https://conda.anaconda.org/conda-forge/noarch/threadpoolctl-2.1.0-pyh5ca1d4c_0.tar.bz2#9eb32b63458380aa3804de519b6e5749
https://conda.anaconda.org/conda-forge/noarch/toml-0.10.2-pyhd8ed1ab_0.tar.bz2#f832c45a477c78bebd107098db465095
https://conda.anaconda.org/conda-forge/noarch/toolz-0.11.1-py_0.tar.bz2#d1e66b58cb00b3817ad9f05eec098c00
https://conda.anaconda.org/conda-forge/noarch/tqdm-4.54.1-pyhd8ed1ab_1.tar.bz2#9baa73745bc4829da9e76e84313f9d26
https://conda.anaconda.org/conda-forge/noarch/typing_extensions-3.7.4.3-py_0.tar.bz2#12b96e382730541a4b332420227055ae
https://conda.anaconda.org/conda-forge/noarch/watchgod-0.6-py_0.tar.bz2#4499434e6002bd82fdd50a76ea2c7b2c
https://conda.anaconda.org/conda-forge/noarch/webencodings-0.5.1-py_1.tar.bz2#3563be4c5611a44210d9ba0c16113136
https://conda.anaconda.org/conda-forge/noarch/wheel-0.36.2-pyhd3deb0d_0.tar.bz2#768bfbe026426d0e76b377997d1f2b98
https://conda.anaconda.org/conda-forge/noarch/zipp-3.4.0-py_0.tar.bz2#0df927d2e46244cef8fd75d7ec2ba51c
https://conda.anaconda.org/conda-forge/osx-64/appnope-0.1.2-py37hf985489_0.tar.bz2#7b47e5d21eed791d536fbf92e385de80
https://conda.anaconda.org/conda-forge/osx-64/certifi-2020.12.5-py37hf985489_0.tar.bz2#9fcc641135db6236c4778856f7b628f3
https://conda.anaconda.org/conda-forge/osx-64/cffi-1.14.4-py37hc5b2277_1.tar.bz2#8faba82b9f7ae18fd2f998eefdbec46a
https://conda.anaconda.org/conda-forge/osx-64/chardet-3.0.4-py37h2987424_1008.tar.bz2#cc67a92b9d49d74caf6a71e6c8685141
https://conda.anaconda.org/conda-forge/osx-64/coverage-5.3.1-py37hf967b71_0.tar.bz2#dca495ecf30ce4ae8a737bfeef76258b
https://conda.anaconda.org/conda-forge/noarch/cycler-0.10.0-py_2.tar.bz2#f6d7c7e6d8f42cbbec7e07a8d879f91c
https://conda.anaconda.org/conda-forge/osx-64/cytoolz-0.11.0-py37he6e4e01_1.tar.bz2#163578eb8a7a6d90fac70e0d3a16da04
https://conda.anaconda.org/conda-forge/osx-64/docutils-0.16-py37hf985489_2.tar.bz2#2f0bbb68823507593c91d4e08a04541f
https://conda.anaconda.org/conda-forge/osx-64/entrypoints-0.3-py37hc8dfbb8_1002.tar.bz2#a16c8f3b8e001df820983e55ecd063fe
https://conda.anaconda.org/conda-forge/noarch/execnet-1.7.1-py_0.tar.bz2#b68d9d4464296840b68761d21487172a
https://conda.anaconda.org/conda-forge/osx-64/future-0.18.2-py37hf985489_2.tar.bz2#9eed4ab577b147e13f994e9cc5946a70
https://conda.anaconda.org/conda-forge/osx-64/git-2.29.2-pl5320h422953c_1.tar.bz2#bf72af5fa3739676c081e9edfc674443
https://conda.anaconda.org/conda-forge/noarch/gitdb-4.0.5-py_0.tar.bz2#94c135f9db6e89c6a848d3f7ae2cc66b
https://conda.anaconda.org/conda-forge/osx-64/importlib-metadata-3.3.0-py37hf985489_2.tar.bz2#2cb4cdff66da548c3bbd5ef392390488
https://conda.anaconda.org/conda-forge/osx-64/jedi-0.17.2-py37hf985489_1.tar.bz2#f31b483e11441fd2f85d89fa9fbd284a
https://conda.anaconda.org/conda-forge/osx-64/kiwisolver-1.3.1-py37h8ec247f_0.tar.bz2#db7d7d9541721d6b3a1867f47ba736d9
https://conda.anaconda.org/conda-forge/osx-64/lazy-object-proxy-1.4.3-py37h60d8a13_2.tar.bz2#27356c44e5ee14d579fac843443a162d
https://conda.anaconda.org/conda-forge/osx-64/llvmlite-0.35.0-py37hd739bdf_0.tar.bz2#5eb85c792c2c6e756335d9d3813ba3f6
https://conda.anaconda.org/conda-forge/osx-64/lxml-4.6.2-py37h52eb7ab_0.tar.bz2#4d55ddfba1e116c9b012c6526e0148ea
https://conda.anaconda.org/conda-forge/osx-64/macfsevents-0.8.1-py37h60d8a13_1001.tar.bz2#a378d2960f5fa8b97e322afc420b7143
https://conda.anaconda.org/conda-forge/osx-64/markupsafe-1.1.1-py37h395d20d_2.tar.bz2#c1a1e424c418d2a2c599951b3c33f77c
https://conda.anaconda.org/conda-forge/osx-64/mistune-0.8.4-py37h60d8a13_1002.tar.bz2#1f617174bfbec3df7132821c50587760
https://conda.anaconda.org/conda-forge/osx-64/msgpack-python-1.0.2-py37h70f7d40_0.tar.bz2#28d0f5bf045e7b89456ea157f6592e24
https://conda.anaconda.org/conda-forge/osx-64/multidict-5.1.0-py37hf967b71_0.tar.bz2#b305aeaf09191d71a079b2aabc11987f
https://conda.anaconda.org/conda-forge/noarch/multipledispatch-0.6.0-py_0.tar.bz2#1073dc92c8f247d94ac14dd79ca0bbec
https://conda.anaconda.org/conda-forge/osx-64/mypy_extensions-0.4.3-py37hf985489_2.tar.bz2#ba64dcd242c4321966c6d197e468c26a
https://conda.anaconda.org/conda-forge/osx-64/numpy-1.19.4-py37hec87de9_2.tar.bz2#d4c08181fa6c5767b528d2d3248b44d2
https://conda.anaconda.org/conda-forge/noarch/packaging-20.8-pyhd3deb0d_0.tar.bz2#1e483acb0f72b1611b50942458720169
https://conda.anaconda.org/conda-forge/noarch/partd-1.1.0-py_0.tar.bz2#4afbf2cdf4e6ad279080d3adb5cefaae
https://conda.anaconda.org/conda-forge/osx-64/pexpect-4.8.0-py37hc8dfbb8_1.tar.bz2#249ce152201450091b9dcfa4b1438590
https://conda.anaconda.org/conda-forge/osx-64/pickleshare-0.7.5-py37hc8dfbb8_1002.tar.bz2#4c04e7491847c37e277f06b0e8c5b6b6
https://conda.anaconda.org/conda-forge/osx-64/pillow-8.0.1-py37hf860fee_0.tar.bz2#852f45f68eb12e880ac7b494940a5df4
https://conda.anaconda.org/conda-forge/osx-64/psutil-5.8.0-py37hf967b71_0.tar.bz2#fc1173d962928a2bc3eaa697c4a55879
https://conda.anaconda.org/conda-forge/osx-64/pyrsistent-0.17.3-py37h60d8a13_1.tar.bz2#5defd0d8f84ac7e47243b12efef128d3
https://conda.anaconda.org/conda-forge/osx-64/pysocks-1.7.1-py37h2987424_2.tar.bz2#23629f60986dc6f2125f32d26a0055e4
https://conda.anaconda.org/conda-forge/noarch/python-dateutil-2.8.1-py_0.tar.bz2#0d0150ed9c2d25817f5324108d3f7571
https://conda.anaconda.org/conda-forge/osx-64/pyyaml-5.3.1-py37h395d20d_1.tar.bz2#25dbf137d014d016d692de2c2f027250
https://conda.anaconda.org/conda-forge/osx-64/pyzmq-20.0.0-py37h47fd9b3_1.tar.bz2#a9a23d1570986e88128d16a4aed248db
https://conda.anaconda.org/conda-forge/osx-64/regex-2020.11.13-py37hf967b71_0.tar.bz2#db5546b7f8ba8c0f701ddcefe8b3a2a7
https://conda.anaconda.org/conda-forge/noarch/robotframework-lint-1.1-pyh9f0ad1d_0.tar.bz2#c3fa280c4a10c06e83f23193ef4ea5cc
https://conda.anaconda.org/conda-forge/noarch/robotframework-pabot-1.10.0-py_0.tar.bz2#34b9ed99c11f7ce4bd211f6f8eeeafac
https://conda.anaconda.org/conda-forge/noarch/robotframework-pythonlibcore-2.1.0-pyhd8ed1ab_1.tar.bz2#c20e2a5cca5be112eddedd02396897b9
https://conda.anaconda.org/conda-forge/osx-64/soupsieve-2.0.1-py37hc8dfbb8_0.tar.bz2#703b28ba98f3277973c7048254c5d55d
https://conda.anaconda.org/conda-forge/osx-64/tornado-6.1-py37h4b544eb_0.tar.bz2#40c23dc1f73b26064afceb2e3cee4e2c
https://conda.anaconda.org/conda-forge/noarch/traitlets-5.0.5-py_0.tar.bz2#99618ee9ab1323e40f231acdab92fe60
https://conda.anaconda.org/conda-forge/osx-64/typed-ast-1.4.1-py37hf967b71_1.tar.bz2#3130053cbb9d7045fa3dc0b107b955da
https://conda.anaconda.org/conda-forge/noarch/typing-extensions-3.7.4.3-0.tar.bz2#36bdcdb4c2bf1efb987f2e9e80f4c9a6
https://conda.anaconda.org/conda-forge/osx-64/wrapt-1.11.2-py37h60d8a13_1.tar.bz2#e86844725c958430cb4f598d9998c1d4
https://conda.anaconda.org/conda-forge/noarch/zict-2.0.0-py_0.tar.bz2#4750152be22f24d695b3004c5e1712d3
https://conda.anaconda.org/conda-forge/osx-64/argon2-cffi-20.1.0-py37h60d8a13_2.tar.bz2#596fc8a5b1009c0cae2cff3953f40685
https://conda.anaconda.org/conda-forge/noarch/beautifulsoup4-4.9.3-pyhb0f4dca_0.tar.bz2#d243a293d7303ab6195d96ce8c16b1cb
https://conda.anaconda.org/conda-forge/noarch/black-20.8b1-py_1.tar.bz2#e555d6b71ec916c3dc4e6e3793cc9796
https://conda.anaconda.org/conda-forge/osx-64/brotlipy-0.7.0-py37h395d20d_1001.tar.bz2#1407a480e4f9e14dc56546dc9263bdd2
https://conda.anaconda.org/conda-forge/osx-64/cmarkgfm-0.4.2-py37h60d8a13_3.tar.bz2#2bdab3d7a2cb034bb7701337ac5f6d38
https://conda.anaconda.org/conda-forge/osx-64/cryptography-3.3.1-py37haf76d9e_0.tar.bz2#9ed24db55b53c6931457804005b14032
https://conda.anaconda.org/conda-forge/noarch/dask-core-2020.12.0-pyhd8ed1ab_0.tar.bz2#d8092d6899074d4303ec541eff2946d4
https://conda.anaconda.org/conda-forge/osx-64/deap-1.3.1-py37h6d0141a_2.tar.bz2#dddc61b628bd0203c4fb711bd0f5bd6e
https://conda.anaconda.org/conda-forge/osx-64/doit-0.33.1-py37hc8dfbb8_1.tar.bz2#e4732773cfbfc471906fac96cdc85827
https://conda.anaconda.org/conda-forge/noarch/gitpython-3.1.11-py_0.tar.bz2#4b723fdb7778db332faa8f2613fe6bf3
https://conda.anaconda.org/conda-forge/osx-64/imagecodecs-2020.5.30-py37hf4bcbe5_4.tar.bz2#9e3b180f429bfb5e17db3ed614c2ce4a
https://conda.anaconda.org/conda-forge/noarch/imageio-2.9.0-py_0.tar.bz2#62ad9e579278e777d4abaa8c9312b6a7
https://conda.anaconda.org/conda-forge/noarch/importlib_metadata-3.3.0-hd8ed1ab_2.tar.bz2#936c79b1b03cec81f74fb88f4fb4caa8
https://conda.anaconda.org/conda-forge/osx-64/jupyter_core-4.7.0-py37hf985489_0.tar.bz2#9f60c9d0cf30fb24bcb3cf5326d1d0f2
https://conda.anaconda.org/conda-forge/osx-64/pandas-1.1.5-py37h010c265_0.tar.bz2#4508bca7af2215c750c39bbd66a46dcb
https://conda.anaconda.org/conda-forge/osx-64/pytorch-cpu-1.6.0-cpu_py37hdb6b5e6_1.tar.bz2#8dadf52a8ade880db3f14ead694dacab
https://conda.anaconda.org/conda-forge/osx-64/pywavelets-1.1.1-py37h37391d0_3.tar.bz2#1432c6ff1237725121ad82373480648c
https://conda.anaconda.org/conda-forge/osx-64/scipy-1.5.3-py37h821cff1_0.tar.bz2#ead2a17f7d7aa03d4dd816a8759d0d88
https://conda.anaconda.org/conda-forge/osx-64/setuptools-49.6.0-py37h2987424_2.tar.bz2#3d0ef7d49d82130fc8374190238dc989
https://conda.anaconda.org/conda-forge/osx-64/terminado-0.9.1-py37hf985489_1.tar.bz2#465e91e1ed9dff4e921507823d270d10
https://conda.anaconda.org/conda-forge/noarch/traittypes-0.2.1-pyh9f0ad1d_2.tar.bz2#7d32ccb5334a6822c28af3e864550618
https://conda.anaconda.org/conda-forge/osx-64/yarl-1.6.3-py37hf967b71_0.tar.bz2#0eccc98b3f5656c539e06fb3e060319d
https://conda.anaconda.org/conda-forge/osx-64/aiohttp-3.7.3-py37hf967b71_0.tar.bz2#ab8f8a58e387e74012e4e4256d6514a1
https://conda.anaconda.org/conda-forge/osx-64/astroid-2.4.2-py37hc8dfbb8_1.tar.bz2#9ae96ccacc3eab94bd588b275063dfdc
https://conda.anaconda.org/conda-forge/noarch/backports.functools_lru_cache-1.6.1-py_0.tar.bz2#d36df15eaef96549ce6231e3088fba54
https://conda.anaconda.org/conda-forge/noarch/bleach-3.2.1-pyh9f0ad1d_0.tar.bz2#d4506316b85679972c0b78d4d1c0b701
https://conda.anaconda.org/conda-forge/noarch/bs4-4.9.3-0.tar.bz2#910cc4c9bd7a32f32c7f1fb388e1dd6e
https://conda.anaconda.org/conda-forge/osx-64/distributed-2020.12.0-py37hf985489_0.tar.bz2#92c30dee0922e2eb859fce36e860f8ee
https://conda.anaconda.org/conda-forge/noarch/flake8-3.8.4-py_0.tar.bz2#138b1704321c115bd10e1966320ac790
https://conda.anaconda.org/conda-forge/osx-64/importlib_resources-3.3.0-py37hf985489_0.tar.bz2#08b4f53ad794bfb72607fd273a153d84
https://conda.anaconda.org/conda-forge/noarch/isort-5.6.4-py_0.tar.bz2#a04156e4dd31e86dd6215a78b255f56c
https://conda.anaconda.org/conda-forge/noarch/jinja2-2.11.2-pyh9f0ad1d_0.tar.bz2#e8a5d614d1a27bdba00059ca062a0551
https://conda.anaconda.org/conda-forge/noarch/joblib-1.0.0-pyhd8ed1ab_0.tar.bz2#2d9036ba47d26d88157c4eeab0693bfe
https://conda.anaconda.org/conda-forge/osx-64/jsonschema-3.2.0-py37hc8dfbb8_1.tar.bz2#11b7f1fc53fc89eb0642fd2fbb04d7e6
https://conda.anaconda.org/conda-forge/noarch/jupyter_client-6.1.7-py_0.tar.bz2#bcaa486602c05413da0808b82898f60a
https://conda.anaconda.org/conda-forge/osx-64/keyring-21.5.0-py37hf985489_0.tar.bz2#c85346f8024e9da534bfbe59658c1c4a
https://conda.anaconda.org/conda-forge/osx-64/matplotlib-base-3.3.3-py37hdacc966_0.tar.bz2#f81034275d11d51196afd19b22756867
https://conda.anaconda.org/conda-forge/noarch/networkx-2.5-py_0.tar.bz2#d836ad8453c22192357707026ca21653
https://conda.anaconda.org/conda-forge/osx-64/numba-0.52.0-py37h53bd85b_0.tar.bz2#5c55e467cd430a58418086a4a25a5b78
https://conda.anaconda.org/conda-forge/noarch/pip-20.3.3-pyhd8ed1ab_0.tar.bz2#c7e5c449e502567a995e4bd09c538faf
https://conda.anaconda.org/conda-forge/osx-64/pluggy-0.13.1-py37hc8dfbb8_3.tar.bz2#c6ea5bbedb81aa5ae6c2a36b84aebf12
https://conda.anaconda.org/conda-forge/noarch/pygments-2.7.3-pyhd8ed1ab_0.tar.bz2#d963eb6df37d0a32fd2c12eeae3f5cf9
https://conda.anaconda.org/conda-forge/noarch/pyopenssl-20.0.1-pyhd8ed1ab_0.tar.bz2#92371c25994d0f5d28a01c1fb75ebf86
https://conda.anaconda.org/conda-forge/noarch/stopit-1.1.2-py_0.tar.bz2#a07ae164291cd456aa3012f44654a950
https://conda.anaconda.org/conda-forge/noarch/tifffile-2020.12.8-pyhd8ed1ab_0.tar.bz2#985c2d8fce8fcaa33e868ff5e7ceb48f
https://conda.anaconda.org/conda-forge/osx-64/bokeh-2.2.3-py37hf985489_0.tar.bz2#6e96c1c721f06414a3151a8701f537ad
https://conda.anaconda.org/conda-forge/noarch/importnb-0.7.0-pyhd8ed1ab_0.tar.bz2#73d3885a2fc883f4d19bc7b70baa37d2
https://conda.anaconda.org/conda-forge/noarch/jupyterlab_pygments-0.1.2-pyh9f0ad1d_0.tar.bz2#2cbd910890bb328e8959246a1e16fac7
https://conda.anaconda.org/conda-forge/noarch/nbformat-5.0.8-py_0.tar.bz2#12aaf0d8795a5c375757b49a08e011a2
https://conda.anaconda.org/conda-forge/osx-64/pylint-2.6.0-py37hc8dfbb8_1.tar.bz2#27587838508e68af5a3d88c39983d254
https://conda.anaconda.org/conda-forge/osx-64/pytest-6.2.1-py37hf985489_0.tar.bz2#df1c1ee553ebc898bf1debf8dbfbcaf2
https://conda.anaconda.org/conda-forge/noarch/readme_renderer-27.0-pyh9f0ad1d_0.tar.bz2#38446dff7f69efd3fab98ab4dc68c0c8
https://conda.anaconda.org/conda-forge/osx-64/scikit-learn-0.23.2-py37ha0250bc_3.tar.bz2#61ce049e5760d5b05e6debddfb0ccc3d
https://conda.anaconda.org/conda-forge/noarch/urllib3-1.26.2-pyhd8ed1ab_0.tar.bz2#8bb930d172961c9ba9ffd6e10a64b844
https://conda.anaconda.org/conda-forge/noarch/wcwidth-0.2.5-pyh9f0ad1d_2.tar.bz2#5266fcd697043c59621fda522b3d78ee
https://conda.anaconda.org/conda-forge/noarch/dask-2020.12.0-pyhd8ed1ab_0.tar.bz2#b10d9c6984a9aebdbd26a311b3faf906
https://conda.anaconda.org/conda-forge/noarch/nbclient-0.5.1-py_0.tar.bz2#4efba375c50e6668cb5778e36d1f3a7e
https://conda.anaconda.org/conda-forge/noarch/prompt-toolkit-3.0.8-pyha770c72_0.tar.bz2#e4df54860ae814be2dba503c97748173
https://conda.anaconda.org/conda-forge/osx-64/py-xgboost-1.3.0-py37hf985489_1.tar.bz2#35f877707c61ea09df4e3458df518ca4
https://conda.anaconda.org/conda-forge/noarch/pytest-azurepipelines-0.8.0-py_0.tar.bz2#d5049e4c7e1d2c60619b9bf7d9587877
https://conda.anaconda.org/conda-forge/noarch/pytest-cov-2.10.1-pyh9f0ad1d_0.tar.bz2#0d83b4ea58595e9f685c51ba31f63116
https://conda.anaconda.org/conda-forge/noarch/pytest-forked-1.2.0-pyh9f0ad1d_0.tar.bz2#d4bc635ac7fd58559a6f1a1f78354818
https://conda.anaconda.org/conda-forge/noarch/requests-2.25.1-pyhd3deb0d_0.tar.bz2#ae687aba31a1c400192a86a2e993ffdc
https://conda.anaconda.org/conda-forge/noarch/scikit-mdr-0.4.4-py_1.tar.bz2#9ce428157b9f31e2d1f4e48b93556159
https://conda.anaconda.org/conda-forge/osx-64/selenium-3.141.0-py37h60d8a13_1002.tar.bz2#570d82c671ba032e8428d9bd54f36da5
https://conda.anaconda.org/conda-forge/noarch/skrebate-0.61-pyh9f0ad1d_0.tar.bz2#a75047ba4c76ae7d75fb9b44f9b1a705
https://conda.anaconda.org/conda-forge/osx-64/umap-learn-0.4.6-py37hc8dfbb8_0.tar.bz2#8c4d4c7f04ac5e33bd8ac228d2945a46
https://conda.anaconda.org/conda-forge/noarch/yellowbrick-1.2-pyh9f0ad1d_0.tar.bz2#3eef320f403216b68eba3a6424f96b9c
https://conda.anaconda.org/conda-forge/noarch/dask-glm-0.2.0-py_1.tar.bz2#7c9c5295a0499bf56bbf084578618af5
https://conda.anaconda.org/conda-forge/osx-64/ipython-7.19.0-py37he01cfaa_0.tar.bz2#1e0953c787e29cec2f9f9dd3a32cfeeb
https://conda.anaconda.org/conda-forge/osx-64/nbconvert-6.0.7-py37hf985489_3.tar.bz2#cbf915c9d112392238f5ecc98555e132
https://conda.anaconda.org/conda-forge/noarch/pooch-1.3.0-pyhd8ed1ab_0.tar.bz2#7041d42601fe3de878565ca84c952237
https://conda.anaconda.org/conda-forge/noarch/pyld-2.0.3-pyh9f0ad1d_0.tar.bz2#41ef210f5d38914f7c349f3698befe15
https://conda.anaconda.org/conda-forge/noarch/pytest-xdist-2.2.0-pyhd8ed1ab_0.tar.bz2#b4c969906732870a2e52208958730d6c
https://conda.anaconda.org/conda-forge/noarch/requests-toolbelt-0.9.1-py_0.tar.bz2#402668adee8fcba9a9c265cdc2a88f5a
https://conda.anaconda.org/conda-forge/noarch/robotframework-seleniumlibrary-4.5.0-pyh9f0ad1d_0.tar.bz2#032239f822b29aef45cc4579ae86d031
https://conda.anaconda.org/conda-forge/noarch/update_checker-0.18.0-pyh9f0ad1d_0.tar.bz2#a8dff3f315bd2ffe9f5ac2ff0501b2ac
https://conda.anaconda.org/conda-forge/noarch/dask-ml-1.7.0-py_0.tar.bz2#ffc9eea86e065cd464f6a141dda50127
https://conda.anaconda.org/conda-forge/osx-64/ipykernel-5.4.2-py37he01cfaa_0.tar.bz2#e8a11751b77c444f687ddc0fa79d4077
https://conda.anaconda.org/conda-forge/osx-64/scikit-image-0.18.0-py37h010c265_0.tar.bz2#dcf3da71ac328f6489edaa914d6d6e70
https://conda.anaconda.org/conda-forge/noarch/tpot-0.11.6.post3-pyhd3deb0d_0.tar.bz2#78120def91befbeeb56147675f2ef0df
https://conda.anaconda.org/conda-forge/osx-64/twine-3.2.0-py37hc8dfbb8_1.tar.bz2#64ece21bc1a857609bdad0786ff5cf0e
https://conda.anaconda.org/conda-forge/osx-64/notebook-6.1.5-py37hf985489_0.tar.bz2#c678b3bd1a538283c2ae072ff7c2b6cb
https://conda.anaconda.org/conda-forge/noarch/jupyter-server-proxy-1.5.2-pyhd8ed1ab_0.tar.bz2#08fa93739c390bffefd8965d47a52165
https://conda.anaconda.org/conda-forge/noarch/jupyterlab_server-1.2.0-py_0.tar.bz2#77d654573f19a836b326fb77ffd86860
https://conda.anaconda.org/conda-forge/osx-64/widgetsnbextension-3.5.1-py37hf985489_4.tar.bz2#6d710b69d390deed8dbf74c8b60e3f09
https://conda.anaconda.org/conda-forge/noarch/dask-labextension-4.0.1-pyhd8ed1ab_0.tar.bz2#db3edf649c44f12beedf58bf665dd03c
https://conda.anaconda.org/conda-forge/noarch/ipywidgets-7.5.1-pyh9f0ad1d_1.tar.bz2#a7211644e1cf6a262c675635a78181f4
https://conda.anaconda.org/conda-forge/noarch/jupyterlab-2.2.9-py_0.tar.bz2#df79e7a98be406acd32606d5bf7f8f52
https://conda.anaconda.org/conda-forge/noarch/ipympl-0.5.8-pyh9f0ad1d_0.tar.bz2#84bda5fc62751a0c365e1892eab92ff2
