# platform: win-64
# env_hash: c0f2a3fa61ee5a0ce38e2bc6d80a727976eb6a2df9650f90fffc001cd5b07487
@EXPLICIT
https://conda.anaconda.org/conda-forge/win-64/ca-certificates-2020.12.5-h5b45459_0.tar.bz2#f36a2988a9f57cffdc43929ba67a3a2a
https://conda.anaconda.org/conda-forge/win-64/vs2015_runtime-14.28.29325-h5e1d092_0.tar.bz2#4e4fc486090f90e00edfa9c7730e2771
https://conda.anaconda.org/conda-forge/win-64/vc-14.2-hb210afc_2.tar.bz2#6852e7ea3601522ab1d4fa60fec8c4fe
https://conda.anaconda.org/conda-forge/win-64/bzip2-1.0.8-h8ffe710_4.tar.bz2#7c03c66026944073040cb19a4f3ec3c9
https://conda.anaconda.org/conda-forge/win-64/libiconv-1.16-he774522_0.tar.bz2#bdfeadc9348e4d9fbe4821e81bf8f221
https://conda.anaconda.org/conda-forge/win-64/lz4-c-1.9.2-h62dcd97_2.tar.bz2#a90475bc5d6e86b41360b614b20aa973
https://conda.anaconda.org/conda-forge/win-64/lzo-2.10-he774522_1000.tar.bz2#d5cf4b7eaa52316f135eed9e8548ad57
https://conda.anaconda.org/conda-forge/win-64/openssl-1.1.1i-h8ffe710_0.tar.bz2#49729ddb4fec3c604009a80e0411bb47
https://conda.anaconda.org/conda-forge/win-64/reproc-14.2.1-h8ffe710_0.tar.bz2#8fdd355ebf4593385112b247a83f5806
https://conda.anaconda.org/conda-forge/win-64/sqlite-3.34.0-h8ffe710_0.tar.bz2#0887d420b945a5342cd03429d475658c
https://conda.anaconda.org/conda-forge/win-64/tk-8.6.10-h8ffe710_1.tar.bz2#0796b4624ee7797fca7819459a79c6e6
https://conda.anaconda.org/conda-forge/win-64/xz-5.2.5-h62dcd97_1.tar.bz2#eabcbfedd14d7c18a514afca09ea0ebb
https://conda.anaconda.org/conda-forge/win-64/yaml-0.2.5-he774522_0.tar.bz2#d41c34441d8bbb6d141e691ae7bccf35
https://conda.anaconda.org/conda-forge/win-64/zlib-1.2.11-h62dcd97_1010.tar.bz2#a4cdf389c5f73e60a0ca121ff77c22a9
https://conda.anaconda.org/conda-forge/win-64/krb5-1.17.2-hbae68bd_0.tar.bz2#36781bd85367e21cda881c9a5212ea9c
https://conda.anaconda.org/conda-forge/win-64/libsolv-0.7.16-h200bbdf_0.tar.bz2#0f1dd8c450a8c6f813f56712d6652ab1
https://conda.anaconda.org/conda-forge/win-64/libssh2-1.9.0-hb06d900_5.tar.bz2#d98a41c806a42bffd8b05a2e6f1132f1
https://conda.anaconda.org/conda-forge/win-64/libxml2-2.9.10-hf5bbc77_3.tar.bz2#4d2f9377b960b9f1425e91e13a30126c
https://conda.anaconda.org/conda-forge/win-64/python-3.8.6-h7840368_2_cpython.tar.bz2#520a80d47d16e7476924767faa00a839
https://conda.anaconda.org/conda-forge/win-64/reproc-cpp-14.2.1-h0e60522_0.tar.bz2#225f0c12c0bb4f118be96b1766466347
https://conda.anaconda.org/conda-forge/win-64/zstd-1.4.5-h1f3a1b7_2.tar.bz2#b35d995f210429648e920844701b57a9
https://conda.anaconda.org/conda-forge/noarch/appdirs-1.4.4-pyh9f0ad1d_0.tar.bz2#5f095bc6454094e96f146491fd03633b
https://conda.anaconda.org/conda-forge/noarch/click-7.1.2-pyh9f0ad1d_0.tar.bz2#bd50a970ce07e660c319fdc4d730d3f1
https://conda.anaconda.org/conda-forge/noarch/cloudpickle-1.6.0-py_0.tar.bz2#76d764d8881719e305f6fa368dc2b65e
https://conda.anaconda.org/conda-forge/noarch/filelock-3.0.12-pyh9f0ad1d_0.tar.bz2#7544ed05bbbe9bb687bc9bcbe4d6cb46
https://conda.anaconda.org/conda-forge/noarch/idna-2.10-pyh9f0ad1d_0.tar.bz2#f95a12b4f435aae6680fe55ae2eb1b06
https://conda.anaconda.org/conda-forge/win-64/libarchive-3.3.3-h793d221_1008.tar.bz2#f56196620d32a4bc3366f3984a09a495
https://conda.anaconda.org/conda-forge/win-64/libcurl-7.71.1-h4b64cdc_8.tar.bz2#47468949c81228d0f8a492a124688221
https://conda.anaconda.org/conda-forge/noarch/pycparser-2.20-pyh9f0ad1d_2.tar.bz2#aa798d50ffd182a0f6f31478c7f434f6
https://conda.anaconda.org/conda-forge/win-64/python_abi-3.8-1_cp38.tar.bz2#18ced0580562dca07ae039050748cc50
https://conda.anaconda.org/conda-forge/noarch/six-1.15.0-pyh9f0ad1d_0.tar.bz2#1eec421f0f1f39e579e44e4a5ce646a2
https://conda.anaconda.org/conda-forge/noarch/toml-0.10.2-pyhd8ed1ab_0.tar.bz2#f832c45a477c78bebd107098db465095
https://conda.anaconda.org/conda-forge/noarch/tqdm-4.54.1-pyhd8ed1ab_1.tar.bz2#9baa73745bc4829da9e76e84313f9d26
https://conda.anaconda.org/conda-forge/win-64/certifi-2020.12.5-py38haa244fe_0.tar.bz2#db40497e160e52cd67f94e491a75b63c
https://conda.anaconda.org/conda-forge/win-64/cffi-1.14.4-py38hd8c33c5_1.tar.bz2#2eafaa5f8f4f7e43cfb6dbee50bcb792
https://conda.anaconda.org/conda-forge/win-64/chardet-4.0.0-py38haa244fe_0.tar.bz2#a76a8157fc4e94294d483780a13ef8ad
https://conda.anaconda.org/conda-forge/noarch/click-default-group-1.2.1-py_0.tar.bz2#64a66d3d4db54208496c4e2fa822eeee
https://conda.anaconda.org/conda-forge/win-64/conda-package-handling-1.7.2-py38h8934438_0.tar.bz2#1ca25b162d15ecc058bd4a5823efdab8
https://conda.anaconda.org/conda-forge/win-64/doit-0.33.1-py38h32f6830_1.tar.bz2#8b263b9225a12d7d926b3266bcbd2d00
https://conda.anaconda.org/conda-forge/win-64/markupsafe-1.1.1-py38hab1e662_2.tar.bz2#0737676f52f6bb7d2260636434140519
https://conda.anaconda.org/conda-forge/win-64/pycosat-0.6.3-py38hab1e662_1005.tar.bz2#3a0328f48efcd174c25edf0b96b976e6
https://conda.anaconda.org/conda-forge/win-64/pywin32-228-py38h1e8a9f7_0.tar.bz2#de6d49682383d270aebb4ea67aa907e5
https://conda.anaconda.org/conda-forge/win-64/pyyaml-5.3.1-py38hab1e662_1.tar.bz2#25ce237676e0d4f8029d3440c2f4afc6
https://conda.anaconda.org/conda-forge/win-64/ruamel_yaml-0.15.80-py38hab1e662_1003.tar.bz2#9711d987f308f1bbe57cda60be49d520
https://conda.anaconda.org/conda-forge/win-64/win_inet_pton-1.1.0-py38h32f6830_1.tar.bz2#f387a5afa714e658385f33dcda93a802
https://conda.anaconda.org/conda-forge/win-64/wincertstore-0.2-py38h32f6830_1005.tar.bz2#8c253621e1f3121360b00b5ffe4626ff
https://conda.anaconda.org/conda-forge/win-64/brotlipy-0.7.0-py38hab1e662_1001.tar.bz2#2d6f5a730bc180307463869c63ac0cdd
https://conda.anaconda.org/conda-forge/win-64/cryptography-3.3.1-py38hd8c33c5_0.tar.bz2#b950bc33679bdeac0f8e2a68a0f1aa3c
https://conda.anaconda.org/conda-forge/win-64/menuinst-1.4.16-py38h32f6830_1.tar.bz2#924d596c7cc3f4967844902456fd1bdb
https://conda.anaconda.org/conda-forge/win-64/pysocks-1.7.1-py38h9bdc248_2.tar.bz2#6ed736e4e660a6ed5987b259b7f17fc1
https://conda.anaconda.org/conda-forge/win-64/setuptools-49.6.0-py38h9bdc248_2.tar.bz2#98726e11607788e59c4135db810e8521
https://conda.anaconda.org/conda-forge/noarch/jinja2-2.11.2-pyh9f0ad1d_0.tar.bz2#e8a5d614d1a27bdba00059ca062a0551
https://conda.anaconda.org/conda-forge/noarch/pyopenssl-20.0.1-pyhd8ed1ab_0.tar.bz2#92371c25994d0f5d28a01c1fb75ebf86
https://conda.anaconda.org/conda-forge/noarch/urllib3-1.26.2-pyhd8ed1ab_0.tar.bz2#8bb930d172961c9ba9ffd6e10a64b844
https://conda.anaconda.org/conda-forge/noarch/requests-2.25.1-pyhd3deb0d_0.tar.bz2#ae687aba31a1c400192a86a2e993ffdc
https://conda.anaconda.org/conda-forge/win-64/conda-4.9.2-py38haa244fe_0.tar.bz2#5ff32670bfd346ac4f90b2ab490f4dff
https://conda.anaconda.org/conda-forge/noarch/ensureconda-1.4.0-pyhd8ed1ab_0.tar.bz2#7e129c470f6d48c51a3eca543ddb9e71
https://conda.anaconda.org/conda-forge/noarch/conda-lock-0.7.3-pyhd8ed1ab_0.tar.bz2#559ade16cbab85c06f6d4ec0e202fbca
https://conda.anaconda.org/conda-forge/win-64/mamba-0.7.6-py38hd2bad33_0.tar.bz2#5a48672fa5ca971f1b92a0e9d4b48868
