# platform: win-64
# env_hash: 57825dbc4c7c837a50085a63cd1a90a6800bf45f77f619264c3b58aae5285d66
@EXPLICIT
https://conda.anaconda.org/conda-forge/win-64/git-2.28.0-1.tar.bz2#a892ace1a8eab2de0be545d9877949b1
https://conda.anaconda.org/anaconda/win-64/ca-certificates-2020.7.22-0.tar.bz2#8b5ce1cb61fe9f85d4cfbe83e1bbb988
https://conda.anaconda.org/anaconda/win-64/intel-openmp-2020.2-254.tar.bz2#13b89340e8948ab5e10a0d9ec4568282
https://conda.anaconda.org/msys2/win-64/msys2-conda-epoch-20160418-1.tar.bz2#6eaef3074f65f715ed1ca6b8a08be3aa
https://conda.anaconda.org/conda-forge/win-64/pandoc-2.10.1-he774522_0.tar.bz2#e8573e5a44209ff83fff5cdf04a793ad
https://conda.anaconda.org/conda-forge/win-64/vs2015_runtime-14.16.27012-h30e32a0_2.tar.bz2#37a0bcc72c5e97f5602dca37eb3f8314
https://conda.anaconda.org/conda-forge/win-64/winpty-0.4.3-4.tar.bz2#1cee351bf20b830d991dbe0bc8cd7dfe
https://conda.anaconda.org/msys2/win-64/m2w64-gmp-6.1.0-2.tar.bz2#fec04371463ec68eb8f5752a22c5b030
https://conda.anaconda.org/msys2/win-64/m2w64-libwinpthread-git-5.0.0.4634.697f757-2.tar.bz2#67e61e700eb27424979778fae9293f13
https://conda.anaconda.org/anaconda/win-64/mkl-2020.1-216.tar.bz2#aa5c6022f47e3d3bfd68f1910203a87d
https://conda.anaconda.org/conda-forge/win-64/nodejs-14.11.0-0.tar.bz2#f9a68640dc2126679aee1ff7648198ba
https://conda.anaconda.org/conda-forge/win-64/vc-14.1-h869be7e_1.tar.bz2#4fae57303daa91367eca263374e4a638
https://conda.anaconda.org/conda-forge/win-64/firefox-78.3.0esr-ha925a31_0.tar.bz2#4aaba9f18cbdbd90cf83c59bf149cb36
https://conda.anaconda.org/conda-forge/win-64/geckodriver-0.27.0-h33f27b4_0.tar.bz2#e795207bad71f429dd10dce3d205503e
https://conda.anaconda.org/conda-forge/win-64/libblas-3.8.0-16_mkl.tar.bz2#d4261be31826b1e79562b81eac587928
https://conda.anaconda.org/conda-forge/win-64/libiconv-1.16-he774522_0.tar.bz2#bdfeadc9348e4d9fbe4821e81bf8f221
https://conda.anaconda.org/conda-forge/win-64/libsodium-1.0.17-h2fa13f4_0.tar.bz2#c28ec9df95aa8f80fe77141c7d8ac633
https://conda.anaconda.org/msys2/win-64/m2w64-gcc-libs-core-5.3.0-7.tar.bz2#276d396bfe8d958f71173b7134f739fa
https://conda.anaconda.org/conda-forge/win-64/openssl-1.1.1g-he774522_1.tar.bz2#68c579bdc9f74f5b41b3155ea0b9bc8a
https://conda.anaconda.org/conda-forge/win-64/sqlite-3.33.0-he774522_0.tar.bz2#140a77a0a4634472a2e1563ef51b902f
https://conda.anaconda.org/conda-forge/win-64/tk-8.6.10-hfa6e2cd_0.tar.bz2#48e5690f81247c79aba2eb0228d791b4
https://conda.anaconda.org/conda-forge/win-64/yaml-0.2.5-he774522_0.tar.bz2#d41c34441d8bbb6d141e691ae7bccf35
https://conda.anaconda.org/conda-forge/win-64/zlib-1.2.11-h62dcd97_1009.tar.bz2#60df404ef18f148b39353459a4125fdb
https://conda.anaconda.org/conda-forge/win-64/fossil-2.12-h8fd7ccf_0.tar.bz2#472e0063949f9bc5cac8268a8ba6ec91
https://conda.anaconda.org/conda-forge/win-64/libcblas-3.8.0-16_mkl.tar.bz2#45758f3bdd9e9870ad2a3407a0f2d7c3
https://conda.anaconda.org/conda-forge/win-64/liblapack-3.8.0-16_mkl.tar.bz2#14fd1d20f1a0b493edabc88dc3517e46
https://conda.anaconda.org/conda-forge/win-64/libxml2-2.9.10-h1006b36_2.tar.bz2#9392b3214cbdde0d9e64f83915f91d45
https://conda.anaconda.org/msys2/win-64/m2w64-gcc-libgfortran-5.3.0-6.tar.bz2#de1b7f7c8221028f6bbe103df4c53bed
https://conda.anaconda.org/conda-forge/win-64/python-3.8.5-h60c2a47_8_cpython.tar.bz2#7b232874a3463247f28e2b0c34361198
https://conda.anaconda.org/conda-forge/win-64/zeromq-4.3.2-ha925a31_3.tar.bz2#a8e877ff5c7df5a2f140c80161cb41b1
https://conda.anaconda.org/conda-forge/noarch/apipkg-1.5-py_0.tar.bz2#4e79696efff4eae6cbcbeddbb5bbb5ee
https://conda.anaconda.org/anaconda/noarch/appdirs-1.4.4-py_0.tar.bz2#1ec0ad340dd2bb6786559565aa9e8a2f
https://conda.anaconda.org/conda-forge/noarch/async_generator-1.10-py_0.tar.bz2#d56c596e61b1c4952acf0a9920856c12
https://conda.anaconda.org/conda-forge/noarch/atomicwrites-1.4.0-pyh9f0ad1d_0.tar.bz2#5e36230ffaf3b7bb599424592684ae53
https://conda.anaconda.org/conda-forge/noarch/attrs-20.2.0-pyh9f0ad1d_0.tar.bz2#72fe75fed07fe89d6ef02034bf1e94a5
https://conda.anaconda.org/conda-forge/noarch/backcall-0.2.0-pyh9f0ad1d_0.tar.bz2#6006a6d08a3fa99268a2681c7fb55213
https://conda.anaconda.org/conda-forge/noarch/backports-1.0-py_2.tar.bz2#0da16b293affa6ac31812376f8eb79dd
https://conda.anaconda.org/conda-forge/noarch/click-7.1.2-pyh9f0ad1d_0.tar.bz2#bd50a970ce07e660c319fdc4d730d3f1
https://conda.anaconda.org/conda-forge/noarch/cloudpickle-1.6.0-py_0.tar.bz2#76d764d8881719e305f6fa368dc2b65e
https://conda.anaconda.org/conda-forge/noarch/colorama-0.4.3-py_0.tar.bz2#9cf68a6826504feedbfd646bc4d1ca14
https://conda.anaconda.org/conda-forge/win-64/dataclasses-0.7-py38_0.tar.bz2#01e24a611001e4de5d30c8d3eb2e1ae2
https://conda.anaconda.org/conda-forge/noarch/decorator-4.4.2-py_0.tar.bz2#d2eabb9cabd212e1ec6a9463bd846243
https://conda.anaconda.org/conda-forge/noarch/defusedxml-0.6.0-py_0.tar.bz2#37e1033daee0e2edaa5ff42584c52b21
https://conda.anaconda.org/conda-forge/noarch/idna-2.10-pyh9f0ad1d_0.tar.bz2#f95a12b4f435aae6680fe55ae2eb1b06
https://conda.anaconda.org/conda-forge/noarch/iniconfig-1.0.1-pyh9f0ad1d_0.tar.bz2#b24cafcf37a962a001a237a6299f580d
https://conda.anaconda.org/conda-forge/noarch/ipython_genutils-0.2.0-py_1.tar.bz2#5071c982548b3a20caf70462f04f5287
https://conda.anaconda.org/conda-forge/noarch/json5-0.9.5-pyh9f0ad1d_0.tar.bz2#10759827a94e6b14996e81fb002c0bda
https://conda.anaconda.org/conda-forge/noarch/jsonpointer-2.0-py_0.tar.bz2#07d85c22a3beb102a48cd123df84c2a6
https://conda.anaconda.org/anaconda/win-64/libxslt-1.1.34-he774522_0.tar.bz2#48281956fd53cfb6bf180a32e09bf857
https://conda.anaconda.org/msys2/win-64/m2w64-gcc-libs-5.3.0-7.tar.bz2#0b9caac6747002340b057a222af705b2
https://conda.anaconda.org/conda-forge/noarch/mccabe-0.6.1-py_1.tar.bz2#a326cb400c1ccd91789f3e7d02124d61
https://conda.anaconda.org/conda-forge/noarch/more-itertools-8.5.0-py_0.tar.bz2#3a2fa1ebe4306ae3190b1ed69a55b3fd
https://conda.anaconda.org/conda-forge/noarch/nest-asyncio-1.4.0-py_1.tar.bz2#ce02fafcc5198aa9f6af017b4ce848a6
https://conda.anaconda.org/conda-forge/noarch/pandocfilters-1.4.2-py_1.tar.bz2#ba6f4a308f1ea22abe1d72e72544af76
https://conda.anaconda.org/conda-forge/noarch/parso-0.7.1-pyh9f0ad1d_0.tar.bz2#f66647d1ec805566d72ac26f62b19c01
https://conda.anaconda.org/conda-forge/noarch/pathspec-0.8.0-pyh9f0ad1d_0.tar.bz2#8eeecbb67554f588ba70bea7018bc1c0
https://conda.anaconda.org/conda-forge/noarch/pkginfo-1.5.0.1-py_0.tar.bz2#4bdd776f2eb65244c27c5f61638a507c
https://conda.anaconda.org/conda-forge/noarch/prometheus_client-0.8.0-pyh9f0ad1d_0.tar.bz2#0409863e03d2abb75d9b91b903697ed0
https://conda.anaconda.org/conda-forge/noarch/py-1.9.0-pyh9f0ad1d_0.tar.bz2#82beb69c4e05d65702bbde3c63d6ef58
https://conda.anaconda.org/conda-forge/noarch/pycodestyle-2.6.0-pyh9f0ad1d_0.tar.bz2#a08d6f5a610c7194da158add79f2b018
https://conda.anaconda.org/conda-forge/noarch/pycparser-2.20-pyh9f0ad1d_2.tar.bz2#aa798d50ffd182a0f6f31478c7f434f6
https://conda.anaconda.org/conda-forge/noarch/pyflakes-2.2.0-pyh9f0ad1d_0.tar.bz2#b13f3395d2eb4a2705629127a8a8cfaa
https://conda.anaconda.org/conda-forge/noarch/pyparsing-2.4.7-pyh9f0ad1d_0.tar.bz2#626c4f20d5bf06dcec9cf2eaa31725c7
https://conda.anaconda.org/conda-forge/win-64/python_abi-3.8-1_cp38.tar.bz2#18ced0580562dca07ae039050748cc50
https://conda.anaconda.org/conda-forge/noarch/pytz-2020.1-pyh9f0ad1d_0.tar.bz2#e52abc1f0fd70e05001c1ceb2696f625
https://conda.anaconda.org/conda-forge/win-64/pywin32-227-py38hfa6e2cd_0.tar.bz2#ab74a91c8c4b210d734a44e722bf64b5
https://conda.anaconda.org/conda-forge/noarch/rfc3986-1.4.0-pyh9f0ad1d_0.tar.bz2#4dd11e722e5a29afc55e5d7f15782130
https://conda.anaconda.org/conda-forge/noarch/robotframework-3.2.2-pyh9f0ad1d_0.tar.bz2#1faf44d9a76019b0a3da4d02dead93ec
https://conda.anaconda.org/conda-forge/noarch/send2trash-1.5.0-py_0.tar.bz2#c3779037a635e1150f1c53c28b875949
https://conda.anaconda.org/conda-forge/noarch/six-1.15.0-pyh9f0ad1d_0.tar.bz2#1eec421f0f1f39e579e44e4a5ce646a2
https://conda.anaconda.org/conda-forge/noarch/smmap-3.0.4-pyh9f0ad1d_0.tar.bz2#102f29e2015d9311c86996a20ce866ae
https://conda.anaconda.org/conda-forge/noarch/testpath-0.4.4-py_0.tar.bz2#3b98fff4d5342bebde2ecaa314f796f9
https://conda.anaconda.org/conda-forge/noarch/toml-0.10.1-pyh9f0ad1d_0.tar.bz2#ca47d0ef822fd23b7ec9771a36645e5e
https://conda.anaconda.org/conda-forge/win-64/tornado-6.0.4-py38hfa6e2cd_0.tar.bz2#ce00e04332afcfbaa63ff0f0d8d80239
https://conda.anaconda.org/conda-forge/noarch/tqdm-4.49.0-pyh9f0ad1d_0.tar.bz2#cf2c9845ec31ada2bbca8bfea1e33fcd
https://conda.anaconda.org/conda-forge/win-64/typed-ast-1.4.1-py38hfa6e2cd_0.tar.bz2#ff76bf030c92cf677a6b55100b88d708
https://conda.anaconda.org/anaconda/noarch/typing_extensions-3.7.4.3-py_0.tar.bz2#5c8380f176d05a9ef3cc52b02f9c5c2c
https://conda.anaconda.org/conda-forge/noarch/watchgod-0.6-py_0.tar.bz2#4499434e6002bd82fdd50a76ea2c7b2c
https://conda.anaconda.org/conda-forge/noarch/webencodings-0.5.1-py_1.tar.bz2#3563be4c5611a44210d9ba0c16113136
https://conda.anaconda.org/conda-forge/noarch/wheel-0.35.1-pyh9f0ad1d_0.tar.bz2#126827869be32f21872a2b30ebe2b038
https://conda.anaconda.org/conda-forge/win-64/win_inet_pton-1.1.0-py38_0.tar.bz2#e7fba12ddb314b197deb6bd3fac96022
https://conda.anaconda.org/conda-forge/win-64/wincertstore-0.2-py38_1003.tar.bz2#121788810b4fd722fea7689e5e89e552
https://conda.anaconda.org/conda-forge/win-64/wrapt-1.11.2-py38hfa6e2cd_0.tar.bz2#ceeeb3eef3ce1ff828fa10cdb6bc59fd
https://conda.anaconda.org/conda-forge/noarch/zipp-3.1.0-py_0.tar.bz2#61948e426a3a3ec1fa7c90a44c2585d1
https://conda.anaconda.org/conda-forge/win-64/certifi-2020.6.20-py38h32f6830_0.tar.bz2#41a255ff16ca606fddde98656a8fc978
https://conda.anaconda.org/conda-forge/win-64/cffi-1.14.3-py38hba49e27_0.tar.bz2#c9bb188d618c3a622c0705d8d3b6ba7f
https://conda.anaconda.org/conda-forge/win-64/chardet-3.0.4-py38h32f6830_1007.tar.bz2#b0abd31964248a8e38ba71892fe1440d
https://conda.anaconda.org/conda-forge/win-64/coverage-5.3-py38h1e8a9f7_0.tar.bz2#513166aa673b807a0ea0f830235035ac
https://conda.anaconda.org/conda-forge/win-64/docutils-0.16-py38h32f6830_1.tar.bz2#2757db31ca630977b64e5033444b5a78
https://conda.anaconda.org/conda-forge/win-64/doit-0.33.1-py38h32f6830_0.tar.bz2#ef4b06b0081558dd1bfe9597b88616d4
https://conda.anaconda.org/conda-forge/win-64/entrypoints-0.3-py38h32f6830_1001.tar.bz2#501821704929125cf6dce5e1f78e2d31
https://conda.anaconda.org/conda-forge/noarch/execnet-1.7.1-py_0.tar.bz2#b68d9d4464296840b68761d21487172a
https://conda.anaconda.org/conda-forge/win-64/future-0.18.2-py38h32f6830_1.tar.bz2#895f92ec9e6080be682b297a26aabe37
https://conda.anaconda.org/conda-forge/noarch/gitdb-4.0.5-py_0.tar.bz2#94c135f9db6e89c6a848d3f7ae2cc66b
https://conda.anaconda.org/conda-forge/win-64/importlib-metadata-1.7.0-py38h32f6830_0.tar.bz2#7c1a9f229529911d9a8e0d88885a41f8
https://conda.anaconda.org/conda-forge/win-64/jedi-0.17.2-py38h32f6830_0.tar.bz2#90270a83808e4f69eba970219019f4f4
https://conda.anaconda.org/conda-forge/win-64/lazy-object-proxy-1.4.3-py38h9de7a3e_2.tar.bz2#5ea88f255288092b7b9843067b43c74f
https://conda.anaconda.org/conda-forge/win-64/lxml-4.5.2-py38he3d0fc9_0.tar.bz2#ba802c18e57752cef42c5653c791aa64
https://conda.anaconda.org/conda-forge/win-64/markupsafe-1.1.1-py38h9de7a3e_1.tar.bz2#797a6619fa15a1632bf123fe15c38942
https://conda.anaconda.org/conda-forge/win-64/mistune-0.8.4-py38h9de7a3e_1001.tar.bz2#bc5cf8329c935ba26ddd24b1eb2c86c6
https://conda.anaconda.org/conda-forge/win-64/mypy_extensions-0.4.3-py38h32f6830_1.tar.bz2#a389dc05a3ec5a4e3b3870e4d0356951
https://conda.anaconda.org/conda-forge/win-64/numpy-1.19.1-py38h72c728b_0.tar.bz2#74d4c7ebd0ae5f45fdae2c79fcc08a23
https://conda.anaconda.org/conda-forge/noarch/packaging-20.4-pyh9f0ad1d_0.tar.bz2#6d160f7346ac815500b5475d9a0f88a9
https://conda.anaconda.org/conda-forge/win-64/pickleshare-0.7.5-py38h32f6830_1001.tar.bz2#dc10558245d001155e6f8543a9bfbba5
https://conda.anaconda.org/conda-forge/win-64/pluggy-0.13.1-py38h32f6830_2.tar.bz2#a6003590f7f616d3d8caaef200feeaae
https://conda.anaconda.org/conda-forge/win-64/pyrsistent-0.17.3-py38h1e8a9f7_0.tar.bz2#de514bd02f9ad0634439306c52abb85c
https://conda.anaconda.org/conda-forge/win-64/pysocks-1.7.1-py38h32f6830_1.tar.bz2#65fe2a7aac4b68cc876be3bd6a1a4fce
https://conda.anaconda.org/conda-forge/noarch/python-dateutil-2.8.1-py_0.tar.bz2#0d0150ed9c2d25817f5324108d3f7571
https://conda.anaconda.org/conda-forge/win-64/pywin32-ctypes-0.2.0-py38h32f6830_1001.tar.bz2#099d14d58e7636f5868e35e21ca4f635
https://conda.anaconda.org/conda-forge/win-64/pywinpty-0.5.7-py38_0.tar.bz2#e3804fd067ca9c7c4ae07b911f95994a
https://conda.anaconda.org/conda-forge/win-64/pyyaml-5.3.1-py38h9de7a3e_0.tar.bz2#5a17777f8c832628ef8e4ecd96bc00bf
https://conda.anaconda.org/conda-forge/win-64/pyzmq-19.0.2-py38h77b9d75_0.tar.bz2#7c1de1272aec5ad96a5776e67aa9f48c
https://conda.anaconda.org/conda-forge/win-64/regex-2020.7.14-py38h1e8a9f7_0.tar.bz2#1053baebc5c5efc95c0334fdb10d2449
https://conda.anaconda.org/conda-forge/noarch/robotframework-lint-1.1-pyh9f0ad1d_0.tar.bz2#c3fa280c4a10c06e83f23193ef4ea5cc
https://conda.anaconda.org/conda-forge/noarch/robotframework-pythonlibcore-2.1.0-py_0.tar.bz2#de381ef42de5c25524f5c43cd487a999
https://conda.anaconda.org/conda-forge/win-64/traitlets-4.3.3-py38h32f6830_1.tar.bz2#3d8d01b1a380a8461e8a5b9b473a3c42
https://conda.anaconda.org/conda-forge/win-64/argon2-cffi-20.1.0-py38h1e8a9f7_1.tar.bz2#33b8a7bb4f4bad4ab35e45d41cd967e2
https://conda.anaconda.org/conda-forge/noarch/black-20.8b1-py_1.tar.bz2#e555d6b71ec916c3dc4e6e3793cc9796
https://conda.anaconda.org/conda-forge/win-64/brotlipy-0.7.0-py38hfa6e2cd_1000.tar.bz2#2bdf3af68e4733e9922fd53b49c80baf
https://conda.anaconda.org/conda-forge/win-64/cmarkgfm-0.4.2-py38hfa6e2cd_2.tar.bz2#0beb4337ca061810e7256ff7cfd1f5bf
https://conda.anaconda.org/conda-forge/win-64/cryptography-3.1-py38hba49e27_0.tar.bz2#1927a0ab3caef0e46f10372628df4f39
https://conda.anaconda.org/conda-forge/noarch/gitpython-3.1.8-py_0.tar.bz2#d2e334f84791504f98f0d014772a4d78
https://conda.anaconda.org/conda-forge/noarch/importlib_metadata-1.7.0-0.tar.bz2#3e6503b25200f60149cce699a47cf09e
https://conda.anaconda.org/conda-forge/win-64/jupyter_core-4.6.3-py38h32f6830_1.tar.bz2#8cd14d7b36f0b011db9d78cc231f214b
https://conda.anaconda.org/conda-forge/win-64/keyring-21.4.0-py38h32f6830_1.tar.bz2#88fb0b87d81dfcbe709101f70a21eb12
https://conda.anaconda.org/conda-forge/win-64/pandas-1.1.2-py38h7ae7562_0.tar.bz2#8c94baef3a47a170aa7cea00c39e4ff1
https://conda.anaconda.org/conda-forge/win-64/pytest-6.0.2-py38h32f6830_0.tar.bz2#c4de3af7690d6360400d8e4c6de54155
https://conda.anaconda.org/conda-forge/win-64/setuptools-49.6.0-py38h32f6830_1.tar.bz2#b3bf2ffc6cee7603276271c06bd33128
https://conda.anaconda.org/conda-forge/win-64/terminado-0.9.1-py38h32f6830_0.tar.bz2#291fb20b770053b47df3b5d337fb0d92
https://conda.anaconda.org/conda-forge/noarch/traittypes-0.2.1-py_1.tar.bz2#b3a93e87b88b44fc7575234fba22a770
https://conda.anaconda.org/conda-forge/win-64/astroid-2.4.2-py38h32f6830_0.tar.bz2#497402679038946740b77dfcddd4ee5b
https://conda.anaconda.org/conda-forge/noarch/backports.functools_lru_cache-1.6.1-py_0.tar.bz2#d36df15eaef96549ce6231e3088fba54
https://conda.anaconda.org/conda-forge/noarch/bleach-3.2.1-pyh9f0ad1d_0.tar.bz2#d4506316b85679972c0b78d4d1c0b701
https://conda.anaconda.org/conda-forge/noarch/flake8-3.8.3-py_1.tar.bz2#aa903667fece7fa824b0647b2db6929e
https://conda.anaconda.org/conda-forge/win-64/importnb-0.6.2-py38h32f6830_0.tar.bz2#4cac2e39239355cd26c271acedbb2d12
https://conda.anaconda.org/conda-forge/win-64/isort-4.3.21-py38h32f6830_1.tar.bz2#2cba5a24528e0389e31d0e321817f416
https://conda.anaconda.org/conda-forge/noarch/jinja2-2.11.2-pyh9f0ad1d_0.tar.bz2#e8a5d614d1a27bdba00059ca062a0551
https://conda.anaconda.org/conda-forge/win-64/jsonschema-3.2.0-py38h32f6830_1.tar.bz2#b83ae2d41bc9bf8570a5d976904bbe35
https://conda.anaconda.org/conda-forge/noarch/jupyter_client-6.1.7-py_0.tar.bz2#bcaa486602c05413da0808b82898f60a
https://conda.anaconda.org/conda-forge/noarch/pip-20.2.3-py_0.tar.bz2#2a473e697f17443a8647c3d7d22043d3
https://conda.anaconda.org/conda-forge/noarch/pygments-2.7.1-py_0.tar.bz2#9dbcbc1c57c179d2ac4fb79d9ed01c61
https://conda.anaconda.org/conda-forge/win-64/pyopenssl-19.1.0-py38_0.tar.bz2#d15fe1e41378deeaeccfa23d535322ea
https://conda.anaconda.org/conda-forge/noarch/pytest-azurepipelines-0.8.0-py_0.tar.bz2#d5049e4c7e1d2c60619b9bf7d9587877
https://conda.anaconda.org/conda-forge/noarch/pytest-cov-2.10.1-pyh9f0ad1d_0.tar.bz2#0d83b4ea58595e9f685c51ba31f63116
https://conda.anaconda.org/anaconda/noarch/pytest-forked-1.3.0-py_0.tar.bz2#1b249aa669db67a3d75ecc04f8a5c1b7
https://conda.anaconda.org/conda-forge/noarch/jupyterlab_pygments-0.1.1-pyh9f0ad1d_0.tar.bz2#1dcc48a573e69b44f9065dbe665fc186
https://conda.anaconda.org/conda-forge/noarch/nbformat-5.0.7-py_0.tar.bz2#7f9984ee165126ac09d9eb678052783d
https://conda.anaconda.org/conda-forge/win-64/pylint-2.6.0-py38h32f6830_0.tar.bz2#a815d10888e92f5e75cf2ea931a15ae9
https://conda.anaconda.org/conda-forge/noarch/pytest-xdist-2.1.0-py_0.tar.bz2#6aa9ec3af23480d730075280390bf738
https://conda.anaconda.org/conda-forge/noarch/readme_renderer-24.0-pyh9f0ad1d_0.tar.bz2#8b8301b19bafd23c69375befa10c2149
https://conda.anaconda.org/conda-forge/noarch/urllib3-1.25.10-py_0.tar.bz2#82cde2a532177697e42a090add881db8
https://conda.anaconda.org/conda-forge/noarch/wcwidth-0.2.5-pyh9f0ad1d_1.tar.bz2#ac581f74f00d4d9f5acec2449f310e70
https://conda.anaconda.org/conda-forge/noarch/nbclient-0.5.0-py_0.tar.bz2#1c95e6cf38f219566e281979a3a1bd27
https://conda.anaconda.org/conda-forge/noarch/prompt-toolkit-3.0.7-py_0.tar.bz2#32341741e1d778b2c54bb42191cf8571
https://conda.anaconda.org/conda-forge/noarch/requests-2.24.0-pyh9f0ad1d_0.tar.bz2#786ef230ca5cf2536e9dee910fdf4f9f
https://conda.anaconda.org/conda-forge/win-64/selenium-3.141.0-py38h9de7a3e_1001.tar.bz2#faae48837ae26b7ac120460cc5294dec
https://conda.anaconda.org/conda-forge/win-64/ipython-7.18.1-py38h1cdfbd6_0.tar.bz2#360f801d915483c1af0f38b58396c032
https://conda.anaconda.org/conda-forge/win-64/nbconvert-6.0.5-py38h32f6830_0.tar.bz2#5c6f66eedaba70e3aa01bc21ab2d3750
https://conda.anaconda.org/conda-forge/noarch/pyld-1.0.4-py_0.tar.bz2#480c455ace9049ba28b47b781f29299e
https://conda.anaconda.org/conda-forge/noarch/requests-toolbelt-0.9.1-py_0.tar.bz2#402668adee8fcba9a9c265cdc2a88f5a
https://conda.anaconda.org/conda-forge/noarch/robotframework-seleniumlibrary-4.5.0-pyh9f0ad1d_0.tar.bz2#032239f822b29aef45cc4579ae86d031
https://conda.anaconda.org/conda-forge/win-64/ipykernel-5.3.4-py38h5ca1d4c_0.tar.bz2#5eab1283cb23ca35ec6c9f7c11b389b6
https://conda.anaconda.org/conda-forge/win-64/twine-3.2.0-py38h32f6830_0.tar.bz2#9771d63277ec47e02ec559c308e59d78
https://conda.anaconda.org/conda-forge/win-64/notebook-6.1.4-py38h32f6830_0.tar.bz2#1c707161db5459ea5e6bb65f9871b948
https://conda.anaconda.org/conda-forge/noarch/jupyterlab_server-1.2.0-py_0.tar.bz2#77d654573f19a836b326fb77ffd86860
https://conda.anaconda.org/conda-forge/win-64/widgetsnbextension-3.5.1-py38h32f6830_1.tar.bz2#7ecfff784fd620b35ea74443f16dca41
https://conda.anaconda.org/conda-forge/noarch/ipywidgets-7.5.1-pyh9f0ad1d_1.tar.bz2#a7211644e1cf6a262c675635a78181f4
https://conda.anaconda.org/conda-forge/noarch/jupyterlab-2.2.8-py_0.tar.bz2#6c8bc607ef541e7f2c72f8e1058bf799
