# platform: osx-64
# env_hash: 1b52c478d52cb8773f351de63042b2c6ad25082109a5e1dedd7a6522724b627e
@EXPLICIT
https://conda.anaconda.org/conda-forge/osx-64/_py-xgboost-mutex-2.0-cpu_0.tar.bz2#96dd44c2471a638fb9cdc40aa2573d1b
https://conda.anaconda.org/conda-forge/osx-64/bzip2-1.0.8-hc929b4f_4.tar.bz2#521b82c700a64bac7d8da27539422e91
https://conda.anaconda.org/conda-forge/osx-64/c-ares-1.17.1-h0d85af4_1.tar.bz2#786a1af1bc9194e43bb3a9e1ea0146ed
https://conda.anaconda.org/conda-forge/osx-64/ca-certificates-2020.12.5-h033912b_0.tar.bz2#4483d8ea13bd57b52e3539e741501a7d
https://conda.anaconda.org/conda-forge/osx-64/giflib-5.2.1-hbcb3906_2.tar.bz2#be8f747c37e4d7e346c133e641966750
https://conda.anaconda.org/conda-forge/osx-64/jpeg-9d-hbcb3906_0.tar.bz2#ff6fba028f282f94ceb10597d58a56e8
https://conda.anaconda.org/conda-forge/osx-64/jxrlib-1.1-h35c211d_2.tar.bz2#1c2379fd9d5d4ecb151231f6282e699d
https://conda.anaconda.org/conda-forge/osx-64/libcxx-11.1.0-habf9029_0.tar.bz2#a88609e545f948a404419c65cd96fa1a
https://conda.anaconda.org/conda-forge/osx-64/libdeflate-1.7-h35c211d_5.tar.bz2#6608b6a46fd4555b5c83cda6171cc694
https://conda.anaconda.org/conda-forge/osx-64/libev-4.33-haf1e3a3_1.tar.bz2#79dc2be110b2a3d1e97ec21f691c50ad
https://conda.anaconda.org/conda-forge/osx-64/libiconv-1.16-haf1e3a3_0.tar.bz2#c5fab167412a52e491c8e11453ae016f
https://conda.anaconda.org/conda-forge/osx-64/libsodium-1.0.18-hbcb3906_1.tar.bz2#24632c09ed931af617fe6d5292919cab
https://conda.anaconda.org/conda-forge/osx-64/libwebp-base-1.2.0-h0d85af4_2.tar.bz2#a5d807d5f16967981d45d6f33621f580
https://conda.anaconda.org/conda-forge/osx-64/llvm-openmp-11.1.0-hda6cdc1_0.tar.bz2#5bef8ce3f0d9f2705ad947e214f3e615
https://conda.anaconda.org/conda-forge/osx-64/ncurses-6.2-h2e338ed_4.tar.bz2#9cef1910395d1543527583e73dba30f1
https://conda.anaconda.org/conda-forge/osx-64/pandoc-2.13-h0d85af4_0.tar.bz2#bee54b1cef69dd845f1057014a3461ee
https://conda.anaconda.org/conda-forge/osx-64/perl-5.32.0-hbcb3906_0.tar.bz2#886f787e1665e30934fe503eb717274c
https://conda.anaconda.org/conda-forge/osx-64/xz-5.2.5-haf1e3a3_1.tar.bz2#41116deb499e9bc58048c297d6403ce6
https://conda.anaconda.org/conda-forge/osx-64/yaml-0.2.5-haf1e3a3_0.tar.bz2#84c2fc186995c25a43e86ed708065572
https://conda.anaconda.org/conda-forge/osx-64/zlib-1.2.11-h7795811_1010.tar.bz2#7d39e47e16ed0107f37c7224d5b5be8b
https://conda.anaconda.org/conda-forge/osx-64/blosc-1.21.0-he49afe7_0.tar.bz2#95ea0559c188b34a888d42545c580268
https://conda.anaconda.org/conda-forge/osx-64/brotli-1.0.9-h046ec9c_4.tar.bz2#f278d8e33a74fe98850d835a69be1a71
https://conda.anaconda.org/conda-forge/osx-64/charls-2.2.0-h046ec9c_0.tar.bz2#f685a772dc68f4e469c373a0588e89e4
https://conda.anaconda.org/conda-forge/osx-64/expat-2.3.0-he49afe7_0.tar.bz2#da0de66781469d35a6358b4d1d1fbbf7
https://conda.anaconda.org/conda-forge/osx-64/firefox-78.9.0esr-he49afe7_0.tar.bz2#8f0fc918ed04eb22d797f7966c9b8919
https://conda.anaconda.org/conda-forge/osx-64/geckodriver-0.29.0-h970cd5f_0.tar.bz2#fb092683e483d049b20ec57b5fdc5fac
https://conda.anaconda.org/conda-forge/osx-64/icu-68.1-h74dc148_0.tar.bz2#e4e7f8580abd1275ea2250fe606b66ac
https://conda.anaconda.org/conda-forge/osx-64/lerc-2.2.1-h046ec9c_0.tar.bz2#2b4abd282f644dc51225fa9b90218567
https://conda.anaconda.org/conda-forge/osx-64/libaec-1.0.4-h046ec9c_1.tar.bz2#b573eb14edcd87c201135eedc7057361
https://conda.anaconda.org/conda-forge/osx-64/libedit-3.1.20191231-h0678c8f_2.tar.bz2#6016a8a1d0e63cac3de2c352cd40208b
https://conda.anaconda.org/conda-forge/osx-64/libffi-3.3-h046ec9c_2.tar.bz2#c7a196accaf92d40985d5c9b4d14f9cb
https://conda.anaconda.org/conda-forge/osx-64/libgfortran5-9.3.0-h6c81a4c_21.tar.bz2#a3700bc443f7de3f166e524e59047063
https://conda.anaconda.org/conda-forge/osx-64/libllvm10-10.0.1-h009f743_3.tar.bz2#cc65eb0b26253d2789320bfd661852f9
https://conda.anaconda.org/conda-forge/osx-64/libpng-1.6.37-h7cec526_2.tar.bz2#9e52521faba2b53269672628d34e1513
https://conda.anaconda.org/conda-forge/osx-64/libprotobuf-3.15.6-hcf210ce_0.tar.bz2#e6bc841567d10ed01c5a1b4917fa50dc
https://conda.anaconda.org/conda-forge/osx-64/libxgboost-1.3.3-he49afe7_2.tar.bz2#874cc90ba83e065dfca5d4e6931cc545
https://conda.anaconda.org/conda-forge/osx-64/libzopfli-1.0.3-h046ec9c_0.tar.bz2#55f3f5c9bccca18d33cb3a4bcfe002d7
https://conda.anaconda.org/conda-forge/osx-64/lz4-c-1.9.3-h046ec9c_0.tar.bz2#7f13d69c1b7989b85029efb6f3e35af9
https://conda.anaconda.org/conda-forge/osx-64/mkl-2020.4-h08c4f10_301.tar.bz2#8268ec76043b696a63a08da0c402e1d7
https://conda.anaconda.org/conda-forge/osx-64/ninja-1.10.2-h9a9d8cb_0.tar.bz2#28fcab57523941b7b95293169e7797d2
https://conda.anaconda.org/conda-forge/osx-64/openssl-1.1.1k-h0d85af4_0.tar.bz2#f9582eb16f4e3bc7932995e122f30a74
https://conda.anaconda.org/conda-forge/osx-64/pcre-8.44-hb1e8313_0.tar.bz2#e1c1a939ae5ecd32f13db1f742b434e5
https://conda.anaconda.org/conda-forge/osx-64/readline-8.1-h05e3726_0.tar.bz2#2832e9b6a7caa7cb192fcda6cfcd8871
https://conda.anaconda.org/conda-forge/osx-64/sleef-3.5.1-h35c211d_1.tar.bz2#7cd68162aba448e524d7d17c36d9e432
https://conda.anaconda.org/conda-forge/osx-64/snappy-1.1.8-hb1e8313_3.tar.bz2#73b65b3935375b56deb96f6794ed721e
https://conda.anaconda.org/conda-forge/osx-64/tbb-2020.2-h940c156_4.tar.bz2#5b12427550a7a818ce9275ae5dcf6258
https://conda.anaconda.org/conda-forge/osx-64/tk-8.6.10-h0419947_1.tar.bz2#9a79a432473acddd936ff8bab8b86145
https://conda.anaconda.org/conda-forge/osx-64/zeromq-4.3.4-h1c7c35f_0.tar.bz2#2af55e3523e9210b2b2dff5855fb5382
https://conda.anaconda.org/conda-forge/osx-64/zfp-0.5.5-he49afe7_5.tar.bz2#1f2c4d3111003f2fb010a75969e28959
https://conda.anaconda.org/conda-forge/osx-64/brunsli-0.1-h046ec9c_0.tar.bz2#28d47920c95b85499c9a61994cc49b87
https://conda.anaconda.org/conda-forge/osx-64/freetype-2.10.4-h4cff582_1.tar.bz2#5a136a432c6062362cd7990c514bd8d6
https://conda.anaconda.org/conda-forge/osx-64/gettext-0.19.8.1-h7937167_1005.tar.bz2#52fd84c5cc5d61a6e05885f44d033efa
https://conda.anaconda.org/conda-forge/osx-64/krb5-1.17.2-h60d9502_0.tar.bz2#abf2add2a1ade1920b25a8f3327a1aa0
https://conda.anaconda.org/conda-forge/osx-64/libblas-3.9.0-8_mkl.tar.bz2#57417543e64fc67a283255d29c6995a7
https://conda.anaconda.org/conda-forge/osx-64/libgfortran-5.0.0-9_3_0_h6c81a4c_21.tar.bz2#0d645c5341efd3e30c668962f31320e1
https://conda.anaconda.org/conda-forge/osx-64/libnghttp2-1.43.0-h07e645a_0.tar.bz2#b4a9c405d47f3b120ed6cf86cc8a13aa
https://conda.anaconda.org/conda-forge/osx-64/libssh2-1.9.0-h52ee1ee_6.tar.bz2#42cebefd1fd127d1180e3df004a413b7
https://conda.anaconda.org/conda-forge/osx-64/libxml2-2.9.10-h802ca4f_3.tar.bz2#42435730cf54092342e0c3eb571b511b
https://conda.anaconda.org/conda-forge/osx-64/sqlite-3.35.3-h44b9ce1_0.tar.bz2#9a3cbdbdf26a14819bbf2b9163986fa2
https://conda.anaconda.org/conda-forge/osx-64/zstd-1.4.9-h582d3a0_0.tar.bz2#551e04087371339ee63524f2988faa62
https://conda.anaconda.org/conda-forge/osx-64/fossil-2.15-h797a530_0.tar.bz2#911b2b70164fa6e19b8d215f1198bf6e
https://conda.anaconda.org/conda-forge/osx-64/libcblas-3.9.0-8_mkl.tar.bz2#0d5c5987381aa9e66bc2ac6583b5146c
https://conda.anaconda.org/conda-forge/osx-64/libcurl-7.76.0-h8ef9fac_0.tar.bz2#196de557ead286a583e176056a9f5e50
https://conda.anaconda.org/conda-forge/osx-64/liblapack-3.9.0-8_mkl.tar.bz2#6a92ccc28742a2035e475fadb518ba61
https://conda.anaconda.org/conda-forge/osx-64/libtiff-4.2.0-h355d032_0.tar.bz2#ad3cbf0f77b9f89df082eef584d9009a
https://conda.anaconda.org/conda-forge/osx-64/libxslt-1.1.33-h5739fc3_2.tar.bz2#14333dae9eef1116162a1bb6119d3537
https://conda.anaconda.org/conda-forge/osx-64/python-3.7.10-h7728216_100_cpython.tar.bz2#ba448dbd4b06c0776981a37a09786f1a
https://conda.anaconda.org/conda-forge/noarch/apipkg-1.5-py_0.tar.bz2#4e79696efff4eae6cbcbeddbb5bbb5ee
https://conda.anaconda.org/conda-forge/noarch/appdirs-1.4.4-pyh9f0ad1d_0.tar.bz2#5f095bc6454094e96f146491fd03633b
https://conda.anaconda.org/conda-forge/noarch/async-lru-1.0.2-py_0.tar.bz2#dcc84dda841e94d88a1aeba2064b236f
https://conda.anaconda.org/conda-forge/noarch/async-timeout-3.0.1-py_1000.tar.bz2#8b11024b2762a07aaa07d2743231a41b
https://conda.anaconda.org/conda-forge/noarch/async_generator-1.10-py_0.tar.bz2#d56c596e61b1c4952acf0a9920856c12
https://conda.anaconda.org/conda-forge/noarch/attrs-20.3.0-pyhd3deb0d_0.tar.bz2#5b319abb055eefcfa344bc21378ca23f
https://conda.anaconda.org/conda-forge/noarch/backcall-0.2.0-pyh9f0ad1d_0.tar.bz2#6006a6d08a3fa99268a2681c7fb55213
https://conda.anaconda.org/conda-forge/noarch/backports-1.0-py_2.tar.bz2#0da16b293affa6ac31812376f8eb79dd
https://conda.anaconda.org/conda-forge/noarch/cachetools-4.2.1-pyhd8ed1ab_0.tar.bz2#c48f5ea63f27d8ede4117b6d99c6142b
https://conda.anaconda.org/conda-forge/noarch/click-7.1.2-pyh9f0ad1d_0.tar.bz2#bd50a970ce07e660c319fdc4d730d3f1
https://conda.anaconda.org/conda-forge/noarch/cloudpickle-1.6.0-py_0.tar.bz2#76d764d8881719e305f6fa368dc2b65e
https://conda.anaconda.org/conda-forge/noarch/colorama-0.4.4-pyh9f0ad1d_0.tar.bz2#c08b4c1326b880ed44f3ffb04803332f
https://conda.anaconda.org/conda-forge/osx-64/curl-7.76.0-h06286d4_0.tar.bz2#af55897a2351b4f88f642abf63f67ad5
https://conda.anaconda.org/conda-forge/noarch/dataclasses-0.8-pyhc8e2a94_1.tar.bz2#28e0de0ecba81334619a777fdc00febc
https://conda.anaconda.org/conda-forge/noarch/decorator-4.4.2-py_0.tar.bz2#d2eabb9cabd212e1ec6a9463bd846243
https://conda.anaconda.org/conda-forge/noarch/defusedxml-0.7.1-pyhd8ed1ab_0.tar.bz2#961b3a227b437d82ad7054484cfa71b2
https://conda.anaconda.org/conda-forge/noarch/entrypoints-0.3-pyhd8ed1ab_1003.tar.bz2#bbf9a201f6ce99a506f4955374d9a9f4
https://conda.anaconda.org/conda-forge/noarch/frozendict-1.2-pyh9f0ad1d_3.tar.bz2#6916a506e34f8f17382f5abf3e6368bb
https://conda.anaconda.org/conda-forge/noarch/fsspec-0.8.7-pyhd8ed1ab_0.tar.bz2#b93ab5a4692ba685b455f0e8e5dc93e4
https://conda.anaconda.org/conda-forge/noarch/heapdict-1.0.1-py_0.tar.bz2#77242bfb1e74a627fb06319b5a2d3b95
https://conda.anaconda.org/conda-forge/noarch/idna-2.10-pyh9f0ad1d_0.tar.bz2#f95a12b4f435aae6680fe55ae2eb1b06
https://conda.anaconda.org/conda-forge/noarch/iniconfig-1.1.1-pyh9f0ad1d_0.tar.bz2#39161f81cc5e5ca45b8226fbb06c6905
https://conda.anaconda.org/conda-forge/noarch/ipython_genutils-0.2.0-py_1.tar.bz2#5071c982548b3a20caf70462f04f5287
https://conda.anaconda.org/conda-forge/noarch/json-e-4.4.1-pyhd8ed1ab_0.tar.bz2#41d2536e446302a709a2ecb1dd6fd318
https://conda.anaconda.org/conda-forge/noarch/json5-0.9.5-pyh9f0ad1d_0.tar.bz2#10759827a94e6b14996e81fb002c0bda
https://conda.anaconda.org/conda-forge/noarch/jsonpointer-2.0-py_0.tar.bz2#07d85c22a3beb102a48cd123df84c2a6
https://conda.anaconda.org/conda-forge/noarch/jupyterlab_widgets-1.0.0-pyhd8ed1ab_1.tar.bz2#f8da92114c8fbe1d951b0efaf54dd14b
https://conda.anaconda.org/conda-forge/osx-64/lcms2-2.12-h577c468_0.tar.bz2#abce77b852b73670e85e104746b0ea1b
https://conda.anaconda.org/conda-forge/noarch/lime-0.2.0.1-pyh9f0ad1d_0.tar.bz2#b66e5cbd62ab93000794d7bb9cb985b5
https://conda.anaconda.org/conda-forge/noarch/locket-0.2.0-py_2.tar.bz2#709e8671651c7ec3d1ad07800339ff1d
https://conda.anaconda.org/conda-forge/noarch/mccabe-0.6.1-py_1.tar.bz2#a326cb400c1ccd91789f3e7d02124d61
https://conda.anaconda.org/conda-forge/noarch/more-itertools-8.7.0-pyhd8ed1ab_0.tar.bz2#3be1ba5a28d394d78f3d692fb9e5c1c2
https://conda.anaconda.org/conda-forge/noarch/nest-asyncio-1.5.1-pyhd8ed1ab_0.tar.bz2#47a51a5b8f9cc41004c8d7bd88b62447
https://conda.anaconda.org/conda-forge/noarch/olefile-0.46-pyh9f0ad1d_1.tar.bz2#0b2e68acc8c78c8cc392b90983481f58
https://conda.anaconda.org/conda-forge/osx-64/openjpeg-2.4.0-h6cbf5cd_0.tar.bz2#38e701cb94a7e667a19c287f2398f04b
https://conda.anaconda.org/conda-forge/noarch/pandocfilters-1.4.2-py_1.tar.bz2#ba6f4a308f1ea22abe1d72e72544af76
https://conda.anaconda.org/conda-forge/noarch/param-1.10.1-pyhd3deb0d_0.tar.bz2#e990456731e2381b8801b26242234e26
https://conda.anaconda.org/conda-forge/noarch/parso-0.8.2-pyhd8ed1ab_0.tar.bz2#fb40b157bd62b457a1cc82527b63f0b0
https://conda.anaconda.org/conda-forge/noarch/pathspec-0.8.1-pyhd3deb0d_0.tar.bz2#fcd2fbb062b55d14a77e664c89ee17a6
https://conda.anaconda.org/conda-forge/noarch/pickleshare-0.7.5-py_1003.tar.bz2#415f0ebb6198cc2801c73438a9fb5761
https://conda.anaconda.org/conda-forge/noarch/pkginfo-1.7.0-pyhd8ed1ab_0.tar.bz2#3ea3fca4afad20d8ec2f5b611bffde53
https://conda.anaconda.org/conda-forge/noarch/prometheus_client-0.9.0-pyhd3deb0d_0.tar.bz2#c7af95daf5bae22ead34151e0ab9d041
https://conda.anaconda.org/conda-forge/noarch/ptyprocess-0.7.0-pyhd3deb0d_0.tar.bz2#359eeb6536da0e687af562ed265ec263
https://conda.anaconda.org/conda-forge/noarch/py-1.10.0-pyhd3deb0d_0.tar.bz2#88ca1328ecc79a070214aa24911bace8
https://conda.anaconda.org/conda-forge/noarch/pycodestyle-2.7.0-pyhd8ed1ab_0.tar.bz2#0234673eb2ecfbdf4e54574ab4d95f81
https://conda.anaconda.org/conda-forge/noarch/pycparser-2.20-pyh9f0ad1d_2.tar.bz2#aa798d50ffd182a0f6f31478c7f434f6
https://conda.anaconda.org/conda-forge/noarch/pyflakes-2.3.1-pyhd8ed1ab_0.tar.bz2#01e9ada82bd261ee2b6366aa832018cc
https://conda.anaconda.org/conda-forge/noarch/pyparsing-2.4.7-pyh9f0ad1d_0.tar.bz2#626c4f20d5bf06dcec9cf2eaa31725c7
https://conda.anaconda.org/conda-forge/osx-64/python_abi-3.7-1_cp37m.tar.bz2#d2cb192f8948ea603927a71f015574dd
https://conda.anaconda.org/conda-forge/noarch/pytz-2021.1-pyhd8ed1ab_0.tar.bz2#3af2e9424d5eb0063824a3f9b850d411
https://conda.anaconda.org/conda-forge/noarch/rfc3986-1.4.0-pyh9f0ad1d_0.tar.bz2#4dd11e722e5a29afc55e5d7f15782130
https://conda.anaconda.org/conda-forge/noarch/robotframework-4.0-pyhd8ed1ab_0.tar.bz2#13985780c14873961b7be4e7391d184e
https://conda.anaconda.org/conda-forge/noarch/send2trash-1.5.0-py_0.tar.bz2#c3779037a635e1150f1c53c28b875949
https://conda.anaconda.org/conda-forge/noarch/simpervisor-0.4-pyhd8ed1ab_0.tar.bz2#12b5f0d11cc26bf386bd9a2f99099648
https://conda.anaconda.org/conda-forge/noarch/six-1.15.0-pyh9f0ad1d_0.tar.bz2#1eec421f0f1f39e579e44e4a5ce646a2
https://conda.anaconda.org/conda-forge/noarch/smmap-3.0.5-pyh44b312d_0.tar.bz2#3a8dc70789709aa315325d5df06fb7e4
https://conda.anaconda.org/conda-forge/noarch/sortedcontainers-2.3.0-pyhd8ed1ab_0.tar.bz2#2f5b87cd0bdf1822b62e40909f471db4
https://conda.anaconda.org/conda-forge/noarch/soupsieve-2.0.1-py_1.tar.bz2#aa1db70848c19bace567ba39a157f508
https://conda.anaconda.org/conda-forge/noarch/spectate-1.0.1-pyhd8ed1ab_0.tar.bz2#33e8cb574899a6790ace9692e9de22d6
https://conda.anaconda.org/conda-forge/noarch/tblib-1.7.0-pyhd8ed1ab_0.tar.bz2#3d4afc31302aa7be471feb6be048ed76
https://conda.anaconda.org/conda-forge/noarch/testpath-0.4.4-py_0.tar.bz2#3b98fff4d5342bebde2ecaa314f796f9
https://conda.anaconda.org/conda-forge/noarch/threadpoolctl-2.1.0-pyh5ca1d4c_0.tar.bz2#9eb32b63458380aa3804de519b6e5749
https://conda.anaconda.org/conda-forge/noarch/toml-0.10.2-pyhd8ed1ab_0.tar.bz2#f832c45a477c78bebd107098db465095
https://conda.anaconda.org/conda-forge/noarch/toolz-0.11.1-py_0.tar.bz2#d1e66b58cb00b3817ad9f05eec098c00
https://conda.anaconda.org/conda-forge/noarch/tqdm-4.59.0-pyhd8ed1ab_0.tar.bz2#9ae6fb908a7f989e59a02fef85a5fd6f
https://conda.anaconda.org/conda-forge/noarch/typing_extensions-3.7.4.3-py_0.tar.bz2#12b96e382730541a4b332420227055ae
https://conda.anaconda.org/conda-forge/noarch/watchgod-0.7-pyhd8ed1ab_0.tar.bz2#579cdbf560b3d891212227eb1576948e
https://conda.anaconda.org/conda-forge/noarch/webencodings-0.5.1-py_1.tar.bz2#3563be4c5611a44210d9ba0c16113136
https://conda.anaconda.org/conda-forge/noarch/wheel-0.36.2-pyhd3deb0d_0.tar.bz2#768bfbe026426d0e76b377997d1f2b98
https://conda.anaconda.org/conda-forge/noarch/zipp-3.4.1-pyhd8ed1ab_0.tar.bz2#a4fa30eb74a326092b3d8078b1f1aae1
https://conda.anaconda.org/conda-forge/osx-64/appnope-0.1.2-py37hf985489_1.tar.bz2#1bee6125d3ade317803d5358ea3f0e83
https://conda.anaconda.org/conda-forge/noarch/babel-2.9.0-pyhd3deb0d_0.tar.bz2#1cb532c9a6fd4e56a9f0906b87c17b76
https://conda.anaconda.org/conda-forge/noarch/beautifulsoup4-4.9.3-pyhb0f4dca_0.tar.bz2#d243a293d7303ab6195d96ce8c16b1cb
https://conda.anaconda.org/conda-forge/osx-64/certifi-2020.12.5-py37hf985489_1.tar.bz2#176e0bb42110e5090e859847d11cf5e6
https://conda.anaconda.org/conda-forge/osx-64/cffi-1.14.5-py37h4d371b4_0.tar.bz2#fe873b3f987f3e9203bb4165197a1281
https://conda.anaconda.org/conda-forge/osx-64/chardet-4.0.0-py37hf985489_1.tar.bz2#212f48113f4aa416eb58404fbece967b
https://conda.anaconda.org/conda-forge/osx-64/coverage-5.5-py37h271585c_0.tar.bz2#201c87c73c558a823cd133beaa5dfdce
https://conda.anaconda.org/conda-forge/noarch/cycler-0.10.0-py_2.tar.bz2#f6d7c7e6d8f42cbbec7e07a8d879f91c
https://conda.anaconda.org/conda-forge/osx-64/cytoolz-0.11.0-py37hf967b71_3.tar.bz2#476be4e1c4643e52eb01bba3f95fe4f8
https://conda.anaconda.org/conda-forge/osx-64/docutils-0.16-py37hf985489_3.tar.bz2#dca030e3fb4289970f4722741bfe009b
https://conda.anaconda.org/conda-forge/noarch/execnet-1.8.0-pyh44b312d_0.tar.bz2#b47fd30010f4f64d324d14b9a6e882ca
https://conda.anaconda.org/conda-forge/osx-64/future-0.18.2-py37hf985489_3.tar.bz2#5137794442657f0dbafb035a31627fc6
https://conda.anaconda.org/conda-forge/osx-64/git-2.30.2-pl5320h2551975_1.tar.bz2#3ee4923615b13b0726ddec8608277e9e
https://conda.anaconda.org/conda-forge/noarch/gitdb-4.0.7-pyhd8ed1ab_0.tar.bz2#12977b4cc317a6ee2939aedcb09a4898
https://conda.anaconda.org/conda-forge/osx-64/importlib-metadata-3.10.0-py37hf985489_0.tar.bz2#2ecec184bd5daeeebd8440c8066674f6
https://conda.anaconda.org/conda-forge/osx-64/jedi-0.18.0-py37hf985489_2.tar.bz2#8cf41e3992c9d1ae8549dfaf03d4bc14
https://conda.anaconda.org/conda-forge/osx-64/kiwisolver-1.3.1-py37h70f7d40_1.tar.bz2#2b3639e4db0eab6a502a11ff8ca9a1e8
https://conda.anaconda.org/conda-forge/osx-64/lazy-object-proxy-1.6.0-py37h271585c_0.tar.bz2#ae41ecdd4cccaecb7aab8a5eff2d250d
https://conda.anaconda.org/conda-forge/osx-64/llvmlite-0.36.0-py37h62ea057_0.tar.bz2#29b97546521cad2c06c0a4b44f4f3917
https://conda.anaconda.org/conda-forge/osx-64/lxml-4.6.3-py37h250624f_0.tar.bz2#02183c97499e7414f3feee2384d99fb3
https://conda.anaconda.org/conda-forge/osx-64/macfsevents-0.8.1-py37h60d8a13_1001.tar.bz2#a378d2960f5fa8b97e322afc420b7143
https://conda.anaconda.org/conda-forge/osx-64/markupsafe-1.1.1-py37hf967b71_3.tar.bz2#012d1704c4914ea54b2166c6c8123d2e
https://conda.anaconda.org/conda-forge/osx-64/mistune-0.8.4-py37hf967b71_1003.tar.bz2#0774ff87ae140bb568ac2b0a35ea31ec
https://conda.anaconda.org/conda-forge/osx-64/msgpack-python-1.0.2-py37h70f7d40_1.tar.bz2#fd3404efec845fc1aba62efbac9302c3
https://conda.anaconda.org/conda-forge/osx-64/multidict-5.1.0-py37hf967b71_1.tar.bz2#18cec0fc7731cf70345dce4309a7f4a2
https://conda.anaconda.org/conda-forge/noarch/multipledispatch-0.6.0-py_0.tar.bz2#1073dc92c8f247d94ac14dd79ca0bbec
https://conda.anaconda.org/conda-forge/osx-64/mypy_extensions-0.4.3-py37hf985489_3.tar.bz2#818d88fe5b710f7ac3a74fa9b1342413
https://conda.anaconda.org/conda-forge/osx-64/numpy-1.20.2-py37h84c02c4_0.tar.bz2#62cb5b34b17a6e5fd6f1d93e7a095f0f
https://conda.anaconda.org/conda-forge/noarch/packaging-20.9-pyh44b312d_0.tar.bz2#be69a38e912054a62dc82cc3c7711a64
https://conda.anaconda.org/conda-forge/noarch/partd-1.1.0-py_0.tar.bz2#4afbf2cdf4e6ad279080d3adb5cefaae
https://conda.anaconda.org/conda-forge/noarch/pexpect-4.8.0-pyh9f0ad1d_2.tar.bz2#5909e7b978141dd80d28dbf9de627827
https://conda.anaconda.org/conda-forge/osx-64/pillow-8.1.2-py37hd4e48bc_0.tar.bz2#338012d846b30e1677c08f47259bbfe3
https://conda.anaconda.org/conda-forge/osx-64/psutil-5.8.0-py37hf967b71_1.tar.bz2#a5cb28290dc234deaa40fb2805411148
https://conda.anaconda.org/conda-forge/noarch/pyct-core-0.4.6-py_0.tar.bz2#55ec526f95e0959de3f68bc6289a20da
https://conda.anaconda.org/conda-forge/osx-64/pyrsistent-0.17.3-py37hf967b71_2.tar.bz2#a73a5df626e453d48b4454b8e0d535b2
https://conda.anaconda.org/conda-forge/osx-64/pysocks-1.7.1-py37hf985489_3.tar.bz2#02bf224638f91b6b695fec5de6bbd860
https://conda.anaconda.org/conda-forge/noarch/python-dateutil-2.8.1-py_0.tar.bz2#0d0150ed9c2d25817f5324108d3f7571
https://conda.anaconda.org/conda-forge/noarch/pyviz_comms-2.0.1-pyhd3deb0d_0.tar.bz2#12e4d3289ffcbdf465864af6eb2c6f4b
https://conda.anaconda.org/conda-forge/osx-64/pyyaml-5.4.1-py37hf967b71_0.tar.bz2#3c96ec4a68120ccee37cda33192381a0
https://conda.anaconda.org/conda-forge/osx-64/pyzmq-22.0.3-py37h8f778e5_1.tar.bz2#cc9996c40d8fa5d4242ae539e1464a16
https://conda.anaconda.org/conda-forge/osx-64/regex-2021.3.17-py37h271585c_0.tar.bz2#a704f142c13d4a1a43c10ea4f76cef9a
https://conda.anaconda.org/conda-forge/noarch/robotframework-lint-1.1-pyh9f0ad1d_0.tar.bz2#c3fa280c4a10c06e83f23193ef4ea5cc
https://conda.anaconda.org/conda-forge/noarch/robotframework-pabot-1.11-pyhd8ed1ab_0.tar.bz2#105610fde0dbd4f43015f7377ee7a2b9
https://conda.anaconda.org/conda-forge/noarch/robotframework-pythonlibcore-2.2.0-pyhd8ed1ab_0.tar.bz2#29a329f0b817038d27d7bdfb2ca04b5a
https://conda.anaconda.org/conda-forge/osx-64/sniffio-1.2.0-py37hf985489_1.tar.bz2#d2624002903acd9b87e73b436b18c7fe
https://conda.anaconda.org/conda-forge/osx-64/tornado-6.1-py37hf967b71_1.tar.bz2#b2ae53e0e2bfded281be471b4391cfdf
https://conda.anaconda.org/conda-forge/noarch/traitlets-5.0.5-py_0.tar.bz2#99618ee9ab1323e40f231acdab92fe60
https://conda.anaconda.org/conda-forge/osx-64/typed-ast-1.4.2-py37hf967b71_0.tar.bz2#5af86c19a0e7ed581903e97beb371826
https://conda.anaconda.org/conda-forge/noarch/typing-extensions-3.7.4.3-0.tar.bz2#36bdcdb4c2bf1efb987f2e9e80f4c9a6
https://conda.anaconda.org/conda-forge/osx-64/wrapt-1.12.1-py37hf967b71_3.tar.bz2#bdc74c9cb6583b0b37baae2cec6d5a6d
https://conda.anaconda.org/conda-forge/noarch/zict-2.0.0-py_0.tar.bz2#4750152be22f24d695b3004c5e1712d3
https://conda.anaconda.org/conda-forge/osx-64/anyio-2.2.0-py37hf985489_0.tar.bz2#0d40048074c79de881199c7756a8d27a
https://conda.anaconda.org/conda-forge/osx-64/argon2-cffi-20.1.0-py37hf967b71_2.tar.bz2#4548b36af838ff2f9a0cc021348890f3
https://conda.anaconda.org/conda-forge/noarch/black-20.8b1-py_1.tar.bz2#e555d6b71ec916c3dc4e6e3793cc9796
https://conda.anaconda.org/conda-forge/osx-64/brotlipy-0.7.0-py37hf967b71_1001.tar.bz2#2e1016af5a81ba9e50d8bd25bf82b352
https://conda.anaconda.org/conda-forge/noarch/bs4-4.9.3-0.tar.bz2#910cc4c9bd7a32f32c7f1fb388e1dd6e
https://conda.anaconda.org/conda-forge/osx-64/cmarkgfm-0.5.3-py37h271585c_0.tar.bz2#a8a67b88a17d949a716ae609a7260dd5
https://conda.anaconda.org/conda-forge/osx-64/cryptography-3.4.7-py37hce4a858_0.tar.bz2#3d8dba99e6bba580b947da6daf8b1d94
https://conda.anaconda.org/conda-forge/noarch/dask-core-2021.3.1-pyhd8ed1ab_0.tar.bz2#28fcfa771db34f97a9b67e50c981e61e
https://conda.anaconda.org/conda-forge/noarch/datashape-0.5.4-py_1.tar.bz2#50ddfce434ea596fc4497085f403a9d5
https://conda.anaconda.org/conda-forge/osx-64/deap-1.3.1-py37h010c265_2.tar.bz2#2414a0603a9dd162de113165faf95a97
https://conda.anaconda.org/conda-forge/osx-64/doit-0.33.1-py37hc8dfbb8_1.tar.bz2#e4732773cfbfc471906fac96cdc85827
https://conda.anaconda.org/conda-forge/noarch/gitpython-3.1.14-pyhd8ed1ab_0.tar.bz2#4dca4262c5376a85ce02c517dc385041
https://conda.anaconda.org/conda-forge/osx-64/imagecodecs-2021.1.28-py37h9f08f5f_0.tar.bz2#749b1df66d9872f9ae60ac7e44d7498f
https://conda.anaconda.org/conda-forge/noarch/imageio-2.9.0-py_0.tar.bz2#62ad9e579278e777d4abaa8c9312b6a7
https://conda.anaconda.org/conda-forge/noarch/importlib_metadata-3.10.0-hd8ed1ab_0.tar.bz2#4a9b50c006c49f5304c298a28749f63d
https://conda.anaconda.org/conda-forge/osx-64/jupyter_core-4.7.1-py37hf985489_0.tar.bz2#a49ae78b4a221744cca02dfed08a990f
https://conda.anaconda.org/conda-forge/noarch/markdown-3.3.4-pyhd8ed1ab_0.tar.bz2#b8054f74fbed2b282f032219f114421a
https://conda.anaconda.org/conda-forge/osx-64/pandas-1.2.3-py37hff173d8_0.tar.bz2#8f5f0e92193334705d4336d772680edf
https://conda.anaconda.org/conda-forge/osx-64/pytorch-1.8.0-cpu_py37hb93c03e_0.tar.bz2#ca02e99cf141599ddc8833fe97356a50
https://conda.anaconda.org/conda-forge/osx-64/pywavelets-1.1.1-py37h37391d0_3.tar.bz2#1432c6ff1237725121ad82373480648c
https://conda.anaconda.org/conda-forge/osx-64/scipy-1.6.2-py37h866764c_0.tar.bz2#2317f2c6580b4fd26d20c3e15eec8525
https://conda.anaconda.org/conda-forge/osx-64/setuptools-49.6.0-py37hf985489_3.tar.bz2#5030dea82548d67ec8b80882e8e4a099
https://conda.anaconda.org/conda-forge/osx-64/terminado-0.9.4-py37hf985489_0.tar.bz2#7acb1b662808bfb7a86916f3a8a5c898
https://conda.anaconda.org/conda-forge/noarch/traittypes-0.2.1-pyh9f0ad1d_2.tar.bz2#7d32ccb5334a6822c28af3e864550618
https://conda.anaconda.org/conda-forge/osx-64/yarl-1.6.3-py37hf967b71_1.tar.bz2#bb2b9077a2f93b909ae952cc204e10c0
https://conda.anaconda.org/conda-forge/osx-64/aiohttp-3.7.4-py37h271585c_0.tar.bz2#b096618b3de76f115b64aa4c7a489e86
https://conda.anaconda.org/conda-forge/osx-64/astroid-2.5.2-py37hf985489_0.tar.bz2#95cc02477d6906332f3554a923da2652
https://conda.anaconda.org/conda-forge/noarch/backports.functools_lru_cache-1.6.3-pyhd8ed1ab_0.tar.bz2#8eefe69ecfa022831387fa0d13126864
https://conda.anaconda.org/conda-forge/noarch/bleach-3.3.0-pyh44b312d_0.tar.bz2#abf6b76c39358ca36ca706c46f054f2a
https://conda.anaconda.org/conda-forge/osx-64/distributed-2021.3.1-py37hf985489_0.tar.bz2#7f4f36a36dc14b1c4cc8a1e41d92c86f
https://conda.anaconda.org/conda-forge/noarch/flake8-3.9.0-pyhd8ed1ab_0.tar.bz2#36aeeb659dc3084b68c39f8649e813e8
https://conda.anaconda.org/conda-forge/osx-64/importlib_resources-5.1.2-py37hf985489_0.tar.bz2#6165dc5c5c641cd3f369cb52bfa810f2
https://conda.anaconda.org/conda-forge/noarch/isort-5.8.0-pyhd8ed1ab_0.tar.bz2#c7535f0f6618cba5a5f1070c0edf8e2b
https://conda.anaconda.org/conda-forge/noarch/jinja2-2.11.3-pyh44b312d_0.tar.bz2#1d4c3605d85a3655b1595e0694138eb6
https://conda.anaconda.org/conda-forge/noarch/joblib-1.0.1-pyhd8ed1ab_0.tar.bz2#27d5ed1aaf2bbb5a0cc307a12d8e032f
https://conda.anaconda.org/conda-forge/noarch/jsonschema-3.2.0-pyhd8ed1ab_3.tar.bz2#66125e28711d8ffc04a207a2b170316d
https://conda.anaconda.org/conda-forge/noarch/jupyter-packaging-0.7.12-pyhd8ed1ab_0.tar.bz2#ab2fd67d07b63afe5ea6db6c5f32b5fd
https://conda.anaconda.org/conda-forge/noarch/jupyter_client-6.1.12-pyhd8ed1ab_0.tar.bz2#f58b38ddb9f94fa3cafea4ba2b17f93b
https://conda.anaconda.org/conda-forge/osx-64/keyring-23.0.1-py37hf985489_0.tar.bz2#b0a6baaa273ec8d248e2e4a29a407c56
https://conda.anaconda.org/conda-forge/osx-64/matplotlib-base-3.4.1-py37hb018525_0.tar.bz2#c6d3dc14f8c47df8db282c063da6b2c2
https://conda.anaconda.org/conda-forge/noarch/networkx-2.5-py_0.tar.bz2#d836ad8453c22192357707026ca21653
https://conda.anaconda.org/conda-forge/osx-64/numba-0.53.1-py37h2c728cf_0.tar.bz2#ca41b54eb5a068216b1122fa19619e90
https://conda.anaconda.org/conda-forge/noarch/pip-21.0.1-pyhd8ed1ab_0.tar.bz2#849477e10d78cbc283c78fd53bfbb567
https://conda.anaconda.org/conda-forge/osx-64/pluggy-0.13.1-py37hf985489_4.tar.bz2#c06bd6917e033778e6c2f1a66dd7e159
https://conda.anaconda.org/conda-forge/noarch/pygments-2.8.1-pyhd8ed1ab_0.tar.bz2#196e0cff141677f430fc06eb0d0ad94d
https://conda.anaconda.org/conda-forge/noarch/pyopenssl-20.0.1-pyhd8ed1ab_0.tar.bz2#92371c25994d0f5d28a01c1fb75ebf86
https://conda.anaconda.org/conda-forge/osx-64/pytorch-cpu-1.8.0-cpu_py37he781eb1_0.tar.bz2#32f57372ee0e5d2fba8d688eae62e7eb
https://conda.anaconda.org/conda-forge/noarch/stopit-1.1.2-py_0.tar.bz2#a07ae164291cd456aa3012f44654a950
https://conda.anaconda.org/conda-forge/noarch/tifffile-2021.3.17-pyhd8ed1ab_0.tar.bz2#9cfba5e3844f16a1e270fb65f3207b17
https://conda.anaconda.org/conda-forge/noarch/xarray-0.17.0-pyhd8ed1ab_0.tar.bz2#972b41b5afded8acbfed8ea18d016765
https://conda.anaconda.org/conda-forge/osx-64/bokeh-2.3.0-py37hf985489_0.tar.bz2#ff5c49aedce3abfe763106abac8fcd8c
https://conda.anaconda.org/conda-forge/noarch/importnb-0.7.0-pyhd8ed1ab_0.tar.bz2#73d3885a2fc883f4d19bc7b70baa37d2
https://conda.anaconda.org/conda-forge/noarch/jupyterlab_pygments-0.1.2-pyh9f0ad1d_0.tar.bz2#2cbd910890bb328e8959246a1e16fac7
https://conda.anaconda.org/conda-forge/noarch/nbformat-5.1.2-pyhd8ed1ab_1.tar.bz2#9633dbb668ac1f9266427672816899dc
https://conda.anaconda.org/conda-forge/osx-64/pylint-2.7.2-py37hf985489_0.tar.bz2#f81d886a39df57ad59853a1c76edb8df
https://conda.anaconda.org/conda-forge/osx-64/pytest-6.2.2-py37hf985489_0.tar.bz2#bb8fd77c28bf999b9003cbdc89660007
https://conda.anaconda.org/conda-forge/noarch/readme_renderer-27.0-pyh9f0ad1d_0.tar.bz2#38446dff7f69efd3fab98ab4dc68c0c8
https://conda.anaconda.org/conda-forge/osx-64/scikit-learn-0.24.1-py37hbcf18d0_0.tar.bz2#12bd334618ca85f59af8b496c8d0a703
https://conda.anaconda.org/conda-forge/noarch/urllib3-1.26.4-pyhd8ed1ab_0.tar.bz2#d7b20b328e23d993994ea02077c009c0
https://conda.anaconda.org/conda-forge/noarch/wcwidth-0.2.5-pyh9f0ad1d_2.tar.bz2#5266fcd697043c59621fda522b3d78ee
https://conda.anaconda.org/conda-forge/noarch/dask-2021.3.1-pyhd8ed1ab_0.tar.bz2#93e32203d35c5cb2427dec54184d1531
https://conda.anaconda.org/conda-forge/noarch/nbclient-0.5.3-pyhd8ed1ab_0.tar.bz2#67f12831640fde52fe9be1bbc6b699e7
https://conda.anaconda.org/conda-forge/noarch/prompt-toolkit-3.0.18-pyha770c72_0.tar.bz2#aa44d0f71016061e83df1126764acdb7
https://conda.anaconda.org/conda-forge/osx-64/py-xgboost-1.3.3-py37hf985489_2.tar.bz2#c4bfc22e0bc3ebd03560988e2b1858ed
https://conda.anaconda.org/conda-forge/noarch/pynndescent-0.5.2-pyh44b312d_0.tar.bz2#0fea19c5056b8c6bba8c21853ad730cb
https://conda.anaconda.org/conda-forge/noarch/pytest-cov-2.11.1-pyh44b312d_0.tar.bz2#67e256d6c8a3082d3f29f8cefce17bbf
https://conda.anaconda.org/conda-forge/noarch/pytest-forked-1.3.0-pyhd3deb0d_0.tar.bz2#2d103cf417c949e689278a5836c452cb
https://conda.anaconda.org/conda-forge/noarch/requests-2.25.1-pyhd3deb0d_0.tar.bz2#ae687aba31a1c400192a86a2e993ffdc
https://conda.anaconda.org/conda-forge/noarch/scikit-mdr-0.4.4-py_1.tar.bz2#9ce428157b9f31e2d1f4e48b93556159
https://conda.anaconda.org/conda-forge/osx-64/selenium-3.141.0-py37hf967b71_1002.tar.bz2#38eada8940109fe4fffbef455d1835c3
https://conda.anaconda.org/conda-forge/noarch/skrebate-0.62-pyhd8ed1ab_0.tar.bz2#f2c4a41751d629c6c7fcaa5128f42330
https://conda.anaconda.org/conda-forge/noarch/yellowbrick-1.2-pyh9f0ad1d_0.tar.bz2#3eef320f403216b68eba3a6424f96b9c
https://conda.anaconda.org/conda-forge/noarch/codecov-2.1.11-pyhd3deb0d_0.tar.bz2#9c661c2c14b4667827218402e6624ad5
https://conda.anaconda.org/conda-forge/noarch/dask-glm-0.2.0-py_1.tar.bz2#7c9c5295a0499bf56bbf084578618af5
https://conda.anaconda.org/conda-forge/osx-64/ipython-7.22.0-py37h85f7c60_0.tar.bz2#720e1f3eadc75029db7e165c1bf1a828
https://conda.anaconda.org/conda-forge/osx-64/nbconvert-6.0.7-py37hf985489_3.tar.bz2#cbf915c9d112392238f5ecc98555e132
https://conda.anaconda.org/conda-forge/noarch/pooch-1.3.0-pyhd8ed1ab_0.tar.bz2#7041d42601fe3de878565ca84c952237
https://conda.anaconda.org/conda-forge/noarch/pyct-0.4.6-py_0.tar.bz2#42d91c89bc3993ec88681cffd3c0e326
https://conda.anaconda.org/conda-forge/noarch/pyld-2.0.3-pyh9f0ad1d_0.tar.bz2#41ef210f5d38914f7c349f3698befe15
https://conda.anaconda.org/conda-forge/noarch/pytest-xdist-2.2.1-pyhd8ed1ab_0.tar.bz2#340e7715aee434d2464a97e91ead6cca
https://conda.anaconda.org/conda-forge/noarch/requests-toolbelt-0.9.1-py_0.tar.bz2#402668adee8fcba9a9c265cdc2a88f5a
https://conda.anaconda.org/conda-forge/noarch/robotframework-seleniumlibrary-5.1.3-pyhd8ed1ab_0.tar.bz2#464fdfebe1a1ffb41b031d8bbfb6041f
https://conda.anaconda.org/conda-forge/osx-64/umap-learn-0.5.1-py37hf985489_0.tar.bz2#915805ac64d953605480364edcaa92ca
https://conda.anaconda.org/conda-forge/noarch/update_checker-0.18.0-pyh9f0ad1d_0.tar.bz2#a8dff3f315bd2ffe9f5ac2ff0501b2ac
https://conda.anaconda.org/conda-forge/noarch/colorcet-2.0.6-pyhd8ed1ab_0.tar.bz2#bdf0d14cb996a18a3df88ddac83e11f9
https://conda.anaconda.org/conda-forge/noarch/dask-ml-1.8.0-pyhd8ed1ab_0.tar.bz2#783300654e4b9209fc12263523e0381a
https://conda.anaconda.org/conda-forge/osx-64/ipykernel-5.5.3-py37h85f7c60_0.tar.bz2#aea43fb8ddf0e6fe6483b15df93eda2f
https://conda.anaconda.org/conda-forge/osx-64/jupyter_server-1.5.1-py37hf985489_0.tar.bz2#a339c090f073bd8becdcfd9e6abee917
https://conda.anaconda.org/conda-forge/noarch/panel-0.11.1-pyhd8ed1ab_0.tar.bz2#b6a1cd2ca5dd0e7511668d26576cf49f
https://conda.anaconda.org/conda-forge/osx-64/scikit-image-0.18.1-py37h010c265_0.tar.bz2#8e3094a35b193365363c5ed45e30001d
https://conda.anaconda.org/conda-forge/noarch/tpot-0.11.7-pyhd8ed1ab_1.tar.bz2#04ce867aa860cb3b964644877a1f5a12
https://conda.anaconda.org/conda-forge/noarch/twine-3.4.1-pyhd8ed1ab_0.tar.bz2#c7d4ab21a13c919f9ae59eae7bcebf2a
https://conda.anaconda.org/conda-forge/noarch/datashader-0.12.1-pyh44b312d_0.tar.bz2#5ba3bf3bbdd9d0dc29abaef5456ff7ad
https://conda.anaconda.org/conda-forge/noarch/jupyter-server-proxy-3.0.2-pyhd8ed1ab_0.tar.bz2#1950c6645c9213a30545eee4d54cb495
https://conda.anaconda.org/conda-forge/noarch/jupyterlab_server-2.4.0-pyhd8ed1ab_0.tar.bz2#ad7648e33c04637ba640945340302741
https://conda.anaconda.org/conda-forge/noarch/nbval-0.9.6-pyh9f0ad1d_0.tar.bz2#b627e05284e7affc46b6e4878aa1d96b
https://conda.anaconda.org/conda-forge/osx-64/notebook-6.3.0-py37hf985489_0.tar.bz2#fad3f9e31f64c556d35954a5a01525ba
https://conda.anaconda.org/conda-forge/noarch/holoviews-1.14.2-pyhd8ed1ab_0.tar.bz2#58586aaed3d6e1313796a3feda90ac34
https://conda.anaconda.org/conda-forge/noarch/nbclassic-0.2.6-pyhd8ed1ab_0.tar.bz2#49be35e31b49012ea91fcd667ebdf4ad
https://conda.anaconda.org/conda-forge/osx-64/widgetsnbextension-3.5.1-py37hf985489_4.tar.bz2#6d710b69d390deed8dbf74c8b60e3f09
https://conda.anaconda.org/conda-forge/noarch/hvplot-0.7.1-pyh44b312d_0.tar.bz2#440851c33f336e5a6eb107120946869a
https://conda.anaconda.org/conda-forge/noarch/ipywidgets-7.6.3-pyhd3deb0d_0.tar.bz2#536a9ed6d9e740f2b83d1a3c388e4388
https://conda.anaconda.org/conda-forge/noarch/jupyterlab-3.0.12-pyhd8ed1ab_0.tar.bz2#c7b44de486df3a14ed47f09849d6bb05
https://conda.anaconda.org/conda-forge/noarch/bqplot-0.12.23-pyhd8ed1ab_0.tar.bz2#ea968a2af6750bc0a4951110399048ca
https://conda.anaconda.org/conda-forge/noarch/dask-labextension-5.0.1-pyhd8ed1ab_1.tar.bz2#08196a3509bb10869c2ae06b198ea477
https://conda.anaconda.org/conda-forge/noarch/ipycytoscape-1.2.0-pyhd8ed1ab_0.tar.bz2#2246dd9d1101ac92688e7d942fd86ed4
https://conda.anaconda.org/conda-forge/noarch/ipyelk-1.0.0-pyhd8ed1ab_0.tar.bz2#d75fed3e3e35ef7a2061c7c69fe98aa3
https://conda.anaconda.org/conda-forge/noarch/ipylab-0.4.1-pyhd8ed1ab_0.tar.bz2#c48a8785da83bbddfc2e5e9173a656a1
https://conda.anaconda.org/conda-forge/noarch/ipympl-0.7.0-pyhd8ed1ab_0.tar.bz2#2ab6d9f0d8943fb66694748bbfae959b
