# platform: osx-64
# env_hash: 83492baa9fb89a49b02054d9b87f4a8a59809aa8e76000dd9556f7e415096b8b
@EXPLICIT
https://conda.anaconda.org/conda-forge/osx-64/_py-xgboost-mutex-2.0-cpu_0.tar.bz2#96dd44c2471a638fb9cdc40aa2573d1b
https://conda.anaconda.org/conda-forge/osx-64/bzip2-1.0.8-hc929b4f_4.tar.bz2#521b82c700a64bac7d8da27539422e91
https://conda.anaconda.org/conda-forge/osx-64/c-ares-1.17.1-hc929b4f_0.tar.bz2#24fc0b91a6eacc6753fef90514d67ce9
https://conda.anaconda.org/conda-forge/osx-64/ca-certificates-2020.12.5-h033912b_0.tar.bz2#4483d8ea13bd57b52e3539e741501a7d
https://conda.anaconda.org/conda-forge/osx-64/giflib-5.2.1-hbcb3906_2.tar.bz2#be8f747c37e4d7e346c133e641966750
https://conda.anaconda.org/conda-forge/osx-64/jpeg-9d-hbcb3906_0.tar.bz2#ff6fba028f282f94ceb10597d58a56e8
https://conda.anaconda.org/conda-forge/osx-64/jxrlib-1.1-h35c211d_2.tar.bz2#1c2379fd9d5d4ecb151231f6282e699d
https://conda.anaconda.org/conda-forge/osx-64/libcxx-11.0.0-h4c3b8ed_1.tar.bz2#6a22f1c899bcf110c39cd6d959a8555e
https://conda.anaconda.org/conda-forge/osx-64/libev-4.33-haf1e3a3_1.tar.bz2#79dc2be110b2a3d1e97ec21f691c50ad
https://conda.anaconda.org/conda-forge/osx-64/libiconv-1.16-haf1e3a3_0.tar.bz2#c5fab167412a52e491c8e11453ae016f
https://conda.anaconda.org/conda-forge/osx-64/libsodium-1.0.18-hbcb3906_1.tar.bz2#24632c09ed931af617fe6d5292919cab
https://conda.anaconda.org/conda-forge/osx-64/libwebp-base-1.1.0-hbcb3906_3.tar.bz2#ed1a1f1a709a44125a72e086c2aa405c
https://conda.anaconda.org/conda-forge/osx-64/llvm-openmp-11.0.0-h73239a0_1.tar.bz2#40126f3a0c6b2a0fba13214e6ff90ff9
https://conda.anaconda.org/conda-forge/osx-64/ncurses-6.2-h2e338ed_4.tar.bz2#9cef1910395d1543527583e73dba30f1
https://conda.anaconda.org/conda-forge/osx-64/pandoc-2.11.3.2-h35c211d_0.tar.bz2#735e1bcf17327496586e1a80f7afe2e1
https://conda.anaconda.org/conda-forge/osx-64/perl-5.32.0-hbcb3906_0.tar.bz2#886f787e1665e30934fe503eb717274c
https://conda.anaconda.org/conda-forge/osx-64/xz-5.2.5-haf1e3a3_1.tar.bz2#41116deb499e9bc58048c297d6403ce6
https://conda.anaconda.org/conda-forge/osx-64/yaml-0.2.5-haf1e3a3_0.tar.bz2#84c2fc186995c25a43e86ed708065572
https://conda.anaconda.org/conda-forge/osx-64/zlib-1.2.11-h7795811_1010.tar.bz2#7d39e47e16ed0107f37c7224d5b5be8b
https://conda.anaconda.org/conda-forge/osx-64/blosc-1.21.0-h046ec9c_0.tar.bz2#2475eabe99e30e5bf1a4570f0a228328
https://conda.anaconda.org/conda-forge/osx-64/brotli-1.0.9-h046ec9c_4.tar.bz2#f278d8e33a74fe98850d835a69be1a71
https://conda.anaconda.org/conda-forge/osx-64/charls-2.1.0-h046ec9c_2.tar.bz2#762233a7f5a0b3445348eec42f3eaf7f
https://conda.anaconda.org/conda-forge/osx-64/expat-2.2.9-hb1e8313_2.tar.bz2#5674668524163888bba8f8c04223c323
https://conda.anaconda.org/conda-forge/osx-64/firefox-78.6.0esr-h046ec9c_0.tar.bz2#a264b6ae21d1ccc3b15a6391abe60e3d
https://conda.anaconda.org/conda-forge/osx-64/geckodriver-0.28.0-h2e338ed_0.tar.bz2#4ad3d0ddaf4a6fd8dee051b1f8b2e2f5
https://conda.anaconda.org/conda-forge/osx-64/icu-68.1-h74dc148_0.tar.bz2#e4e7f8580abd1275ea2250fe606b66ac
https://conda.anaconda.org/conda-forge/osx-64/lerc-2.2.1-h046ec9c_0.tar.bz2#2b4abd282f644dc51225fa9b90218567
https://conda.anaconda.org/conda-forge/osx-64/libaec-1.0.4-h046ec9c_1.tar.bz2#b573eb14edcd87c201135eedc7057361
https://conda.anaconda.org/conda-forge/osx-64/libedit-3.1.20191231-h0678c8f_2.tar.bz2#6016a8a1d0e63cac3de2c352cd40208b
https://conda.anaconda.org/conda-forge/osx-64/libffi-3.3-h046ec9c_2.tar.bz2#c7a196accaf92d40985d5c9b4d14f9cb
https://conda.anaconda.org/conda-forge/osx-64/libgfortran5-9.3.0-h6c81a4c_15.tar.bz2#e616bc9a37686c22a3d3c07963d37423
https://conda.anaconda.org/conda-forge/osx-64/libllvm10-10.0.1-h009f743_3.tar.bz2#cc65eb0b26253d2789320bfd661852f9
https://conda.anaconda.org/conda-forge/osx-64/libpng-1.6.37-h7cec526_2.tar.bz2#9e52521faba2b53269672628d34e1513
https://conda.anaconda.org/conda-forge/osx-64/libxgboost-1.3.0-h046ec9c_1.tar.bz2#3677983a19a5243c82f496599e64118a
https://conda.anaconda.org/conda-forge/osx-64/libzopfli-1.0.3-h046ec9c_0.tar.bz2#55f3f5c9bccca18d33cb3a4bcfe002d7
https://conda.anaconda.org/conda-forge/osx-64/lz4-c-1.9.2-hb1e8313_3.tar.bz2#7737f6db9eb5e572d22b88b667d1f3f9
https://conda.anaconda.org/conda-forge/osx-64/mkl-2020.4-h08c4f10_301.tar.bz2#8268ec76043b696a63a08da0c402e1d7
https://conda.anaconda.org/conda-forge/osx-64/ninja-1.10.2-h9a9d8cb_0.tar.bz2#28fcab57523941b7b95293169e7797d2
https://conda.anaconda.org/conda-forge/osx-64/openssl-1.1.1i-h35c211d_0.tar.bz2#f26df9ccde4b41ff4d2b18c83c4d0fd3
https://conda.anaconda.org/conda-forge/osx-64/pcre-8.44-hb1e8313_0.tar.bz2#e1c1a939ae5ecd32f13db1f742b434e5
https://conda.anaconda.org/conda-forge/osx-64/readline-8.0-h0678c8f_2.tar.bz2#8f69d684fce8e73328995d7efb77816a
https://conda.anaconda.org/conda-forge/osx-64/snappy-1.1.8-hb1e8313_3.tar.bz2#73b65b3935375b56deb96f6794ed721e
https://conda.anaconda.org/conda-forge/osx-64/tbb-2020.2-h926bf3e_3.tar.bz2#1b647f95ea91a9e3bb42edb527e55263
https://conda.anaconda.org/conda-forge/osx-64/tk-8.6.10-h0419947_1.tar.bz2#9a79a432473acddd936ff8bab8b86145
https://conda.anaconda.org/conda-forge/osx-64/zeromq-4.3.3-h74dc148_3.tar.bz2#365c52e91cb00d96d15bef9eddf9f7f8
https://conda.anaconda.org/conda-forge/osx-64/zfp-0.5.5-h046ec9c_4.tar.bz2#c922f80fe4695b780d87ef69c12b002c
https://conda.anaconda.org/conda-forge/osx-64/brunsli-0.1-h046ec9c_0.tar.bz2#28d47920c95b85499c9a61994cc49b87
https://conda.anaconda.org/conda-forge/osx-64/freetype-2.10.4-h3f75d11_0.tar.bz2#84d0ef8511d5754eab4e6af79fb5d5b3
https://conda.anaconda.org/conda-forge/osx-64/gettext-0.19.8.1-h7937167_1005.tar.bz2#52fd84c5cc5d61a6e05885f44d033efa
https://conda.anaconda.org/conda-forge/osx-64/krb5-1.17.2-h60d9502_0.tar.bz2#abf2add2a1ade1920b25a8f3327a1aa0
https://conda.anaconda.org/conda-forge/osx-64/libblas-3.9.0-7_mkl.tar.bz2#fbc6e62f458182d79035f965e9cc85fe
https://conda.anaconda.org/conda-forge/osx-64/libgfortran-5.0.0-h6c81a4c_15.tar.bz2#33f0c91d239007d403941d7349845c63
https://conda.anaconda.org/conda-forge/osx-64/libnghttp2-1.41.0-h7580e61_2.tar.bz2#1731a2e73e2d68d455a1b8b8de0265dc
https://conda.anaconda.org/conda-forge/osx-64/libssh2-1.9.0-h8a08a2b_5.tar.bz2#2e0e86262d3c9a11230ab55fc0468e49
https://conda.anaconda.org/conda-forge/osx-64/libxml2-2.9.10-h802ca4f_3.tar.bz2#42435730cf54092342e0c3eb571b511b
https://conda.anaconda.org/conda-forge/osx-64/sqlite-3.34.0-h17101e1_0.tar.bz2#9e9694f119bb1a2362a0cc0249651835
https://conda.anaconda.org/conda-forge/osx-64/zstd-1.4.8-h62961b2_0.tar.bz2#2ef5438c37326ab7ff80946f999c152a
https://conda.anaconda.org/conda-forge/osx-64/fossil-2.13-hfebd629_0.tar.bz2#844a46cc318449f461074186d9e43894
https://conda.anaconda.org/conda-forge/osx-64/libcblas-3.9.0-7_mkl.tar.bz2#a14c5baccfce3140ce2dea22fe168934
https://conda.anaconda.org/conda-forge/osx-64/libcurl-7.71.1-h9bf37e3_8.tar.bz2#1a136204085b4c620fe2ed74fb1112bf
https://conda.anaconda.org/conda-forge/osx-64/liblapack-3.9.0-7_mkl.tar.bz2#50d733a4d019a71e59253d2c9cecc7ec
https://conda.anaconda.org/conda-forge/osx-64/libtiff-4.2.0-h355d032_0.tar.bz2#ad3cbf0f77b9f89df082eef584d9009a
https://conda.anaconda.org/conda-forge/osx-64/libxslt-1.1.33-h5739fc3_2.tar.bz2#14333dae9eef1116162a1bb6119d3537
https://conda.anaconda.org/conda-forge/osx-64/python-3.6.12-h6c3b2c9_0_cpython.tar.bz2#fe648e96b9f667eacda192e4ff5c6e6c
https://conda.anaconda.org/conda-forge/noarch/apipkg-1.5-py_0.tar.bz2#4e79696efff4eae6cbcbeddbb5bbb5ee
https://conda.anaconda.org/conda-forge/noarch/appdirs-1.4.4-pyh9f0ad1d_0.tar.bz2#5f095bc6454094e96f146491fd03633b
https://conda.anaconda.org/conda-forge/noarch/async-timeout-3.0.1-py_1000.tar.bz2#8b11024b2762a07aaa07d2743231a41b
https://conda.anaconda.org/conda-forge/noarch/async_generator-1.10-py_0.tar.bz2#d56c596e61b1c4952acf0a9920856c12
https://conda.anaconda.org/conda-forge/noarch/attrs-20.3.0-pyhd3deb0d_0.tar.bz2#5b319abb055eefcfa344bc21378ca23f
https://conda.anaconda.org/conda-forge/noarch/backcall-0.2.0-pyh9f0ad1d_0.tar.bz2#6006a6d08a3fa99268a2681c7fb55213
https://conda.anaconda.org/conda-forge/noarch/backports-1.0-py_2.tar.bz2#0da16b293affa6ac31812376f8eb79dd
https://conda.anaconda.org/conda-forge/noarch/cachetools-4.1.1-py_0.tar.bz2#d424f5ac67137e79906ba5cc63354876
https://conda.anaconda.org/conda-forge/noarch/click-7.1.2-pyh9f0ad1d_0.tar.bz2#bd50a970ce07e660c319fdc4d730d3f1
https://conda.anaconda.org/conda-forge/noarch/cloudpickle-1.6.0-py_0.tar.bz2#76d764d8881719e305f6fa368dc2b65e
https://conda.anaconda.org/conda-forge/noarch/colorama-0.4.4-pyh9f0ad1d_0.tar.bz2#c08b4c1326b880ed44f3ffb04803332f
https://conda.anaconda.org/conda-forge/osx-64/curl-7.71.1-hcb81553_8.tar.bz2#82d166def6b920c17688f9ec0d766908
https://conda.anaconda.org/conda-forge/noarch/dataclasses-0.7-pyhe4b4509_6.tar.bz2#e592a6fba1b6f333ee5e22ab67c4d167
https://conda.anaconda.org/conda-forge/noarch/decorator-4.4.2-py_0.tar.bz2#d2eabb9cabd212e1ec6a9463bd846243
https://conda.anaconda.org/conda-forge/noarch/defusedxml-0.6.0-py_0.tar.bz2#37e1033daee0e2edaa5ff42584c52b21
https://conda.anaconda.org/conda-forge/noarch/entrypoints-0.3-pyhd8ed1ab_1003.tar.bz2#bbf9a201f6ce99a506f4955374d9a9f4
https://conda.anaconda.org/conda-forge/noarch/frozendict-1.2-pyh9f0ad1d_3.tar.bz2#6916a506e34f8f17382f5abf3e6368bb
https://conda.anaconda.org/conda-forge/noarch/fsspec-0.8.5-pyhd8ed1ab_0.tar.bz2#6f86dae0901b373f96b7e92768ef6ebe
https://conda.anaconda.org/conda-forge/noarch/heapdict-1.0.1-py_0.tar.bz2#77242bfb1e74a627fb06319b5a2d3b95
https://conda.anaconda.org/conda-forge/noarch/idna-2.10-pyh9f0ad1d_0.tar.bz2#f95a12b4f435aae6680fe55ae2eb1b06
https://conda.anaconda.org/conda-forge/noarch/iniconfig-1.1.1-pyh9f0ad1d_0.tar.bz2#39161f81cc5e5ca45b8226fbb06c6905
https://conda.anaconda.org/conda-forge/noarch/ipython_genutils-0.2.0-py_1.tar.bz2#5071c982548b3a20caf70462f04f5287
https://conda.anaconda.org/conda-forge/noarch/json-e-4.3.0-pyh9f0ad1d_0.tar.bz2#1b6ff3680746298b843f79039b63d219
https://conda.anaconda.org/conda-forge/noarch/json5-0.9.5-pyh9f0ad1d_0.tar.bz2#10759827a94e6b14996e81fb002c0bda
https://conda.anaconda.org/conda-forge/noarch/jsonpointer-2.0-py_0.tar.bz2#07d85c22a3beb102a48cd123df84c2a6
https://conda.anaconda.org/conda-forge/noarch/jupyterlab_widgets-1.0.0-pyhd8ed1ab_1.tar.bz2#f8da92114c8fbe1d951b0efaf54dd14b
https://conda.anaconda.org/conda-forge/osx-64/lcms2-2.11-h11f7e16_1.tar.bz2#e51153c3a4a2455f2466ef4e5496c34d
https://conda.anaconda.org/conda-forge/noarch/lime-0.2.0.1-pyh9f0ad1d_0.tar.bz2#b66e5cbd62ab93000794d7bb9cb985b5
https://conda.anaconda.org/conda-forge/noarch/locket-0.2.0-py_2.tar.bz2#709e8671651c7ec3d1ad07800339ff1d
https://conda.anaconda.org/conda-forge/noarch/mccabe-0.6.1-py_1.tar.bz2#a326cb400c1ccd91789f3e7d02124d61
https://conda.anaconda.org/conda-forge/noarch/more-itertools-8.6.0-pyhd8ed1ab_0.tar.bz2#980af7a97980ad4cc867b3c1fad782e7
https://conda.anaconda.org/conda-forge/noarch/nest-asyncio-1.4.3-pyhd8ed1ab_0.tar.bz2#a1f2fda4d88c624810bf2029aa4c0827
https://conda.anaconda.org/conda-forge/noarch/olefile-0.46-pyh9f0ad1d_1.tar.bz2#0b2e68acc8c78c8cc392b90983481f58
https://conda.anaconda.org/conda-forge/osx-64/openjpeg-2.3.1-h6cbf5cd_3.tar.bz2#565259b01302fdef6daaf52042300ad6
https://conda.anaconda.org/conda-forge/noarch/pandocfilters-1.4.2-py_1.tar.bz2#ba6f4a308f1ea22abe1d72e72544af76
https://conda.anaconda.org/conda-forge/noarch/parso-0.7.1-pyh9f0ad1d_0.tar.bz2#f66647d1ec805566d72ac26f62b19c01
https://conda.anaconda.org/conda-forge/noarch/pathspec-0.8.1-pyhd3deb0d_0.tar.bz2#fcd2fbb062b55d14a77e664c89ee17a6
https://conda.anaconda.org/conda-forge/noarch/pickleshare-0.7.5-py_1003.tar.bz2#415f0ebb6198cc2801c73438a9fb5761
https://conda.anaconda.org/conda-forge/noarch/pkginfo-1.6.1-pyh9f0ad1d_0.tar.bz2#9624126b9ae8f1004c137b111a817281
https://conda.anaconda.org/conda-forge/noarch/prometheus_client-0.9.0-pyhd3deb0d_0.tar.bz2#c7af95daf5bae22ead34151e0ab9d041
https://conda.anaconda.org/conda-forge/noarch/ptyprocess-0.7.0-pyhd3deb0d_0.tar.bz2#359eeb6536da0e687af562ed265ec263
https://conda.anaconda.org/conda-forge/noarch/py-1.10.0-pyhd3deb0d_0.tar.bz2#88ca1328ecc79a070214aa24911bace8
https://conda.anaconda.org/conda-forge/noarch/pycodestyle-2.6.0-pyh9f0ad1d_0.tar.bz2#a08d6f5a610c7194da158add79f2b018
https://conda.anaconda.org/conda-forge/noarch/pycparser-2.20-pyh9f0ad1d_2.tar.bz2#aa798d50ffd182a0f6f31478c7f434f6
https://conda.anaconda.org/conda-forge/noarch/pyflakes-2.2.0-pyh9f0ad1d_0.tar.bz2#b13f3395d2eb4a2705629127a8a8cfaa
https://conda.anaconda.org/conda-forge/noarch/pyparsing-2.4.7-pyh9f0ad1d_0.tar.bz2#626c4f20d5bf06dcec9cf2eaa31725c7
https://conda.anaconda.org/conda-forge/osx-64/python_abi-3.6-1_cp36m.tar.bz2#b5288c464326cc7a5827251344e5098f
https://conda.anaconda.org/conda-forge/noarch/pytz-2020.5-pyhd8ed1ab_0.tar.bz2#9dbafab7fbbc1ef46a60858fb6320d8a
https://conda.anaconda.org/conda-forge/noarch/rfc3986-1.4.0-pyh9f0ad1d_0.tar.bz2#4dd11e722e5a29afc55e5d7f15782130
https://conda.anaconda.org/conda-forge/noarch/robotframework-3.2.2-pyh9f0ad1d_0.tar.bz2#1faf44d9a76019b0a3da4d02dead93ec
https://conda.anaconda.org/conda-forge/noarch/send2trash-1.5.0-py_0.tar.bz2#c3779037a635e1150f1c53c28b875949
https://conda.anaconda.org/conda-forge/noarch/simpervisor-0.4-pyhd8ed1ab_0.tar.bz2#12b5f0d11cc26bf386bd9a2f99099648
https://conda.anaconda.org/conda-forge/noarch/six-1.15.0-pyh9f0ad1d_0.tar.bz2#1eec421f0f1f39e579e44e4a5ce646a2
https://conda.anaconda.org/conda-forge/noarch/smmap-3.0.4-pyh9f0ad1d_0.tar.bz2#102f29e2015d9311c86996a20ce866ae
https://conda.anaconda.org/conda-forge/noarch/sortedcontainers-2.3.0-pyhd8ed1ab_0.tar.bz2#2f5b87cd0bdf1822b62e40909f471db4
https://conda.anaconda.org/conda-forge/noarch/soupsieve-2.0.1-py_1.tar.bz2#aa1db70848c19bace567ba39a157f508
https://conda.anaconda.org/conda-forge/noarch/tblib-1.6.0-py_0.tar.bz2#0e1562c39e804e0d7df8650626379caa
https://conda.anaconda.org/conda-forge/noarch/testpath-0.4.4-py_0.tar.bz2#3b98fff4d5342bebde2ecaa314f796f9
https://conda.anaconda.org/conda-forge/noarch/threadpoolctl-2.1.0-pyh5ca1d4c_0.tar.bz2#9eb32b63458380aa3804de519b6e5749
https://conda.anaconda.org/conda-forge/noarch/toml-0.10.2-pyhd8ed1ab_0.tar.bz2#f832c45a477c78bebd107098db465095
https://conda.anaconda.org/conda-forge/noarch/toolz-0.11.1-py_0.tar.bz2#d1e66b58cb00b3817ad9f05eec098c00
https://conda.anaconda.org/conda-forge/noarch/tqdm-4.56.0-pyhd8ed1ab_0.tar.bz2#63018cb9f2c144516a081028651ed4ed
https://conda.anaconda.org/conda-forge/noarch/typing_extensions-3.7.4.3-py_0.tar.bz2#12b96e382730541a4b332420227055ae
https://conda.anaconda.org/conda-forge/noarch/watchgod-0.6-py_0.tar.bz2#4499434e6002bd82fdd50a76ea2c7b2c
https://conda.anaconda.org/conda-forge/noarch/webencodings-0.5.1-py_1.tar.bz2#3563be4c5611a44210d9ba0c16113136
https://conda.anaconda.org/conda-forge/noarch/wheel-0.36.2-pyhd3deb0d_0.tar.bz2#768bfbe026426d0e76b377997d1f2b98
https://conda.anaconda.org/conda-forge/noarch/zipp-3.4.0-py_0.tar.bz2#0df927d2e46244cef8fd75d7ec2ba51c
https://conda.anaconda.org/conda-forge/osx-64/appnope-0.1.2-py36h79c6626_1.tar.bz2#0a48851f74d57e76cd8048ff48667cc7
https://conda.anaconda.org/conda-forge/noarch/babel-2.9.0-pyhd3deb0d_0.tar.bz2#1cb532c9a6fd4e56a9f0906b87c17b76
https://conda.anaconda.org/conda-forge/noarch/beautifulsoup4-4.9.3-pyhb0f4dca_0.tar.bz2#d243a293d7303ab6195d96ce8c16b1cb
https://conda.anaconda.org/conda-forge/osx-64/certifi-2020.12.5-py36h79c6626_1.tar.bz2#be73dcfa031097e831334929c9a510fc
https://conda.anaconda.org/conda-forge/osx-64/cffi-1.14.4-py36hfe0777f_1.tar.bz2#292b90dba767fca5e0f516252d7e45d6
https://conda.anaconda.org/conda-forge/osx-64/chardet-3.0.4-py36h2432673_1008.tar.bz2#4395c85b8e58aa02c5a2bb291b91c3f0
https://conda.anaconda.org/conda-forge/osx-64/coverage-5.3.1-py36h20b66c6_1.tar.bz2#4879f5d966f4aba6cc1131568bc595f6
https://conda.anaconda.org/conda-forge/noarch/cycler-0.10.0-py_2.tar.bz2#f6d7c7e6d8f42cbbec7e07a8d879f91c
https://conda.anaconda.org/conda-forge/osx-64/cytoolz-0.11.0-py36h7b4949f_1.tar.bz2#50b1cfa07fdd6212749f57c974cd5fc3
https://conda.anaconda.org/conda-forge/osx-64/docutils-0.16-py36h79c6626_3.tar.bz2#603b6a69870cc4bf4ab1323d3312042a
https://conda.anaconda.org/conda-forge/noarch/execnet-1.7.1-py_0.tar.bz2#b68d9d4464296840b68761d21487172a
https://conda.anaconda.org/conda-forge/osx-64/future-0.18.2-py36h79c6626_3.tar.bz2#083abc3aecb26f784227646ee88a5d6e
https://conda.anaconda.org/conda-forge/osx-64/git-2.30.0-pl5320hd05cdc2_0.tar.bz2#9d0c3f6a37b742d0dbc7535847d30b13
https://conda.anaconda.org/conda-forge/noarch/gitdb-4.0.5-py_0.tar.bz2#94c135f9db6e89c6a848d3f7ae2cc66b
https://conda.anaconda.org/conda-forge/osx-64/idna_ssl-1.1.0-py36h9f0ad1d_1001.tar.bz2#537591a3652d394113357b95855752a0
https://conda.anaconda.org/conda-forge/osx-64/immutables-0.14-py36h20b66c6_1.tar.bz2#405d9c00ec64e46525b91b692afdda4c
https://conda.anaconda.org/conda-forge/osx-64/importlib-metadata-3.4.0-py36h79c6626_0.tar.bz2#029ce93aba6ed4dff47996ed3092b016
https://conda.anaconda.org/conda-forge/osx-64/jedi-0.17.2-py36h79c6626_1.tar.bz2#ffcf622b1afd6c66880e7c984d8c91a9
https://conda.anaconda.org/conda-forge/osx-64/kiwisolver-1.3.1-py36h615c93b_1.tar.bz2#9b4a9f69dd30480b3e9851422cad485f
https://conda.anaconda.org/conda-forge/osx-64/lazy-object-proxy-1.4.3-py36h9de38fb_2.tar.bz2#6a3ac101344bcded51c20e2baba500c0
https://conda.anaconda.org/conda-forge/osx-64/llvmlite-0.35.0-py36hf7e63e9_1.tar.bz2#07c2d9f144753ede77d0857a773b1f19
https://conda.anaconda.org/conda-forge/osx-64/lxml-4.6.2-py36ha579a0c_1.tar.bz2#38d169d176ba02ed43c212f089714fee
https://conda.anaconda.org/conda-forge/osx-64/macfsevents-0.8.1-py36h9de38fb_1001.tar.bz2#5fb1a2501d6c5ed6ea863d58f4795560
https://conda.anaconda.org/conda-forge/osx-64/markupsafe-1.1.1-py36h20b66c6_3.tar.bz2#909cb4bd3736e03d9813f124f86a76f1
https://conda.anaconda.org/conda-forge/osx-64/mistune-0.8.4-py36h20b66c6_1003.tar.bz2#8a8f14dd2e2e6a8a51010281a3df2fb8
https://conda.anaconda.org/conda-forge/osx-64/msgpack-python-1.0.2-py36h615c93b_1.tar.bz2#21b498568e6843211c11ac4863ac740a
https://conda.anaconda.org/conda-forge/osx-64/multidict-5.1.0-py36h20b66c6_1.tar.bz2#9abfcefe52eeba811246020dc1215510
https://conda.anaconda.org/conda-forge/noarch/multipledispatch-0.6.0-py_0.tar.bz2#1073dc92c8f247d94ac14dd79ca0bbec
https://conda.anaconda.org/conda-forge/osx-64/mypy_extensions-0.4.3-py36h79c6626_3.tar.bz2#19738508f85a27121a90b081563c8d8a
https://conda.anaconda.org/conda-forge/osx-64/numpy-1.19.5-py36h08dc641_1.tar.bz2#793ea847022ab4ae028abce86f077917
https://conda.anaconda.org/conda-forge/noarch/packaging-20.8-pyhd3deb0d_0.tar.bz2#1e483acb0f72b1611b50942458720169
https://conda.anaconda.org/conda-forge/noarch/partd-1.1.0-py_0.tar.bz2#4afbf2cdf4e6ad279080d3adb5cefaae
https://conda.anaconda.org/conda-forge/noarch/pexpect-4.8.0-pyh9f0ad1d_2.tar.bz2#5909e7b978141dd80d28dbf9de627827
https://conda.anaconda.org/conda-forge/osx-64/pillow-8.1.0-py36hc04f27d_1.tar.bz2#f9f15d9744e4ca964d5ef6f6786a895f
https://conda.anaconda.org/conda-forge/osx-64/psutil-5.8.0-py36h20b66c6_1.tar.bz2#45847c6c884e73e8798f8fa2e94b6a89
https://conda.anaconda.org/conda-forge/osx-64/pyrsistent-0.17.3-py36h20b66c6_2.tar.bz2#8d576cf8b49014c12a8ef330f1070fa5
https://conda.anaconda.org/conda-forge/osx-64/pysocks-1.7.1-py36h79c6626_3.tar.bz2#82c5d8e513559c97364e1c0e676cf83a
https://conda.anaconda.org/conda-forge/noarch/python-dateutil-2.8.1-py_0.tar.bz2#0d0150ed9c2d25817f5324108d3f7571
https://conda.anaconda.org/conda-forge/osx-64/pyyaml-5.3.1-py36h20b66c6_2.tar.bz2#2555695373e7c4932a7fc225a07e6660
https://conda.anaconda.org/conda-forge/osx-64/pyzmq-20.0.0-py36h6ad5393_1.tar.bz2#6e8debcf3f4a6d1788ecb3eca7fa122c
https://conda.anaconda.org/conda-forge/osx-64/regex-2020.11.13-py36h20b66c6_1.tar.bz2#336d6f0535d4dc57fc1b046c38a92547
https://conda.anaconda.org/conda-forge/noarch/robotframework-lint-1.1-pyh9f0ad1d_0.tar.bz2#c3fa280c4a10c06e83f23193ef4ea5cc
https://conda.anaconda.org/conda-forge/noarch/robotframework-pabot-1.10.1-pyhd8ed1ab_0.tar.bz2#ae21522f8d111b5568b30d5e264e6093
https://conda.anaconda.org/conda-forge/noarch/robotframework-pythonlibcore-2.2.0-pyhd8ed1ab_0.tar.bz2#29a329f0b817038d27d7bdfb2ca04b5a
https://conda.anaconda.org/conda-forge/osx-64/tornado-6.1-py36h20b66c6_1.tar.bz2#7a6618903f8837f2f852fe325f440042
https://conda.anaconda.org/conda-forge/osx-64/traitlets-4.3.3-py36h9f0ad1d_1.tar.bz2#465aceca33712aec20ea32a7d6bcdc05
https://conda.anaconda.org/conda-forge/osx-64/typed-ast-1.4.2-py36h20b66c6_0.tar.bz2#d4954cd0c1886f8cc5b4f58b13b1644a
https://conda.anaconda.org/conda-forge/noarch/typing-extensions-3.7.4.3-0.tar.bz2#36bdcdb4c2bf1efb987f2e9e80f4c9a6
https://conda.anaconda.org/conda-forge/osx-64/wrapt-1.11.2-py36h9de38fb_1.tar.bz2#73515004b92bc22fbd9b1fe871e59e5c
https://conda.anaconda.org/conda-forge/noarch/zict-2.0.0-py_0.tar.bz2#4750152be22f24d695b3004c5e1712d3
https://conda.anaconda.org/conda-forge/osx-64/argon2-cffi-20.1.0-py36h6941dd6_2.tar.bz2#ac7c035e6f6e6e899ce0fec518ea250b
https://conda.anaconda.org/conda-forge/noarch/black-20.8b1-py_1.tar.bz2#e555d6b71ec916c3dc4e6e3793cc9796
https://conda.anaconda.org/conda-forge/osx-64/brotlipy-0.7.0-py36ha3de816_1001.tar.bz2#c3a22d0ad984182a15fb4b5bc07429f6
https://conda.anaconda.org/conda-forge/noarch/bs4-4.9.3-0.tar.bz2#910cc4c9bd7a32f32c7f1fb388e1dd6e
https://conda.anaconda.org/conda-forge/osx-64/cmarkgfm-0.4.2-py36h9de38fb_3.tar.bz2#3bb7322f317b5ae329fdd003ac374b69
https://conda.anaconda.org/conda-forge/noarch/contextvars-2.4-py_0.tar.bz2#295fe9300971a6bd1dc4b18ad6509be2
https://conda.anaconda.org/conda-forge/osx-64/cryptography-3.3.1-py36hd858a44_1.tar.bz2#81296d1431521974bf855b0e103f9981
https://conda.anaconda.org/conda-forge/noarch/dask-core-2020.12.0-pyhd8ed1ab_0.tar.bz2#d8092d6899074d4303ec541eff2946d4
https://conda.anaconda.org/conda-forge/osx-64/deap-1.3.1-py36h72eec15_2.tar.bz2#6de1ffc7acb12a3a968fe19ec125448c
https://conda.anaconda.org/conda-forge/osx-64/doit-0.33.1-py36h9f0ad1d_1.tar.bz2#55c0ce8dabe59a8e741fd01b033c0d9b
https://conda.anaconda.org/conda-forge/noarch/gitpython-3.1.12-pyhd8ed1ab_0.tar.bz2#aa5f99bb5093ca53b133805192e04330
https://conda.anaconda.org/conda-forge/osx-64/imagecodecs-2020.5.30-py36h142d993_4.tar.bz2#372d6fea9660c73507e031cfe5f5b761
https://conda.anaconda.org/conda-forge/noarch/imageio-2.9.0-py_0.tar.bz2#62ad9e579278e777d4abaa8c9312b6a7
https://conda.anaconda.org/conda-forge/noarch/importlib_metadata-3.4.0-hd8ed1ab_0.tar.bz2#6d962cade0658bb1040a3e994add14e0
https://conda.anaconda.org/conda-forge/osx-64/jupyter_core-4.7.0-py36h79c6626_0.tar.bz2#343abeda1fc2020c9785ffeece197c6b
https://conda.anaconda.org/conda-forge/osx-64/pandas-1.1.5-py36h2be6da3_0.tar.bz2#26690db95c7d3a6785aa1c57a9be5a30
https://conda.anaconda.org/conda-forge/osx-64/pytorch-1.7.1-cpu_py36hbcfc12f_1.tar.bz2#0d39799abd1e5320e97f93c845dc6a81
https://conda.anaconda.org/conda-forge/osx-64/pywavelets-1.1.1-py36h809c706_3.tar.bz2#b66158de71ee1b80b0a9d3751ab6d539
https://conda.anaconda.org/conda-forge/osx-64/scipy-1.5.3-py36h04de62b_0.tar.bz2#e247c8d7ae7e222548c01ffe5896aeaa
https://conda.anaconda.org/conda-forge/osx-64/setuptools-49.6.0-py36h79c6626_3.tar.bz2#47c2e464861798d6ce4422f76ce3ea5f
https://conda.anaconda.org/conda-forge/osx-64/terminado-0.9.2-py36h79c6626_0.tar.bz2#2e70e88df2a56296839c55697693d6df
https://conda.anaconda.org/conda-forge/noarch/traittypes-0.2.1-pyh9f0ad1d_2.tar.bz2#7d32ccb5334a6822c28af3e864550618
https://conda.anaconda.org/conda-forge/osx-64/yarl-1.6.3-py36h20b66c6_1.tar.bz2#22743a230055f8e7fff4859593600648
https://conda.anaconda.org/conda-forge/osx-64/aiohttp-3.7.3-py36h20b66c6_1.tar.bz2#be2d740ec45c0a17ae2b356a148a6e90
https://conda.anaconda.org/conda-forge/osx-64/astroid-2.4.2-py36h9f0ad1d_1.tar.bz2#9c0ddafb02271921f7da121c1da869ab
https://conda.anaconda.org/conda-forge/noarch/backports.functools_lru_cache-1.6.1-py_0.tar.bz2#d36df15eaef96549ce6231e3088fba54
https://conda.anaconda.org/conda-forge/noarch/bleach-3.2.1-pyh9f0ad1d_0.tar.bz2#d4506316b85679972c0b78d4d1c0b701
https://conda.anaconda.org/conda-forge/osx-64/distributed-2020.12.0-py36h79c6626_0.tar.bz2#4e5d04b322224caf85ef75f253d34c4a
https://conda.anaconda.org/conda-forge/noarch/flake8-3.8.4-py_0.tar.bz2#138b1704321c115bd10e1966320ac790
https://conda.anaconda.org/conda-forge/osx-64/importlib_resources-5.0.0-py36h79c6626_0.tar.bz2#119dc7f52036b2829a1d5856af37f7c1
https://conda.anaconda.org/conda-forge/noarch/isort-5.7.0-pyhd8ed1ab_0.tar.bz2#073e46728e0d9a8722457cbf1c335c14
https://conda.anaconda.org/conda-forge/noarch/jinja2-2.11.2-pyh9f0ad1d_0.tar.bz2#e8a5d614d1a27bdba00059ca062a0551
https://conda.anaconda.org/conda-forge/noarch/joblib-1.0.0-pyhd8ed1ab_0.tar.bz2#2d9036ba47d26d88157c4eeab0693bfe
https://conda.anaconda.org/conda-forge/noarch/jsonschema-3.2.0-py_2.tar.bz2#a17aa962de6145d08e1008cb37c20161
https://conda.anaconda.org/conda-forge/noarch/jupyter_client-6.1.11-pyhd8ed1ab_1.tar.bz2#0fcd80df6d4e0558754c39453ffa3110
https://conda.anaconda.org/conda-forge/osx-64/keyring-21.8.0-py36h79c6626_0.tar.bz2#5c98b1efa8ea0fbf4b05a0235b3e53f4
https://conda.anaconda.org/conda-forge/osx-64/matplotlib-base-3.3.3-py36h50af36e_0.tar.bz2#76543a794e52734ba6328f613b649712
https://conda.anaconda.org/conda-forge/noarch/networkx-2.5-py_0.tar.bz2#d836ad8453c22192357707026ca21653
https://conda.anaconda.org/conda-forge/osx-64/numba-0.52.0-py36h2be6da3_0.tar.bz2#425b26ca4ec6901de7e223871f429a26
https://conda.anaconda.org/conda-forge/noarch/pip-20.3.3-pyhd8ed1ab_0.tar.bz2#c7e5c449e502567a995e4bd09c538faf
https://conda.anaconda.org/conda-forge/osx-64/pluggy-0.13.1-py36h79c6626_4.tar.bz2#ddab5fdb94e1349e994046b3aa761497
https://conda.anaconda.org/conda-forge/noarch/pygments-2.7.3-pyhd8ed1ab_0.tar.bz2#d963eb6df37d0a32fd2c12eeae3f5cf9
https://conda.anaconda.org/conda-forge/noarch/pyopenssl-20.0.1-pyhd8ed1ab_0.tar.bz2#92371c25994d0f5d28a01c1fb75ebf86
https://conda.anaconda.org/conda-forge/osx-64/pytorch-cpu-1.7.1-cpu_py36he781eb1_1.tar.bz2#b231a9e2b8c873cbfc826cfe9f70391e
https://conda.anaconda.org/conda-forge/osx-64/sniffio-1.2.0-py36h79c6626_1.tar.bz2#7ee6c3917df023fc76e81e2591eb232d
https://conda.anaconda.org/conda-forge/noarch/stopit-1.1.2-py_0.tar.bz2#a07ae164291cd456aa3012f44654a950
https://conda.anaconda.org/conda-forge/noarch/tifffile-2020.7.4-py_0.tar.bz2#24e837dbffe964b05ee25880295d47fa
https://conda.anaconda.org/conda-forge/osx-64/anyio-2.0.2-py36h79c6626_4.tar.bz2#f799076ef7463d9a5b65bbec09e47403
https://conda.anaconda.org/conda-forge/osx-64/bokeh-2.2.3-py36h79c6626_0.tar.bz2#63bd0ca18c943d98c29d0f948c8f569a
https://conda.anaconda.org/conda-forge/noarch/importnb-0.7.0-pyhd8ed1ab_0.tar.bz2#73d3885a2fc883f4d19bc7b70baa37d2
https://conda.anaconda.org/conda-forge/noarch/jupyterlab_pygments-0.1.2-pyh9f0ad1d_0.tar.bz2#2cbd910890bb328e8959246a1e16fac7
https://conda.anaconda.org/conda-forge/noarch/nbformat-5.0.8-py_0.tar.bz2#12aaf0d8795a5c375757b49a08e011a2
https://conda.anaconda.org/conda-forge/osx-64/pylint-2.6.0-py36h9f0ad1d_1.tar.bz2#7015ab091ac7f216fb1168ce76a6e1e3
https://conda.anaconda.org/conda-forge/osx-64/pytest-6.2.1-py36h79c6626_1.tar.bz2#84d1b1e84947d710053abedeb48cc85f
https://conda.anaconda.org/conda-forge/noarch/readme_renderer-27.0-pyh9f0ad1d_0.tar.bz2#38446dff7f69efd3fab98ab4dc68c0c8
https://conda.anaconda.org/conda-forge/osx-64/scikit-image-0.17.2-py36h2be6da3_4.tar.bz2#334becdaf6d23ba097bb329241babfb6
https://conda.anaconda.org/conda-forge/osx-64/scikit-learn-0.24.0-py36hed11f80_0.tar.bz2#06f313aed4d191567defe1107cbc3a22
https://conda.anaconda.org/conda-forge/noarch/urllib3-1.26.2-pyhd8ed1ab_0.tar.bz2#8bb930d172961c9ba9ffd6e10a64b844
https://conda.anaconda.org/conda-forge/noarch/wcwidth-0.2.5-pyh9f0ad1d_2.tar.bz2#5266fcd697043c59621fda522b3d78ee
https://conda.anaconda.org/conda-forge/noarch/dask-2020.12.0-pyhd8ed1ab_0.tar.bz2#b10d9c6984a9aebdbd26a311b3faf906
https://conda.anaconda.org/conda-forge/noarch/nbclient-0.5.1-py_0.tar.bz2#4efba375c50e6668cb5778e36d1f3a7e
https://conda.anaconda.org/conda-forge/noarch/prompt-toolkit-3.0.10-pyha770c72_0.tar.bz2#8f2f65a9eedc7b3a9c5ea6374c541453
https://conda.anaconda.org/conda-forge/osx-64/py-xgboost-1.3.0-py36h79c6626_1.tar.bz2#08501a238c131b136e5a14393e63bd3e
https://conda.anaconda.org/conda-forge/noarch/pynndescent-0.5.1-pyhd3deb0d_0.tar.bz2#f727bc4b55f5a7b48cec33be3a21b3ab
https://conda.anaconda.org/conda-forge/noarch/pytest-azurepipelines-0.8.0-py_0.tar.bz2#d5049e4c7e1d2c60619b9bf7d9587877
https://conda.anaconda.org/conda-forge/noarch/pytest-cov-2.10.1-pyh9f0ad1d_0.tar.bz2#0d83b4ea58595e9f685c51ba31f63116
https://conda.anaconda.org/conda-forge/noarch/pytest-forked-1.2.0-pyh9f0ad1d_0.tar.bz2#d4bc635ac7fd58559a6f1a1f78354818
https://conda.anaconda.org/conda-forge/noarch/requests-2.25.1-pyhd3deb0d_0.tar.bz2#ae687aba31a1c400192a86a2e993ffdc
https://conda.anaconda.org/conda-forge/noarch/scikit-mdr-0.4.4-py_1.tar.bz2#9ce428157b9f31e2d1f4e48b93556159
https://conda.anaconda.org/conda-forge/osx-64/selenium-3.141.0-py36h9de38fb_1002.tar.bz2#3f34632ea9d9dc52fbf35b43f81fe615
https://conda.anaconda.org/conda-forge/noarch/skrebate-0.61-pyh9f0ad1d_0.tar.bz2#a75047ba4c76ae7d75fb9b44f9b1a705
https://conda.anaconda.org/conda-forge/noarch/yellowbrick-1.2-pyh9f0ad1d_0.tar.bz2#3eef320f403216b68eba3a6424f96b9c
https://conda.anaconda.org/conda-forge/noarch/dask-glm-0.2.0-py_1.tar.bz2#7c9c5295a0499bf56bbf084578618af5
https://conda.anaconda.org/conda-forge/osx-64/ipython-7.16.1-py36h9cf137f_2.tar.bz2#e8fe9a5e5a41a0401463dc48ed95c906
https://conda.anaconda.org/conda-forge/osx-64/nbconvert-6.0.7-py36h79c6626_3.tar.bz2#64dd6243941cdcefd7e9cf1d9550f547
https://conda.anaconda.org/conda-forge/noarch/pyld-2.0.3-pyh9f0ad1d_0.tar.bz2#41ef210f5d38914f7c349f3698befe15
https://conda.anaconda.org/conda-forge/noarch/pytest-xdist-2.2.0-pyhd8ed1ab_0.tar.bz2#b4c969906732870a2e52208958730d6c
https://conda.anaconda.org/conda-forge/noarch/requests-toolbelt-0.9.1-py_0.tar.bz2#402668adee8fcba9a9c265cdc2a88f5a
https://conda.anaconda.org/conda-forge/noarch/robotframework-seleniumlibrary-4.5.0-pyh9f0ad1d_0.tar.bz2#032239f822b29aef45cc4579ae86d031
https://conda.anaconda.org/conda-forge/osx-64/umap-learn-0.5.0-py36h79c6626_0.tar.bz2#a83da5fa9ba9b787fc2a2238d24fb4b3
https://conda.anaconda.org/conda-forge/noarch/update_checker-0.18.0-pyh9f0ad1d_0.tar.bz2#a8dff3f315bd2ffe9f5ac2ff0501b2ac
https://conda.anaconda.org/conda-forge/noarch/dask-ml-1.7.0-py_0.tar.bz2#ffc9eea86e065cd464f6a141dda50127
https://conda.anaconda.org/conda-forge/osx-64/ipykernel-5.4.2-py36h9cf137f_0.tar.bz2#13efe2e3af22c104c6c2e87896b0e4d6
https://conda.anaconda.org/conda-forge/osx-64/jupyter_server-1.2.1-py36h79c6626_0.tar.bz2#6fe932454b705dc1d0afd7c937f7cd71
https://conda.anaconda.org/conda-forge/noarch/tpot-0.11.6.post3-pyhd3deb0d_0.tar.bz2#78120def91befbeeb56147675f2ef0df
https://conda.anaconda.org/conda-forge/osx-64/twine-3.3.0-py36h79c6626_0.tar.bz2#c235451abcfa183ab14f4aa85c387037
https://conda.anaconda.org/conda-forge/noarch/jupyterlab_server-2.1.1-pyhd8ed1ab_0.tar.bz2#79c47512aded0a513fe18af89608646c
https://conda.anaconda.org/conda-forge/osx-64/notebook-6.1.6-py36h79c6626_0.tar.bz2#a448a4ddfe9aebee9c25f863ced61e17
https://conda.anaconda.org/conda-forge/noarch/jupyter-server-proxy-1.5.3-pyhd8ed1ab_0.tar.bz2#0829562349b76ad1258919f3c345e0ba
https://conda.anaconda.org/conda-forge/noarch/nbclassic-0.2.6-pyhd8ed1ab_0.tar.bz2#49be35e31b49012ea91fcd667ebdf4ad
https://conda.anaconda.org/conda-forge/osx-64/widgetsnbextension-3.5.1-py36h79c6626_4.tar.bz2#4fd4c9e381f16caf01d9a5244eeea563
https://conda.anaconda.org/conda-forge/noarch/dask-labextension-4.0.1-pyhd8ed1ab_0.tar.bz2#db3edf649c44f12beedf58bf665dd03c
https://conda.anaconda.org/conda-forge/noarch/ipywidgets-7.6.3-pyhd3deb0d_0.tar.bz2#536a9ed6d9e740f2b83d1a3c388e4388
https://conda.anaconda.org/conda-forge/noarch/jupyterlab-3.0.3-pyhd8ed1ab_0.tar.bz2#8bf2ed6ca16d3fe1679523d8f543928f
https://conda.anaconda.org/conda-forge/noarch/ipympl-0.6.2-pyhd8ed1ab_0.tar.bz2#fd94fe44ff7117af3bdc4b98098f8111
